
Microsoft Visual Studio Solution File, Format Version 11.00
# Visual Studio 2010
Project("{FAE04EC0-301F-11D3-BF4B-00C04F79EFBC}") = "Infragistics.Themes.MetroTheme.SL", "Infragistics.Themes.MetroTheme.SL\Infragistics.Themes.MetroTheme.SL.csproj", "{3E4AB640-A05E-426E-A766-FE35F3C20C47}"
EndProject
Project("{FAE04EC0-301F-11D3-BF4B-00C04F79EFBC}") = "Infragistics.Themes.MetroTheme.WPF", "Infragistics.Themes.MetroTheme.WPF\Infragistics.Themes.MetroTheme.WPF.csproj", "{8B780D79-5CCB-44CB-BCF5-758C32B71AA0}"
EndProject
Global
	GlobalSection(TeamFoundationVersionControl) = preSolution
		SccNumberOfProjects = 3
		SccEnterpriseProvider = {4CA58AB2-18FA-4F8D-95D4-32DDF27D184C}
		SccTeamFoundationServer = http://tfs.infragistics.local:8080/tfs/engineering
		SccLocalPath0 = .
		SccProjectUniqueName1 = Infragistics.Themes.MetroTheme.SL\\Infragistics.Themes.MetroTheme.SL.csproj
		SccProjectName1 = Infragistics.Themes.MetroTheme.SL
		SccLocalPath1 = Infragistics.Themes.MetroTheme.SL
		SccProjectUniqueName2 = Infragistics.Themes.MetroTheme.WPF\\Infragistics.Themes.MetroTheme.WPF.csproj
		SccProjectName2 = Infragistics.Themes.MetroTheme.WPF
		SccLocalPath2 = Infragistics.Themes.MetroTheme.WPF
	EndGlobalSection
	GlobalSection(SolutionConfigurationPlatforms) = preSolution
		Debug|Any CPU = Debug|Any CPU
		Release|Any CPU = Release|Any CPU
	EndGlobalSection
	GlobalSection(ProjectConfigurationPlatforms) = postSolution
		{3E4AB640-A05E-426E-A766-FE35F3C20C47}.Debug|Any CPU.ActiveCfg = Debug|Any CPU
		{3E4AB640-A05E-426E-A766-FE35F3C20C47}.Debug|Any CPU.Build.0 = Debug|Any CPU
		{3E4AB640-A05E-426E-A766-FE35F3C20C47}.Release|Any CPU.ActiveCfg = Release|Any CPU
		{3E4AB640-A05E-426E-A766-FE35F3C20C47}.Release|Any CPU.Build.0 = Release|Any CPU
		{8B780D79-5CCB-44CB-BCF5-758C32B71AA0}.Debug|Any CPU.ActiveCfg = Debug|Any CPU
		{8B780D79-5CCB-44CB-BCF5-758C32B71AA0}.Debug|Any CPU.Build.0 = Debug|Any CPU
		{8B780D79-5CCB-44CB-BCF5-758C32B71AA0}.Release|Any CPU.ActiveCfg = Release|Any CPU
		{8B780D79-5CCB-44CB-BCF5-758C32B71AA0}.Release|Any CPU.Build.0 = Release|Any CPU
	EndGlobalSection
	GlobalSection(SolutionProperties) = preSolution
		HideSolutionNode = FALSE
	EndGlobalSection
EndGlobal
