
Microsoft Visual Studio Solution File, Format Version 12.00
# Visual Studio 14
VisualStudioVersion = 14.0.25420.1
MinimumVisualStudioVersion = 10.0.40219.1
Project("{FAE04EC0-301F-11D3-BF4B-00C04F79EFBC}") = "IGFinanceDashboard", "FinanceDashboard\IGFinanceDashboard\IGFinanceDashboard.csproj", "{46DFF7D8-39A7-4C55-8D8A-5350CC9B8854}"
EndProject
Project("{FAE04EC0-301F-11D3-BF4B-00C04F79EFBC}") = "IGAirplaneSeatingChart", "AirplaneSeatingChart\IGAirplaneSeatingChart\IGAirplaneSeatingChart.csproj", "{E9A91F44-660E-4236-8230-0CD9193D610B}"
EndProject
Project("{2150E333-8FDC-42A3-9474-1A3956D46DE8}") = "Core", "Core", "{136FE288-F4E4-4BCE-9870-EC5FCBFB97B8}"
EndProject
Project("{2150E333-8FDC-42A3-9474-1A3956D46DE8}") = "Apps", "Apps", "{18755F82-311E-4238-936D-9148820AA73E}"
EndProject
Project("{FAE04EC0-301F-11D3-BF4B-00C04F79EFBC}") = "IGExtensions.Framework", "IGExtensions\IGExtensions.Framework\IGExtensions.Framework.csproj", "{943E0997-EA40-4AF3-AB2A-E5C2BE7E64B4}"
EndProject
Project("{FAE04EC0-301F-11D3-BF4B-00C04F79EFBC}") = "IGExtensions.Common", "IGExtensions\IGExtensions.Common\IGExtensions.Common.csproj", "{5051F3AE-8458-4EDB-94A4-30EB6C7A69DD}"
EndProject
Project("{FAE04EC0-301F-11D3-BF4B-00C04F79EFBC}") = "IGExtensions.Common.Data", "IGExtensions\IGExtensions.Common.Data\IGExtensions.Common.Data.csproj", "{4813B4A8-4C0B-4A86-AEBC-0E32C74E1427}"
EndProject
Project("{FAE04EC0-301F-11D3-BF4B-00C04F79EFBC}") = "IGExtensions.Common.Services", "IGExtensions\IGExtensions.Common.Services\IGExtensions.Common.Services.csproj", "{563AF4CE-5F3A-45CA-956F-57329A9AA202}"
EndProject
Project("{FAE04EC0-301F-11D3-BF4B-00C04F79EFBC}") = "IGExtensions.Common.Maps", "IGExtensions\IGExtensions.Common.Maps\IGExtensions.Common.Maps.csproj", "{3971ADE8-0EED-40AB-9BA0-EBBABA1CC802}"
EndProject
Project("{FAE04EC0-301F-11D3-BF4B-00C04F79EFBC}") = "IGEarthQuake", "EarthQuake\IGEarthQuake\IGEarthQuake.csproj", "{7E496A65-4F8A-44F8-8916-DCE57453AFB3}"
EndProject
Project("{FAE04EC0-301F-11D3-BF4B-00C04F79EFBC}") = "IGEquityTrading", "EquityTrading\IGEquityTrading\IGEquityTrading.csproj", "{587FFCDA-E9FE-4B3B-9039-B3E7BDE0784B}"
EndProject
Project("{FAE04EC0-301F-11D3-BF4B-00C04F79EFBC}") = "IGGeographicMapBrowser", "GeographicMapBrowser\IGGeographicMapBrowser\IGGeographicMapBrowser.csproj", "{646D103C-1943-4DF9-8ABB-D8822571BD94}"
EndProject
Project("{FAE04EC0-301F-11D3-BF4B-00C04F79EFBC}") = "IGHospitalFloorPlan", "HospitalFloorPlan\IGHospitalFloorPlan\IGHospitalFloorPlan.csproj", "{552B8E58-6AB3-4D54-8214-061FCA50E117}"
EndProject
Project("{FAE04EC0-301F-11D3-BF4B-00C04F79EFBC}") = "IGMediaTimeline", "MediaTimeline\IGMediaTimeline\IGMediaTimeline.csproj", "{DD05DD3E-1291-4CBA-8F55-7F6F3B2C01C3}"
EndProject
Project("{FAE04EC0-301F-11D3-BF4B-00C04F79EFBC}") = "IgExcel.Services", "IGExcel\IGExcel\IgExcel.Services\IgExcel.Services.csproj", "{40F295EE-0CA1-43D8-A057-120161AF6BBB}"
EndProject
Project("{FAE04EC0-301F-11D3-BF4B-00C04F79EFBC}") = "IgExcel.Business", "IGExcel\IGExcel\IgExcel.Business\IgExcel.Business.csproj", "{3A79DDBD-F8A1-47CF-9FF9-15A8C9D81E0D}"
EndProject
Project("{FAE04EC0-301F-11D3-BF4B-00C04F79EFBC}") = "IgExcel.Infrastructure", "IGExcel\IGExcel\IgExcel.Infrastructure\IgExcel.Infrastructure.csproj", "{30B175DD-E230-4B82-9844-B611B7BE13DD}"
EndProject
Project("{FAE04EC0-301F-11D3-BF4B-00C04F79EFBC}") = "IgExcel", "IGExcel\IGExcel\IgExcel\IgExcel.csproj", "{60648FEE-E6B0-4AA5-AD98-78D6F68538A6}"
EndProject
Project("{2150E333-8FDC-42A3-9474-1A3956D46DE8}") = "Excel", "Excel", "{381419AD-8D78-4E67-B142-B4838D95697F}"
EndProject
Project("{2150E333-8FDC-42A3-9474-1A3956D46DE8}") = "Word", "Word", "{83548D00-1124-4765-9A3D-30C4B59BC165}"
EndProject
Project("{FAE04EC0-301F-11D3-BF4B-00C04F79EFBC}") = "IgWord.Services", "IGWord\IGWord\IgWord.Services\IgWord.Services.csproj", "{6E0F7958-3DE3-435E-B257-E5DACC58E15B}"
EndProject
Project("{FAE04EC0-301F-11D3-BF4B-00C04F79EFBC}") = "IgWord.Infrastructure", "IGWord\IGWord\IgWord.Infrastructure\IgWord.Infrastructure.csproj", "{C85FCBC2-A3CF-4806-AEAC-E810A4D70B56}"
EndProject
Project("{FAE04EC0-301F-11D3-BF4B-00C04F79EFBC}") = "IgWord.Business", "IGWord\IGWord\IgWord.Business\IgWord.Business.csproj", "{3102438D-0D00-4F73-B58B-0A0A16DB4266}"
EndProject
Project("{FAE04EC0-301F-11D3-BF4B-00C04F79EFBC}") = "IgWord", "IGWord\IGWord\IgWord\IgWord.csproj", "{6532AAEE-58FD-459E-A86A-AF1E1E5CF6C6}"
EndProject
Project("{2150E333-8FDC-42A3-9474-1A3956D46DE8}") = "Outlook", "Outlook", "{F02B29AD-C8FF-4282-BB8D-88BF002C07EE}"
EndProject
Project("{FAE04EC0-301F-11D3-BF4B-00C04F79EFBC}") = "IgOutlook.Services", "IGOutlook\IGOutlook\IgOutlook.Services\IgOutlook.Services.csproj", "{0A65D83A-C5E8-4FAD-BEE5-AAF86F8381CC}"
EndProject
Project("{FAE04EC0-301F-11D3-BF4B-00C04F79EFBC}") = "IgOutlook.Modules.Mail", "IGOutlook\IGOutlook\IgOutlook.Modules.Mail\IgOutlook.Modules.Mail.csproj", "{A1CE768A-EE71-4589-9552-2450F339A736}"
EndProject
Project("{FAE04EC0-301F-11D3-BF4B-00C04F79EFBC}") = "IgOutlook.Modules.Contacts", "IGOutlook\IGOutlook\IgOutlook.Modules.Contacts\IgOutlook.Modules.Contacts.csproj", "{EA6FCFA5-1886-4123-B923-3CA7BBEEDE38}"
EndProject
Project("{FAE04EC0-301F-11D3-BF4B-00C04F79EFBC}") = "IgOutlook.Modules.Calendar", "IGOutlook\IGOutlook\IgOutlook.Modules.Calendar\IgOutlook.Modules.Calendar.csproj", "{4DE7A137-F050-47ED-BF31-BDED71672813}"
EndProject
Project("{FAE04EC0-301F-11D3-BF4B-00C04F79EFBC}") = "IgOutlook.Infrastructure", "IGOutlook\IGOutlook\IgOutlook.Infrastructure\IgOutlook.Infrastructure.csproj", "{FEE55250-7EB9-473C-9668-D7CCA5BE4CF3}"
EndProject
Project("{FAE04EC0-301F-11D3-BF4B-00C04F79EFBC}") = "IgOutlook.Business", "IGOutlook\IGOutlook\IgOutlook.Business\IgOutlook.Business.csproj", "{342A3BC3-F308-407F-9A0B-2A5E4ADA452E}"
EndProject
Project("{FAE04EC0-301F-11D3-BF4B-00C04F79EFBC}") = "IgOutlook", "IGOutlook\IGOutlook\IgOutlook\IgOutlook.csproj", "{87EBF5C1-7488-41A2-B313-6C1457C0D509}"
EndProject
Project("{FAE04EC0-301F-11D3-BF4B-00C04F79EFBC}") = "IgFramework.Core", "IGFrameworks\IgFramework.Core\IgFramework.Core.csproj", "{99976F08-1775-430E-9C0A-7754C0DC20F5}"
EndProject
Global
	GlobalSection(SolutionConfigurationPlatforms) = preSolution
		Debug|Any CPU = Debug|Any CPU
		Debug|x86 = Debug|x86
		Release|Any CPU = Release|Any CPU
		Release|x86 = Release|x86
	EndGlobalSection
	GlobalSection(ProjectConfigurationPlatforms) = postSolution
		{46DFF7D8-39A7-4C55-8D8A-5350CC9B8854}.Debug|Any CPU.ActiveCfg = Debug|x86
		{46DFF7D8-39A7-4C55-8D8A-5350CC9B8854}.Debug|x86.ActiveCfg = Debug|x86
		{46DFF7D8-39A7-4C55-8D8A-5350CC9B8854}.Debug|x86.Build.0 = Debug|x86
		{46DFF7D8-39A7-4C55-8D8A-5350CC9B8854}.Release|Any CPU.ActiveCfg = Release|x86
		{46DFF7D8-39A7-4C55-8D8A-5350CC9B8854}.Release|x86.ActiveCfg = Release|x86
		{46DFF7D8-39A7-4C55-8D8A-5350CC9B8854}.Release|x86.Build.0 = Release|x86
		{E9A91F44-660E-4236-8230-0CD9193D610B}.Debug|Any CPU.ActiveCfg = Debug|x86
		{E9A91F44-660E-4236-8230-0CD9193D610B}.Debug|x86.ActiveCfg = Debug|x86
		{E9A91F44-660E-4236-8230-0CD9193D610B}.Debug|x86.Build.0 = Debug|x86
		{E9A91F44-660E-4236-8230-0CD9193D610B}.Release|Any CPU.ActiveCfg = Release|x86
		{E9A91F44-660E-4236-8230-0CD9193D610B}.Release|x86.ActiveCfg = Release|x86
		{E9A91F44-660E-4236-8230-0CD9193D610B}.Release|x86.Build.0 = Release|x86
		{943E0997-EA40-4AF3-AB2A-E5C2BE7E64B4}.Debug|Any CPU.ActiveCfg = Debug|Any CPU
		{943E0997-EA40-4AF3-AB2A-E5C2BE7E64B4}.Debug|Any CPU.Build.0 = Debug|Any CPU
		{943E0997-EA40-4AF3-AB2A-E5C2BE7E64B4}.Debug|x86.ActiveCfg = Debug|Any CPU
		{943E0997-EA40-4AF3-AB2A-E5C2BE7E64B4}.Debug|x86.Build.0 = Debug|Any CPU
		{943E0997-EA40-4AF3-AB2A-E5C2BE7E64B4}.Release|Any CPU.ActiveCfg = Release|Any CPU
		{943E0997-EA40-4AF3-AB2A-E5C2BE7E64B4}.Release|Any CPU.Build.0 = Release|Any CPU
		{943E0997-EA40-4AF3-AB2A-E5C2BE7E64B4}.Release|x86.ActiveCfg = Release|Any CPU
		{943E0997-EA40-4AF3-AB2A-E5C2BE7E64B4}.Release|x86.Build.0 = Release|Any CPU
		{5051F3AE-8458-4EDB-94A4-30EB6C7A69DD}.Debug|Any CPU.ActiveCfg = Debug|Any CPU
		{5051F3AE-8458-4EDB-94A4-30EB6C7A69DD}.Debug|Any CPU.Build.0 = Debug|Any CPU
		{5051F3AE-8458-4EDB-94A4-30EB6C7A69DD}.Debug|x86.ActiveCfg = Debug|Any CPU
		{5051F3AE-8458-4EDB-94A4-30EB6C7A69DD}.Debug|x86.Build.0 = Debug|Any CPU
		{5051F3AE-8458-4EDB-94A4-30EB6C7A69DD}.Release|Any CPU.ActiveCfg = Release|Any CPU
		{5051F3AE-8458-4EDB-94A4-30EB6C7A69DD}.Release|Any CPU.Build.0 = Release|Any CPU
		{5051F3AE-8458-4EDB-94A4-30EB6C7A69DD}.Release|x86.ActiveCfg = Release|Any CPU
		{5051F3AE-8458-4EDB-94A4-30EB6C7A69DD}.Release|x86.Build.0 = Release|Any CPU
		{4813B4A8-4C0B-4A86-AEBC-0E32C74E1427}.Debug|Any CPU.ActiveCfg = Debug|Any CPU
		{4813B4A8-4C0B-4A86-AEBC-0E32C74E1427}.Debug|Any CPU.Build.0 = Debug|Any CPU
		{4813B4A8-4C0B-4A86-AEBC-0E32C74E1427}.Debug|x86.ActiveCfg = Debug|Any CPU
		{4813B4A8-4C0B-4A86-AEBC-0E32C74E1427}.Debug|x86.Build.0 = Debug|Any CPU
		{4813B4A8-4C0B-4A86-AEBC-0E32C74E1427}.Release|Any CPU.ActiveCfg = Release|Any CPU
		{4813B4A8-4C0B-4A86-AEBC-0E32C74E1427}.Release|Any CPU.Build.0 = Release|Any CPU
		{4813B4A8-4C0B-4A86-AEBC-0E32C74E1427}.Release|x86.ActiveCfg = Release|Any CPU
		{4813B4A8-4C0B-4A86-AEBC-0E32C74E1427}.Release|x86.Build.0 = Release|Any CPU
		{563AF4CE-5F3A-45CA-956F-57329A9AA202}.Debug|Any CPU.ActiveCfg = Debug|Any CPU
		{563AF4CE-5F3A-45CA-956F-57329A9AA202}.Debug|Any CPU.Build.0 = Debug|Any CPU
		{563AF4CE-5F3A-45CA-956F-57329A9AA202}.Debug|x86.ActiveCfg = Debug|Any CPU
		{563AF4CE-5F3A-45CA-956F-57329A9AA202}.Debug|x86.Build.0 = Debug|Any CPU
		{563AF4CE-5F3A-45CA-956F-57329A9AA202}.Release|Any CPU.ActiveCfg = Release|Any CPU
		{563AF4CE-5F3A-45CA-956F-57329A9AA202}.Release|Any CPU.Build.0 = Release|Any CPU
		{563AF4CE-5F3A-45CA-956F-57329A9AA202}.Release|x86.ActiveCfg = Release|Any CPU
		{563AF4CE-5F3A-45CA-956F-57329A9AA202}.Release|x86.Build.0 = Release|Any CPU
		{3971ADE8-0EED-40AB-9BA0-EBBABA1CC802}.Debug|Any CPU.ActiveCfg = Debug|Any CPU
		{3971ADE8-0EED-40AB-9BA0-EBBABA1CC802}.Debug|Any CPU.Build.0 = Debug|Any CPU
		{3971ADE8-0EED-40AB-9BA0-EBBABA1CC802}.Debug|x86.ActiveCfg = Debug|Any CPU
		{3971ADE8-0EED-40AB-9BA0-EBBABA1CC802}.Debug|x86.Build.0 = Debug|Any CPU
		{3971ADE8-0EED-40AB-9BA0-EBBABA1CC802}.Release|Any CPU.ActiveCfg = Release|Any CPU
		{3971ADE8-0EED-40AB-9BA0-EBBABA1CC802}.Release|Any CPU.Build.0 = Release|Any CPU
		{3971ADE8-0EED-40AB-9BA0-EBBABA1CC802}.Release|x86.ActiveCfg = Release|Any CPU
		{3971ADE8-0EED-40AB-9BA0-EBBABA1CC802}.Release|x86.Build.0 = Release|Any CPU
		{7E496A65-4F8A-44F8-8916-DCE57453AFB3}.Debug|Any CPU.ActiveCfg = Debug|x86
		{7E496A65-4F8A-44F8-8916-DCE57453AFB3}.Debug|x86.ActiveCfg = Debug|x86
		{7E496A65-4F8A-44F8-8916-DCE57453AFB3}.Debug|x86.Build.0 = Debug|x86
		{7E496A65-4F8A-44F8-8916-DCE57453AFB3}.Release|Any CPU.ActiveCfg = Release|x86
		{7E496A65-4F8A-44F8-8916-DCE57453AFB3}.Release|x86.ActiveCfg = Release|x86
		{7E496A65-4F8A-44F8-8916-DCE57453AFB3}.Release|x86.Build.0 = Release|x86
		{587FFCDA-E9FE-4B3B-9039-B3E7BDE0784B}.Debug|Any CPU.ActiveCfg = Debug|Any CPU
		{587FFCDA-E9FE-4B3B-9039-B3E7BDE0784B}.Debug|Any CPU.Build.0 = Debug|Any CPU
		{587FFCDA-E9FE-4B3B-9039-B3E7BDE0784B}.Debug|x86.ActiveCfg = Debug|x86
		{587FFCDA-E9FE-4B3B-9039-B3E7BDE0784B}.Debug|x86.Build.0 = Debug|x86
		{587FFCDA-E9FE-4B3B-9039-B3E7BDE0784B}.Release|Any CPU.ActiveCfg = Release|Any CPU
		{587FFCDA-E9FE-4B3B-9039-B3E7BDE0784B}.Release|Any CPU.Build.0 = Release|Any CPU
		{587FFCDA-E9FE-4B3B-9039-B3E7BDE0784B}.Release|x86.ActiveCfg = Release|x86
		{587FFCDA-E9FE-4B3B-9039-B3E7BDE0784B}.Release|x86.Build.0 = Release|x86
		{646D103C-1943-4DF9-8ABB-D8822571BD94}.Debug|Any CPU.ActiveCfg = Debug|Any CPU
		{646D103C-1943-4DF9-8ABB-D8822571BD94}.Debug|Any CPU.Build.0 = Debug|Any CPU
		{646D103C-1943-4DF9-8ABB-D8822571BD94}.Debug|x86.ActiveCfg = Debug|Any CPU
		{646D103C-1943-4DF9-8ABB-D8822571BD94}.Debug|x86.Build.0 = Debug|Any CPU
		{646D103C-1943-4DF9-8ABB-D8822571BD94}.Release|Any CPU.ActiveCfg = Release|Any CPU
		{646D103C-1943-4DF9-8ABB-D8822571BD94}.Release|Any CPU.Build.0 = Release|Any CPU
		{646D103C-1943-4DF9-8ABB-D8822571BD94}.Release|x86.ActiveCfg = Release|Any CPU
		{646D103C-1943-4DF9-8ABB-D8822571BD94}.Release|x86.Build.0 = Release|Any CPU
		{552B8E58-6AB3-4D54-8214-061FCA50E117}.Debug|Any CPU.ActiveCfg = Debug|x86
		{552B8E58-6AB3-4D54-8214-061FCA50E117}.Debug|x86.ActiveCfg = Debug|x86
		{552B8E58-6AB3-4D54-8214-061FCA50E117}.Debug|x86.Build.0 = Debug|x86
		{552B8E58-6AB3-4D54-8214-061FCA50E117}.Release|Any CPU.ActiveCfg = Release|x86
		{552B8E58-6AB3-4D54-8214-061FCA50E117}.Release|x86.ActiveCfg = Release|x86
		{552B8E58-6AB3-4D54-8214-061FCA50E117}.Release|x86.Build.0 = Release|x86
		{DD05DD3E-1291-4CBA-8F55-7F6F3B2C01C3}.Debug|Any CPU.ActiveCfg = Debug|Any CPU
		{DD05DD3E-1291-4CBA-8F55-7F6F3B2C01C3}.Debug|Any CPU.Build.0 = Debug|Any CPU
		{DD05DD3E-1291-4CBA-8F55-7F6F3B2C01C3}.Debug|x86.ActiveCfg = Debug|x86
		{DD05DD3E-1291-4CBA-8F55-7F6F3B2C01C3}.Debug|x86.Build.0 = Debug|x86
		{DD05DD3E-1291-4CBA-8F55-7F6F3B2C01C3}.Release|Any CPU.ActiveCfg = Release|Any CPU
		{DD05DD3E-1291-4CBA-8F55-7F6F3B2C01C3}.Release|Any CPU.Build.0 = Release|Any CPU
		{DD05DD3E-1291-4CBA-8F55-7F6F3B2C01C3}.Release|x86.ActiveCfg = Release|x86
		{DD05DD3E-1291-4CBA-8F55-7F6F3B2C01C3}.Release|x86.Build.0 = Release|x86
		{40F295EE-0CA1-43D8-A057-120161AF6BBB}.Debug|Any CPU.ActiveCfg = Debug|Any CPU
		{40F295EE-0CA1-43D8-A057-120161AF6BBB}.Debug|Any CPU.Build.0 = Debug|Any CPU
		{40F295EE-0CA1-43D8-A057-120161AF6BBB}.Debug|x86.ActiveCfg = Debug|Any CPU
		{40F295EE-0CA1-43D8-A057-120161AF6BBB}.Debug|x86.Build.0 = Debug|Any CPU
		{40F295EE-0CA1-43D8-A057-120161AF6BBB}.Release|Any CPU.ActiveCfg = Release|Any CPU
		{40F295EE-0CA1-43D8-A057-120161AF6BBB}.Release|Any CPU.Build.0 = Release|Any CPU
		{40F295EE-0CA1-43D8-A057-120161AF6BBB}.Release|x86.ActiveCfg = Release|Any CPU
		{40F295EE-0CA1-43D8-A057-120161AF6BBB}.Release|x86.Build.0 = Release|Any CPU
		{3A79DDBD-F8A1-47CF-9FF9-15A8C9D81E0D}.Debug|Any CPU.ActiveCfg = Debug|Any CPU
		{3A79DDBD-F8A1-47CF-9FF9-15A8C9D81E0D}.Debug|Any CPU.Build.0 = Debug|Any CPU
		{3A79DDBD-F8A1-47CF-9FF9-15A8C9D81E0D}.Debug|x86.ActiveCfg = Debug|Any CPU
		{3A79DDBD-F8A1-47CF-9FF9-15A8C9D81E0D}.Debug|x86.Build.0 = Debug|Any CPU
		{3A79DDBD-F8A1-47CF-9FF9-15A8C9D81E0D}.Release|Any CPU.ActiveCfg = Release|Any CPU
		{3A79DDBD-F8A1-47CF-9FF9-15A8C9D81E0D}.Release|Any CPU.Build.0 = Release|Any CPU
		{3A79DDBD-F8A1-47CF-9FF9-15A8C9D81E0D}.Release|x86.ActiveCfg = Release|Any CPU
		{3A79DDBD-F8A1-47CF-9FF9-15A8C9D81E0D}.Release|x86.Build.0 = Release|Any CPU
		{30B175DD-E230-4B82-9844-B611B7BE13DD}.Debug|Any CPU.ActiveCfg = Debug|Any CPU
		{30B175DD-E230-4B82-9844-B611B7BE13DD}.Debug|Any CPU.Build.0 = Debug|Any CPU
		{30B175DD-E230-4B82-9844-B611B7BE13DD}.Debug|x86.ActiveCfg = Debug|Any CPU
		{30B175DD-E230-4B82-9844-B611B7BE13DD}.Debug|x86.Build.0 = Debug|Any CPU
		{30B175DD-E230-4B82-9844-B611B7BE13DD}.Release|Any CPU.ActiveCfg = Release|Any CPU
		{30B175DD-E230-4B82-9844-B611B7BE13DD}.Release|Any CPU.Build.0 = Release|Any CPU
		{30B175DD-E230-4B82-9844-B611B7BE13DD}.Release|x86.ActiveCfg = Release|Any CPU
		{30B175DD-E230-4B82-9844-B611B7BE13DD}.Release|x86.Build.0 = Release|Any CPU
		{60648FEE-E6B0-4AA5-AD98-78D6F68538A6}.Debug|Any CPU.ActiveCfg = Debug|Any CPU
		{60648FEE-E6B0-4AA5-AD98-78D6F68538A6}.Debug|Any CPU.Build.0 = Debug|Any CPU
		{60648FEE-E6B0-4AA5-AD98-78D6F68538A6}.Debug|x86.ActiveCfg = Debug|Any CPU
		{60648FEE-E6B0-4AA5-AD98-78D6F68538A6}.Debug|x86.Build.0 = Debug|Any CPU
		{60648FEE-E6B0-4AA5-AD98-78D6F68538A6}.Release|Any CPU.ActiveCfg = Release|Any CPU
		{60648FEE-E6B0-4AA5-AD98-78D6F68538A6}.Release|Any CPU.Build.0 = Release|Any CPU
		{60648FEE-E6B0-4AA5-AD98-78D6F68538A6}.Release|x86.ActiveCfg = Release|Any CPU
		{60648FEE-E6B0-4AA5-AD98-78D6F68538A6}.Release|x86.Build.0 = Release|Any CPU
		{6E0F7958-3DE3-435E-B257-E5DACC58E15B}.Debug|Any CPU.ActiveCfg = Debug|Any CPU
		{6E0F7958-3DE3-435E-B257-E5DACC58E15B}.Debug|Any CPU.Build.0 = Debug|Any CPU
		{6E0F7958-3DE3-435E-B257-E5DACC58E15B}.Debug|x86.ActiveCfg = Debug|Any CPU
		{6E0F7958-3DE3-435E-B257-E5DACC58E15B}.Debug|x86.Build.0 = Debug|Any CPU
		{6E0F7958-3DE3-435E-B257-E5DACC58E15B}.Release|Any CPU.ActiveCfg = Release|Any CPU
		{6E0F7958-3DE3-435E-B257-E5DACC58E15B}.Release|Any CPU.Build.0 = Release|Any CPU
		{6E0F7958-3DE3-435E-B257-E5DACC58E15B}.Release|x86.ActiveCfg = Release|Any CPU
		{6E0F7958-3DE3-435E-B257-E5DACC58E15B}.Release|x86.Build.0 = Release|Any CPU
		{C85FCBC2-A3CF-4806-AEAC-E810A4D70B56}.Debug|Any CPU.ActiveCfg = Debug|Any CPU
		{C85FCBC2-A3CF-4806-AEAC-E810A4D70B56}.Debug|Any CPU.Build.0 = Debug|Any CPU
		{C85FCBC2-A3CF-4806-AEAC-E810A4D70B56}.Debug|x86.ActiveCfg = Debug|Any CPU
		{C85FCBC2-A3CF-4806-AEAC-E810A4D70B56}.Debug|x86.Build.0 = Debug|Any CPU
		{C85FCBC2-A3CF-4806-AEAC-E810A4D70B56}.Release|Any CPU.ActiveCfg = Release|Any CPU
		{C85FCBC2-A3CF-4806-AEAC-E810A4D70B56}.Release|Any CPU.Build.0 = Release|Any CPU
		{C85FCBC2-A3CF-4806-AEAC-E810A4D70B56}.Release|x86.ActiveCfg = Release|Any CPU
		{C85FCBC2-A3CF-4806-AEAC-E810A4D70B56}.Release|x86.Build.0 = Release|Any CPU
		{3102438D-0D00-4F73-B58B-0A0A16DB4266}.Debug|Any CPU.ActiveCfg = Debug|Any CPU
		{3102438D-0D00-4F73-B58B-0A0A16DB4266}.Debug|Any CPU.Build.0 = Debug|Any CPU
		{3102438D-0D00-4F73-B58B-0A0A16DB4266}.Debug|x86.ActiveCfg = Debug|Any CPU
		{3102438D-0D00-4F73-B58B-0A0A16DB4266}.Debug|x86.Build.0 = Debug|Any CPU
		{3102438D-0D00-4F73-B58B-0A0A16DB4266}.Release|Any CPU.ActiveCfg = Release|Any CPU
		{3102438D-0D00-4F73-B58B-0A0A16DB4266}.Release|Any CPU.Build.0 = Release|Any CPU
		{3102438D-0D00-4F73-B58B-0A0A16DB4266}.Release|x86.ActiveCfg = Release|Any CPU
		{3102438D-0D00-4F73-B58B-0A0A16DB4266}.Release|x86.Build.0 = Release|Any CPU
		{6532AAEE-58FD-459E-A86A-AF1E1E5CF6C6}.Debug|Any CPU.ActiveCfg = Debug|Any CPU
		{6532AAEE-58FD-459E-A86A-AF1E1E5CF6C6}.Debug|Any CPU.Build.0 = Debug|Any CPU
		{6532AAEE-58FD-459E-A86A-AF1E1E5CF6C6}.Debug|x86.ActiveCfg = Debug|Any CPU
		{6532AAEE-58FD-459E-A86A-AF1E1E5CF6C6}.Debug|x86.Build.0 = Debug|Any CPU
		{6532AAEE-58FD-459E-A86A-AF1E1E5CF6C6}.Release|Any CPU.ActiveCfg = Release|Any CPU
		{6532AAEE-58FD-459E-A86A-AF1E1E5CF6C6}.Release|Any CPU.Build.0 = Release|Any CPU
		{6532AAEE-58FD-459E-A86A-AF1E1E5CF6C6}.Release|x86.ActiveCfg = Release|Any CPU
		{6532AAEE-58FD-459E-A86A-AF1E1E5CF6C6}.Release|x86.Build.0 = Release|Any CPU
		{0A65D83A-C5E8-4FAD-BEE5-AAF86F8381CC}.Debug|Any CPU.ActiveCfg = Debug|Any CPU
		{0A65D83A-C5E8-4FAD-BEE5-AAF86F8381CC}.Debug|Any CPU.Build.0 = Debug|Any CPU
		{0A65D83A-C5E8-4FAD-BEE5-AAF86F8381CC}.Debug|x86.ActiveCfg = Debug|Any CPU
		{0A65D83A-C5E8-4FAD-BEE5-AAF86F8381CC}.Debug|x86.Build.0 = Debug|Any CPU
		{0A65D83A-C5E8-4FAD-BEE5-AAF86F8381CC}.Release|Any CPU.ActiveCfg = Release|Any CPU
		{0A65D83A-C5E8-4FAD-BEE5-AAF86F8381CC}.Release|Any CPU.Build.0 = Release|Any CPU
		{0A65D83A-C5E8-4FAD-BEE5-AAF86F8381CC}.Release|x86.ActiveCfg = Release|Any CPU
		{0A65D83A-C5E8-4FAD-BEE5-AAF86F8381CC}.Release|x86.Build.0 = Release|Any CPU
		{A1CE768A-EE71-4589-9552-2450F339A736}.Debug|Any CPU.ActiveCfg = Debug|Any CPU
		{A1CE768A-EE71-4589-9552-2450F339A736}.Debug|Any CPU.Build.0 = Debug|Any CPU
		{A1CE768A-EE71-4589-9552-2450F339A736}.Debug|x86.ActiveCfg = Debug|Any CPU
		{A1CE768A-EE71-4589-9552-2450F339A736}.Debug|x86.Build.0 = Debug|Any CPU
		{A1CE768A-EE71-4589-9552-2450F339A736}.Release|Any CPU.ActiveCfg = Release|Any CPU
		{A1CE768A-EE71-4589-9552-2450F339A736}.Release|Any CPU.Build.0 = Release|Any CPU
		{A1CE768A-EE71-4589-9552-2450F339A736}.Release|x86.ActiveCfg = Release|Any CPU
		{A1CE768A-EE71-4589-9552-2450F339A736}.Release|x86.Build.0 = Release|Any CPU
		{EA6FCFA5-1886-4123-B923-3CA7BBEEDE38}.Debug|Any CPU.ActiveCfg = Debug|Any CPU
		{EA6FCFA5-1886-4123-B923-3CA7BBEEDE38}.Debug|Any CPU.Build.0 = Debug|Any CPU
		{EA6FCFA5-1886-4123-B923-3CA7BBEEDE38}.Debug|x86.ActiveCfg = Debug|Any CPU
		{EA6FCFA5-1886-4123-B923-3CA7BBEEDE38}.Debug|x86.Build.0 = Debug|Any CPU
		{EA6FCFA5-1886-4123-B923-3CA7BBEEDE38}.Release|Any CPU.ActiveCfg = Release|Any CPU
		{EA6FCFA5-1886-4123-B923-3CA7BBEEDE38}.Release|Any CPU.Build.0 = Release|Any CPU
		{EA6FCFA5-1886-4123-B923-3CA7BBEEDE38}.Release|x86.ActiveCfg = Release|Any CPU
		{EA6FCFA5-1886-4123-B923-3CA7BBEEDE38}.Release|x86.Build.0 = Release|Any CPU
		{4DE7A137-F050-47ED-BF31-BDED71672813}.Debug|Any CPU.ActiveCfg = Debug|Any CPU
		{4DE7A137-F050-47ED-BF31-BDED71672813}.Debug|Any CPU.Build.0 = Debug|Any CPU
		{4DE7A137-F050-47ED-BF31-BDED71672813}.Debug|x86.ActiveCfg = Debug|Any CPU
		{4DE7A137-F050-47ED-BF31-BDED71672813}.Debug|x86.Build.0 = Debug|Any CPU
		{4DE7A137-F050-47ED-BF31-BDED71672813}.Release|Any CPU.ActiveCfg = Release|Any CPU
		{4DE7A137-F050-47ED-BF31-BDED71672813}.Release|Any CPU.Build.0 = Release|Any CPU
		{4DE7A137-F050-47ED-BF31-BDED71672813}.Release|x86.ActiveCfg = Release|Any CPU
		{4DE7A137-F050-47ED-BF31-BDED71672813}.Release|x86.Build.0 = Release|Any CPU
		{FEE55250-7EB9-473C-9668-D7CCA5BE4CF3}.Debug|Any CPU.ActiveCfg = Debug|Any CPU
		{FEE55250-7EB9-473C-9668-D7CCA5BE4CF3}.Debug|Any CPU.Build.0 = Debug|Any CPU
		{FEE55250-7EB9-473C-9668-D7CCA5BE4CF3}.Debug|x86.ActiveCfg = Debug|Any CPU
		{FEE55250-7EB9-473C-9668-D7CCA5BE4CF3}.Debug|x86.Build.0 = Debug|Any CPU
		{FEE55250-7EB9-473C-9668-D7CCA5BE4CF3}.Release|Any CPU.ActiveCfg = Release|Any CPU
		{FEE55250-7EB9-473C-9668-D7CCA5BE4CF3}.Release|Any CPU.Build.0 = Release|Any CPU
		{FEE55250-7EB9-473C-9668-D7CCA5BE4CF3}.Release|x86.ActiveCfg = Release|Any CPU
		{FEE55250-7EB9-473C-9668-D7CCA5BE4CF3}.Release|x86.Build.0 = Release|Any CPU
		{342A3BC3-F308-407F-9A0B-2A5E4ADA452E}.Debug|Any CPU.ActiveCfg = Debug|Any CPU
		{342A3BC3-F308-407F-9A0B-2A5E4ADA452E}.Debug|Any CPU.Build.0 = Debug|Any CPU
		{342A3BC3-F308-407F-9A0B-2A5E4ADA452E}.Debug|x86.ActiveCfg = Debug|Any CPU
		{342A3BC3-F308-407F-9A0B-2A5E4ADA452E}.Debug|x86.Build.0 = Debug|Any CPU
		{342A3BC3-F308-407F-9A0B-2A5E4ADA452E}.Release|Any CPU.ActiveCfg = Release|Any CPU
		{342A3BC3-F308-407F-9A0B-2A5E4ADA452E}.Release|Any CPU.Build.0 = Release|Any CPU
		{342A3BC3-F308-407F-9A0B-2A5E4ADA452E}.Release|x86.ActiveCfg = Release|Any CPU
		{342A3BC3-F308-407F-9A0B-2A5E4ADA452E}.Release|x86.Build.0 = Release|Any CPU
		{87EBF5C1-7488-41A2-B313-6C1457C0D509}.Debug|Any CPU.ActiveCfg = Debug|Any CPU
		{87EBF5C1-7488-41A2-B313-6C1457C0D509}.Debug|Any CPU.Build.0 = Debug|Any CPU
		{87EBF5C1-7488-41A2-B313-6C1457C0D509}.Debug|x86.ActiveCfg = Debug|Any CPU
		{87EBF5C1-7488-41A2-B313-6C1457C0D509}.Debug|x86.Build.0 = Debug|Any CPU
		{87EBF5C1-7488-41A2-B313-6C1457C0D509}.Release|Any CPU.ActiveCfg = Release|Any CPU
		{87EBF5C1-7488-41A2-B313-6C1457C0D509}.Release|Any CPU.Build.0 = Release|Any CPU
		{87EBF5C1-7488-41A2-B313-6C1457C0D509}.Release|x86.ActiveCfg = Release|Any CPU
		{87EBF5C1-7488-41A2-B313-6C1457C0D509}.Release|x86.Build.0 = Release|Any CPU
		{99976F08-1775-430E-9C0A-7754C0DC20F5}.Debug|Any CPU.ActiveCfg = Debug|Any CPU
		{99976F08-1775-430E-9C0A-7754C0DC20F5}.Debug|Any CPU.Build.0 = Debug|Any CPU
		{99976F08-1775-430E-9C0A-7754C0DC20F5}.Debug|x86.ActiveCfg = Debug|Any CPU
		{99976F08-1775-430E-9C0A-7754C0DC20F5}.Debug|x86.Build.0 = Debug|Any CPU
		{99976F08-1775-430E-9C0A-7754C0DC20F5}.Release|Any CPU.ActiveCfg = Release|Any CPU
		{99976F08-1775-430E-9C0A-7754C0DC20F5}.Release|Any CPU.Build.0 = Release|Any CPU
		{99976F08-1775-430E-9C0A-7754C0DC20F5}.Release|x86.ActiveCfg = Release|Any CPU
		{99976F08-1775-430E-9C0A-7754C0DC20F5}.Release|x86.Build.0 = Release|Any CPU
	EndGlobalSection
	GlobalSection(SolutionProperties) = preSolution
		HideSolutionNode = FALSE
	EndGlobalSection
	GlobalSection(NestedProjects) = preSolution
		{46DFF7D8-39A7-4C55-8D8A-5350CC9B8854} = {18755F82-311E-4238-936D-9148820AA73E}
		{E9A91F44-660E-4236-8230-0CD9193D610B} = {18755F82-311E-4238-936D-9148820AA73E}
		{943E0997-EA40-4AF3-AB2A-E5C2BE7E64B4} = {136FE288-F4E4-4BCE-9870-EC5FCBFB97B8}
		{5051F3AE-8458-4EDB-94A4-30EB6C7A69DD} = {136FE288-F4E4-4BCE-9870-EC5FCBFB97B8}
		{4813B4A8-4C0B-4A86-AEBC-0E32C74E1427} = {136FE288-F4E4-4BCE-9870-EC5FCBFB97B8}
		{563AF4CE-5F3A-45CA-956F-57329A9AA202} = {136FE288-F4E4-4BCE-9870-EC5FCBFB97B8}
		{3971ADE8-0EED-40AB-9BA0-EBBABA1CC802} = {136FE288-F4E4-4BCE-9870-EC5FCBFB97B8}
		{7E496A65-4F8A-44F8-8916-DCE57453AFB3} = {18755F82-311E-4238-936D-9148820AA73E}
		{587FFCDA-E9FE-4B3B-9039-B3E7BDE0784B} = {18755F82-311E-4238-936D-9148820AA73E}
		{646D103C-1943-4DF9-8ABB-D8822571BD94} = {18755F82-311E-4238-936D-9148820AA73E}
		{552B8E58-6AB3-4D54-8214-061FCA50E117} = {18755F82-311E-4238-936D-9148820AA73E}
		{DD05DD3E-1291-4CBA-8F55-7F6F3B2C01C3} = {18755F82-311E-4238-936D-9148820AA73E}
		{40F295EE-0CA1-43D8-A057-120161AF6BBB} = {381419AD-8D78-4E67-B142-B4838D95697F}
		{3A79DDBD-F8A1-47CF-9FF9-15A8C9D81E0D} = {381419AD-8D78-4E67-B142-B4838D95697F}
		{30B175DD-E230-4B82-9844-B611B7BE13DD} = {381419AD-8D78-4E67-B142-B4838D95697F}
		{60648FEE-E6B0-4AA5-AD98-78D6F68538A6} = {381419AD-8D78-4E67-B142-B4838D95697F}
		{381419AD-8D78-4E67-B142-B4838D95697F} = {18755F82-311E-4238-936D-9148820AA73E}
		{83548D00-1124-4765-9A3D-30C4B59BC165} = {18755F82-311E-4238-936D-9148820AA73E}
		{6E0F7958-3DE3-435E-B257-E5DACC58E15B} = {83548D00-1124-4765-9A3D-30C4B59BC165}
		{C85FCBC2-A3CF-4806-AEAC-E810A4D70B56} = {83548D00-1124-4765-9A3D-30C4B59BC165}
		{3102438D-0D00-4F73-B58B-0A0A16DB4266} = {83548D00-1124-4765-9A3D-30C4B59BC165}
		{6532AAEE-58FD-459E-A86A-AF1E1E5CF6C6} = {83548D00-1124-4765-9A3D-30C4B59BC165}
		{F02B29AD-C8FF-4282-BB8D-88BF002C07EE} = {18755F82-311E-4238-936D-9148820AA73E}
		{0A65D83A-C5E8-4FAD-BEE5-AAF86F8381CC} = {F02B29AD-C8FF-4282-BB8D-88BF002C07EE}
		{A1CE768A-EE71-4589-9552-2450F339A736} = {F02B29AD-C8FF-4282-BB8D-88BF002C07EE}
		{EA6FCFA5-1886-4123-B923-3CA7BBEEDE38} = {F02B29AD-C8FF-4282-BB8D-88BF002C07EE}
		{4DE7A137-F050-47ED-BF31-BDED71672813} = {F02B29AD-C8FF-4282-BB8D-88BF002C07EE}
		{FEE55250-7EB9-473C-9668-D7CCA5BE4CF3} = {F02B29AD-C8FF-4282-BB8D-88BF002C07EE}
		{342A3BC3-F308-407F-9A0B-2A5E4ADA452E} = {F02B29AD-C8FF-4282-BB8D-88BF002C07EE}
		{87EBF5C1-7488-41A2-B313-6C1457C0D509} = {F02B29AD-C8FF-4282-BB8D-88BF002C07EE}
	EndGlobalSection
EndGlobal
