
Microsoft Visual Studio Solution File, Format Version 12.00
# Visual Studio 14
VisualStudioVersion = 14.0.25420.1
MinimumVisualStudioVersion = 10.0.40219.1
Project("{FAE04EC0-301F-11D3-BF4B-00C04F79EFBC}") = "IgWord", "IGWord\IgWord\IgWord.csproj", "{6532AAEE-58FD-459E-A86A-AF1E1E5CF6C6}"
EndProject
Project("{FAE04EC0-301F-11D3-BF4B-00C04F79EFBC}") = "IgWord.Business", "IGWord\IgWord.Business\IgWord.Business.csproj", "{3102438D-0D00-4F73-B58B-0A0A16DB4266}"
EndProject
Project("{FAE04EC0-301F-11D3-BF4B-00C04F79EFBC}") = "IgWord.Infrastructure", "IGWord\IgWord.Infrastructure\IgWord.Infrastructure.csproj", "{C85FCBC2-A3CF-4806-AEAC-E810A4D70B56}"
EndProject
Project("{FAE04EC0-301F-11D3-BF4B-00C04F79EFBC}") = "IgWord.Services", "IGWord\IgWord.Services\IgWord.Services.csproj", "{6E0F7958-3DE3-435E-B257-E5DACC58E15B}"
EndProject
Global
	GlobalSection(SolutionConfigurationPlatforms) = preSolution
		Debug|Any CPU = Debug|Any CPU
		Release|Any CPU = Release|Any CPU
	EndGlobalSection
	GlobalSection(ProjectConfigurationPlatforms) = postSolution
		{6532AAEE-58FD-459E-A86A-AF1E1E5CF6C6}.Debug|Any CPU.ActiveCfg = Debug|Any CPU
		{6532AAEE-58FD-459E-A86A-AF1E1E5CF6C6}.Debug|Any CPU.Build.0 = Debug|Any CPU
		{6532AAEE-58FD-459E-A86A-AF1E1E5CF6C6}.Release|Any CPU.ActiveCfg = Release|Any CPU
		{6532AAEE-58FD-459E-A86A-AF1E1E5CF6C6}.Release|Any CPU.Build.0 = Release|Any CPU
		{3102438D-0D00-4F73-B58B-0A0A16DB4266}.Debug|Any CPU.ActiveCfg = Debug|Any CPU
		{3102438D-0D00-4F73-B58B-0A0A16DB4266}.Debug|Any CPU.Build.0 = Debug|Any CPU
		{3102438D-0D00-4F73-B58B-0A0A16DB4266}.Release|Any CPU.ActiveCfg = Release|Any CPU
		{3102438D-0D00-4F73-B58B-0A0A16DB4266}.Release|Any CPU.Build.0 = Release|Any CPU
		{C85FCBC2-A3CF-4806-AEAC-E810A4D70B56}.Debug|Any CPU.ActiveCfg = Debug|Any CPU
		{C85FCBC2-A3CF-4806-AEAC-E810A4D70B56}.Debug|Any CPU.Build.0 = Debug|Any CPU
		{C85FCBC2-A3CF-4806-AEAC-E810A4D70B56}.Release|Any CPU.ActiveCfg = Release|Any CPU
		{C85FCBC2-A3CF-4806-AEAC-E810A4D70B56}.Release|Any CPU.Build.0 = Release|Any CPU
		{6E0F7958-3DE3-435E-B257-E5DACC58E15B}.Debug|Any CPU.ActiveCfg = Debug|Any CPU
		{6E0F7958-3DE3-435E-B257-E5DACC58E15B}.Debug|Any CPU.Build.0 = Debug|Any CPU
		{6E0F7958-3DE3-435E-B257-E5DACC58E15B}.Release|Any CPU.ActiveCfg = Release|Any CPU
		{6E0F7958-3DE3-435E-B257-E5DACC58E15B}.Release|Any CPU.Build.0 = Release|Any CPU
	EndGlobalSection
	GlobalSection(SolutionProperties) = preSolution
		HideSolutionNode = FALSE
	EndGlobalSection
	GlobalSection(TeamFoundationVersionControl) = preSolution
		SccNumberOfProjects = 5
		SccEnterpriseProvider = {4CA58AB2-18FA-4F8D-95D4-32DDF27D184C}
		SccTeamFoundationServer = http://tfs.infragistics.local:8080/tfs/engineering
		SccProjectUniqueName0 = IGWord\\IgWord\\IgWord.csproj
		SccProjectName0 = IGWord/IgWord
		SccLocalPath0 = IGWord\\IgWord
		SccProjectUniqueName1 = IGWord\\IgWord.Business\\IgWord.Business.csproj
		SccProjectName1 = IGWord/IgWord.Business
		SccLocalPath1 = IGWord\\IgWord.Business
		SccProjectUniqueName2 = IGWord\\IgWord.Infrastructure\\IgWord.Infrastructure.csproj
		SccProjectName2 = IGWord/IgWord.Infrastructure
		SccLocalPath2 = IGWord\\IgWord.Infrastructure
		SccProjectUniqueName3 = IGWord\\IgWord.Services\\IgWord.Services.csproj
		SccProjectName3 = IGWord/IgWord.Services
		SccLocalPath3 = IGWord\\IgWord.Services
		SccLocalPath4 = .
	EndGlobalSection
EndGlobal
