
Microsoft Visual Studio Solution File, Format Version 12.00
# Visual Studio 14
VisualStudioVersion = 14.0.25420.1
MinimumVisualStudioVersion = 10.0.40219.1
Project("{FAE04EC0-301F-11D3-BF4B-00C04F79EFBC}") = "IGExtensions.Framework", "IGExtensions.Framework\IGExtensions.Framework.csproj", "{943E0997-EA40-4AF3-AB2A-E5C2BE7E64B4}"
EndProject
Project("{FAE04EC0-301F-11D3-BF4B-00C04F79EFBC}") = "IGExtensions.Common", "IGExtensions.Common\IGExtensions.Common.csproj", "{5051F3AE-8458-4EDB-94A4-30EB6C7A69DD}"
EndProject
Project("{FAE04EC0-301F-11D3-BF4B-00C04F79EFBC}") = "IGExtensions.Common.Services", "IGExtensions.Common.Services\IGExtensions.Common.Services.csproj", "{563AF4CE-5F3A-45CA-956F-57329A9AA202}"
EndProject
Project("{FAE04EC0-301F-11D3-BF4B-00C04F79EFBC}") = "IGExtensions.Common.Maps", "IGExtensions.Common.Maps\IGExtensions.Common.Maps.csproj", "{3971ADE8-0EED-40AB-9BA0-EBBABA1CC802}"
EndProject
Project("{FAE04EC0-301F-11D3-BF4B-00C04F79EFBC}") = "IGExtensions.Common.Data", "IGExtensions.Common.Data\IGExtensions.Common.Data.csproj", "{4813B4A8-4C0B-4A86-AEBC-0E32C74E1427}"
EndProject
Project("{2150E333-8FDC-42A3-9474-1A3956D46DE8}") = ".nuget", ".nuget", "{725ECABE-D8CE-485B-949C-177597D0B569}"
	ProjectSection(SolutionItems) = preProject
		.nuget\NuGet.Config = .nuget\NuGet.Config
	EndProjectSection
EndProject
Project("{FAE04EC0-301F-11D3-BF4B-00C04F79EFBC}") = "Infragistics.Themes.MetroDarkTheme.WPF", "MetroDarkTheme.WPF\Infragistics.Themes.MetroDarkTheme.WPF.csproj", "{7627C547-6503-482B-A211-6A5641BB40B0}"
EndProject
Project("{FAE04EC0-301F-11D3-BF4B-00C04F79EFBC}") = "Infragistics.Themes.MetroDark.WPF", "Infragistics.Themes.MetroDarkTheme\Infragistics.Themes.MetroDark.WPF.csproj", "{9AD0F031-0E98-4CCD-B203-5F585A524FFE}"
EndProject
Global
	GlobalSection(SolutionConfigurationPlatforms) = preSolution
		Debug|Any CPU = Debug|Any CPU
		Release|Any CPU = Release|Any CPU
		Trial|Any CPU = Trial|Any CPU
	EndGlobalSection
	GlobalSection(ProjectConfigurationPlatforms) = postSolution
		{943E0997-EA40-4AF3-AB2A-E5C2BE7E64B4}.Debug|Any CPU.ActiveCfg = Debug|Any CPU
		{943E0997-EA40-4AF3-AB2A-E5C2BE7E64B4}.Debug|Any CPU.Build.0 = Debug|Any CPU
		{943E0997-EA40-4AF3-AB2A-E5C2BE7E64B4}.Release|Any CPU.ActiveCfg = Release|Any CPU
		{943E0997-EA40-4AF3-AB2A-E5C2BE7E64B4}.Release|Any CPU.Build.0 = Release|Any CPU
		{943E0997-EA40-4AF3-AB2A-E5C2BE7E64B4}.Trial|Any CPU.ActiveCfg = Release|Any CPU
		{943E0997-EA40-4AF3-AB2A-E5C2BE7E64B4}.Trial|Any CPU.Build.0 = Release|Any CPU
		{5051F3AE-8458-4EDB-94A4-30EB6C7A69DD}.Debug|Any CPU.ActiveCfg = Debug|Any CPU
		{5051F3AE-8458-4EDB-94A4-30EB6C7A69DD}.Debug|Any CPU.Build.0 = Debug|Any CPU
		{5051F3AE-8458-4EDB-94A4-30EB6C7A69DD}.Release|Any CPU.ActiveCfg = Release|Any CPU
		{5051F3AE-8458-4EDB-94A4-30EB6C7A69DD}.Release|Any CPU.Build.0 = Release|Any CPU
		{5051F3AE-8458-4EDB-94A4-30EB6C7A69DD}.Trial|Any CPU.ActiveCfg = Release|Any CPU
		{5051F3AE-8458-4EDB-94A4-30EB6C7A69DD}.Trial|Any CPU.Build.0 = Release|Any CPU
		{563AF4CE-5F3A-45CA-956F-57329A9AA202}.Debug|Any CPU.ActiveCfg = Debug|Any CPU
		{563AF4CE-5F3A-45CA-956F-57329A9AA202}.Debug|Any CPU.Build.0 = Debug|Any CPU
		{563AF4CE-5F3A-45CA-956F-57329A9AA202}.Release|Any CPU.ActiveCfg = Release|Any CPU
		{563AF4CE-5F3A-45CA-956F-57329A9AA202}.Release|Any CPU.Build.0 = Release|Any CPU
		{563AF4CE-5F3A-45CA-956F-57329A9AA202}.Trial|Any CPU.ActiveCfg = Release|Any CPU
		{563AF4CE-5F3A-45CA-956F-57329A9AA202}.Trial|Any CPU.Build.0 = Release|Any CPU
		{3971ADE8-0EED-40AB-9BA0-EBBABA1CC802}.Debug|Any CPU.ActiveCfg = Debug|Any CPU
		{3971ADE8-0EED-40AB-9BA0-EBBABA1CC802}.Debug|Any CPU.Build.0 = Debug|Any CPU
		{3971ADE8-0EED-40AB-9BA0-EBBABA1CC802}.Release|Any CPU.ActiveCfg = Release|Any CPU
		{3971ADE8-0EED-40AB-9BA0-EBBABA1CC802}.Release|Any CPU.Build.0 = Release|Any CPU
		{3971ADE8-0EED-40AB-9BA0-EBBABA1CC802}.Trial|Any CPU.ActiveCfg = Release|Any CPU
		{3971ADE8-0EED-40AB-9BA0-EBBABA1CC802}.Trial|Any CPU.Build.0 = Release|Any CPU
		{4813B4A8-4C0B-4A86-AEBC-0E32C74E1427}.Debug|Any CPU.ActiveCfg = Debug|Any CPU
		{4813B4A8-4C0B-4A86-AEBC-0E32C74E1427}.Debug|Any CPU.Build.0 = Debug|Any CPU
		{4813B4A8-4C0B-4A86-AEBC-0E32C74E1427}.Release|Any CPU.ActiveCfg = Release|Any CPU
		{4813B4A8-4C0B-4A86-AEBC-0E32C74E1427}.Release|Any CPU.Build.0 = Release|Any CPU
		{4813B4A8-4C0B-4A86-AEBC-0E32C74E1427}.Trial|Any CPU.ActiveCfg = Release|Any CPU
		{4813B4A8-4C0B-4A86-AEBC-0E32C74E1427}.Trial|Any CPU.Build.0 = Release|Any CPU
		{7627C547-6503-482B-A211-6A5641BB40B0}.Debug|Any CPU.ActiveCfg = Debug|Any CPU
		{7627C547-6503-482B-A211-6A5641BB40B0}.Debug|Any CPU.Build.0 = Debug|Any CPU
		{7627C547-6503-482B-A211-6A5641BB40B0}.Release|Any CPU.ActiveCfg = Release|Any CPU
		{7627C547-6503-482B-A211-6A5641BB40B0}.Release|Any CPU.Build.0 = Release|Any CPU
		{7627C547-6503-482B-A211-6A5641BB40B0}.Trial|Any CPU.ActiveCfg = Release|Any CPU
		{7627C547-6503-482B-A211-6A5641BB40B0}.Trial|Any CPU.Build.0 = Release|Any CPU
		{9AD0F031-0E98-4CCD-B203-5F585A524FFE}.Debug|Any CPU.ActiveCfg = Debug|Any CPU
		{9AD0F031-0E98-4CCD-B203-5F585A524FFE}.Debug|Any CPU.Build.0 = Debug|Any CPU
		{9AD0F031-0E98-4CCD-B203-5F585A524FFE}.Release|Any CPU.ActiveCfg = Release|Any CPU
		{9AD0F031-0E98-4CCD-B203-5F585A524FFE}.Release|Any CPU.Build.0 = Release|Any CPU
		{9AD0F031-0E98-4CCD-B203-5F585A524FFE}.Trial|Any CPU.ActiveCfg = Trial|Any CPU
		{9AD0F031-0E98-4CCD-B203-5F585A524FFE}.Trial|Any CPU.Build.0 = Trial|Any CPU
	EndGlobalSection
	GlobalSection(SolutionProperties) = preSolution
		HideSolutionNode = FALSE
	EndGlobalSection
EndGlobal
