
Microsoft Visual Studio Solution File, Format Version 12.00
# Visual Studio 14
VisualStudioVersion = 14.0.25420.1
MinimumVisualStudioVersion = 10.0.40219.1
Project("{FAE04EC0-301F-11D3-BF4B-00C04F79EFBC}") = "IgOutlook", "IGOutlook\IgOutlook\IgOutlook.csproj", "{87EBF5C1-7488-41A2-B313-6C1457C0D509}"
EndProject
Project("{FAE04EC0-301F-11D3-BF4B-00C04F79EFBC}") = "IgOutlook.Business", "IGOutlook\IgOutlook.Business\IgOutlook.Business.csproj", "{342A3BC3-F308-407F-9A0B-2A5E4ADA452E}"
EndProject
Project("{FAE04EC0-301F-11D3-BF4B-00C04F79EFBC}") = "IgOutlook.Infrastructure", "IGOutlook\IgOutlook.Infrastructure\IgOutlook.Infrastructure.csproj", "{FEE55250-7EB9-473C-9668-D7CCA5BE4CF3}"
EndProject
Project("{FAE04EC0-301F-11D3-BF4B-00C04F79EFBC}") = "IgOutlook.Modules.Calendar", "IGOutlook\IgOutlook.Modules.Calendar\IgOutlook.Modules.Calendar.csproj", "{4DE7A137-F050-47ED-BF31-BDED71672813}"
EndProject
Project("{FAE04EC0-301F-11D3-BF4B-00C04F79EFBC}") = "IgOutlook.Modules.Contacts", "IGOutlook\IgOutlook.Modules.Contacts\IgOutlook.Modules.Contacts.csproj", "{EA6FCFA5-1886-4123-B923-3CA7BBEEDE38}"
EndProject
Project("{FAE04EC0-301F-11D3-BF4B-00C04F79EFBC}") = "IgOutlook.Modules.Mail", "IGOutlook\IgOutlook.Modules.Mail\IgOutlook.Modules.Mail.csproj", "{A1CE768A-EE71-4589-9552-2450F339A736}"
EndProject
Project("{FAE04EC0-301F-11D3-BF4B-00C04F79EFBC}") = "IgOutlook.Services", "IGOutlook\IgOutlook.Services\IgOutlook.Services.csproj", "{0A65D83A-C5E8-4FAD-BEE5-AAF86F8381CC}"
EndProject
Global
	GlobalSection(SolutionConfigurationPlatforms) = preSolution
		Debug|Any CPU = Debug|Any CPU
		Release|Any CPU = Release|Any CPU
	EndGlobalSection
	GlobalSection(ProjectConfigurationPlatforms) = postSolution
		{87EBF5C1-7488-41A2-B313-6C1457C0D509}.Debug|Any CPU.ActiveCfg = Debug|Any CPU
		{87EBF5C1-7488-41A2-B313-6C1457C0D509}.Debug|Any CPU.Build.0 = Debug|Any CPU
		{87EBF5C1-7488-41A2-B313-6C1457C0D509}.Release|Any CPU.ActiveCfg = Release|Any CPU
		{87EBF5C1-7488-41A2-B313-6C1457C0D509}.Release|Any CPU.Build.0 = Release|Any CPU
		{342A3BC3-F308-407F-9A0B-2A5E4ADA452E}.Debug|Any CPU.ActiveCfg = Debug|Any CPU
		{342A3BC3-F308-407F-9A0B-2A5E4ADA452E}.Debug|Any CPU.Build.0 = Debug|Any CPU
		{342A3BC3-F308-407F-9A0B-2A5E4ADA452E}.Release|Any CPU.ActiveCfg = Release|Any CPU
		{342A3BC3-F308-407F-9A0B-2A5E4ADA452E}.Release|Any CPU.Build.0 = Release|Any CPU
		{FEE55250-7EB9-473C-9668-D7CCA5BE4CF3}.Debug|Any CPU.ActiveCfg = Debug|Any CPU
		{FEE55250-7EB9-473C-9668-D7CCA5BE4CF3}.Debug|Any CPU.Build.0 = Debug|Any CPU
		{FEE55250-7EB9-473C-9668-D7CCA5BE4CF3}.Release|Any CPU.ActiveCfg = Release|Any CPU
		{FEE55250-7EB9-473C-9668-D7CCA5BE4CF3}.Release|Any CPU.Build.0 = Release|Any CPU
		{4DE7A137-F050-47ED-BF31-BDED71672813}.Debug|Any CPU.ActiveCfg = Debug|Any CPU
		{4DE7A137-F050-47ED-BF31-BDED71672813}.Debug|Any CPU.Build.0 = Debug|Any CPU
		{4DE7A137-F050-47ED-BF31-BDED71672813}.Release|Any CPU.ActiveCfg = Release|Any CPU
		{4DE7A137-F050-47ED-BF31-BDED71672813}.Release|Any CPU.Build.0 = Release|Any CPU
		{EA6FCFA5-1886-4123-B923-3CA7BBEEDE38}.Debug|Any CPU.ActiveCfg = Debug|Any CPU
		{EA6FCFA5-1886-4123-B923-3CA7BBEEDE38}.Debug|Any CPU.Build.0 = Debug|Any CPU
		{EA6FCFA5-1886-4123-B923-3CA7BBEEDE38}.Release|Any CPU.ActiveCfg = Release|Any CPU
		{EA6FCFA5-1886-4123-B923-3CA7BBEEDE38}.Release|Any CPU.Build.0 = Release|Any CPU
		{A1CE768A-EE71-4589-9552-2450F339A736}.Debug|Any CPU.ActiveCfg = Debug|Any CPU
		{A1CE768A-EE71-4589-9552-2450F339A736}.Debug|Any CPU.Build.0 = Debug|Any CPU
		{A1CE768A-EE71-4589-9552-2450F339A736}.Release|Any CPU.ActiveCfg = Release|Any CPU
		{A1CE768A-EE71-4589-9552-2450F339A736}.Release|Any CPU.Build.0 = Release|Any CPU
		{0A65D83A-C5E8-4FAD-BEE5-AAF86F8381CC}.Debug|Any CPU.ActiveCfg = Debug|Any CPU
		{0A65D83A-C5E8-4FAD-BEE5-AAF86F8381CC}.Debug|Any CPU.Build.0 = Debug|Any CPU
		{0A65D83A-C5E8-4FAD-BEE5-AAF86F8381CC}.Release|Any CPU.ActiveCfg = Release|Any CPU
		{0A65D83A-C5E8-4FAD-BEE5-AAF86F8381CC}.Release|Any CPU.Build.0 = Release|Any CPU
	EndGlobalSection
	GlobalSection(SolutionProperties) = preSolution
		HideSolutionNode = FALSE
	EndGlobalSection
	GlobalSection(TeamFoundationVersionControl) = preSolution
		SccNumberOfProjects = 8
		SccEnterpriseProvider = {4CA58AB2-18FA-4F8D-95D4-32DDF27D184C}
		SccTeamFoundationServer = http://tfs.infragistics.local:8080/tfs/engineering
		SccProjectUniqueName0 = IGOutlook\\IgOutlook\\IgOutlook.csproj
		SccProjectName0 = IGOutlook/IgOutlook
		SccLocalPath0 = IGOutlook\\IgOutlook
		SccProjectUniqueName1 = IGOutlook\\IgOutlook.Business\\IgOutlook.Business.csproj
		SccProjectName1 = IGOutlook/IgOutlook.Business
		SccLocalPath1 = IGOutlook\\IgOutlook.Business
		SccProjectUniqueName2 = IGOutlook\\IgOutlook.Infrastructure\\IgOutlook.Infrastructure.csproj
		SccProjectName2 = IGOutlook/IgOutlook.Infrastructure
		SccLocalPath2 = IGOutlook\\IgOutlook.Infrastructure
		SccProjectUniqueName3 = IGOutlook\\IgOutlook.Modules.Calendar\\IgOutlook.Modules.Calendar.csproj
		SccProjectName3 = IGOutlook/IgOutlook.Modules.Calendar
		SccLocalPath3 = IGOutlook\\IgOutlook.Modules.Calendar
		SccProjectUniqueName4 = IGOutlook\\IgOutlook.Modules.Contacts\\IgOutlook.Modules.Contacts.csproj
		SccProjectName4 = IGOutlook/IgOutlook.Modules.Contacts
		SccLocalPath4 = IGOutlook\\IgOutlook.Modules.Contacts
		SccProjectUniqueName5 = IGOutlook\\IgOutlook.Modules.Mail\\IgOutlook.Modules.Mail.csproj
		SccProjectName5 = IGOutlook/IgOutlook.Modules.Mail
		SccLocalPath5 = IGOutlook\\IgOutlook.Modules.Mail
		SccProjectUniqueName6 = IGOutlook\\IgOutlook.Services\\IgOutlook.Services.csproj
		SccProjectName6 = IGOutlook/IgOutlook.Services
		SccLocalPath6 = IGOutlook\\IgOutlook.Services
		SccLocalPath7 = .
	EndGlobalSection
EndGlobal
