
Microsoft Visual Studio Solution File, Format Version 12.00
# Visual Studio 15
VisualStudioVersion = 15.0.28010.2050
MinimumVisualStudioVersion = 10.0.40219.1
Project("{FAE04EC0-301F-11D3-BF4B-00C04F79EFBC}") = "IgOutlook", "IGOutlook\IgOutlook\IgOutlook.csproj", "{87EBF5C1-7488-41A2-B313-6C1457C0D509}"
EndProject
Project("{FAE04EC0-301F-11D3-BF4B-00C04F79EFBC}") = "IgOutlook.Business", "IGOutlook\IgOutlook.Business\IgOutlook.Business.csproj", "{342A3BC3-F308-407F-9A0B-2A5E4ADA452E}"
EndProject
Project("{FAE04EC0-301F-11D3-BF4B-00C04F79EFBC}") = "IgOutlook.Infrastructure", "IGOutlook\IgOutlook.Infrastructure\IgOutlook.Infrastructure.csproj", "{FEE55250-7EB9-473C-9668-D7CCA5BE4CF3}"
EndProject
Project("{FAE04EC0-301F-11D3-BF4B-00C04F79EFBC}") = "IgOutlook.Modules.Calendar", "IGOutlook\IgOutlook.Modules.Calendar\IgOutlook.Modules.Calendar.csproj", "{4DE7A137-F050-47ED-BF31-BDED71672813}"
EndProject
Project("{FAE04EC0-301F-11D3-BF4B-00C04F79EFBC}") = "IgOutlook.Modules.Contacts", "IGOutlook\IgOutlook.Modules.Contacts\IgOutlook.Modules.Contacts.csproj", "{EA6FCFA5-1886-4123-B923-3CA7BBEEDE38}"
EndProject
Project("{FAE04EC0-301F-11D3-BF4B-00C04F79EFBC}") = "IgOutlook.Modules.Mail", "IGOutlook\IgOutlook.Modules.Mail\IgOutlook.Modules.Mail.csproj", "{A1CE768A-EE71-4589-9552-2450F339A736}"
EndProject
Project("{FAE04EC0-301F-11D3-BF4B-00C04F79EFBC}") = "IgOutlook.Services", "IGOutlook\IgOutlook.Services\IgOutlook.Services.csproj", "{0A65D83A-C5E8-4FAD-BEE5-AAF86F8381CC}"
EndProject
Global
	GlobalSection(SolutionConfigurationPlatforms) = preSolution
		Debug|Any CPU = Debug|Any CPU
		Debug|x64 = Debug|x64
		Release|Any CPU = Release|Any CPU
		Release|x64 = Release|x64
	EndGlobalSection
	GlobalSection(ProjectConfigurationPlatforms) = postSolution
		{87EBF5C1-7488-41A2-B313-6C1457C0D509}.Debug|Any CPU.ActiveCfg = Debug|Any CPU
		{87EBF5C1-7488-41A2-B313-6C1457C0D509}.Debug|Any CPU.Build.0 = Debug|Any CPU
		{87EBF5C1-7488-41A2-B313-6C1457C0D509}.Debug|x64.ActiveCfg = Debug|x64
		{87EBF5C1-7488-41A2-B313-6C1457C0D509}.Debug|x64.Build.0 = Debug|x64
		{87EBF5C1-7488-41A2-B313-6C1457C0D509}.Release|Any CPU.ActiveCfg = Release|Any CPU
		{87EBF5C1-7488-41A2-B313-6C1457C0D509}.Release|Any CPU.Build.0 = Release|Any CPU
		{87EBF5C1-7488-41A2-B313-6C1457C0D509}.Release|x64.ActiveCfg = Release|x64
		{87EBF5C1-7488-41A2-B313-6C1457C0D509}.Release|x64.Build.0 = Release|x64
		{342A3BC3-F308-407F-9A0B-2A5E4ADA452E}.Debug|Any CPU.ActiveCfg = Debug|Any CPU
		{342A3BC3-F308-407F-9A0B-2A5E4ADA452E}.Debug|Any CPU.Build.0 = Debug|Any CPU
		{342A3BC3-F308-407F-9A0B-2A5E4ADA452E}.Debug|x64.ActiveCfg = Debug|x64
		{342A3BC3-F308-407F-9A0B-2A5E4ADA452E}.Debug|x64.Build.0 = Debug|x64
		{342A3BC3-F308-407F-9A0B-2A5E4ADA452E}.Release|Any CPU.ActiveCfg = Release|Any CPU
		{342A3BC3-F308-407F-9A0B-2A5E4ADA452E}.Release|Any CPU.Build.0 = Release|Any CPU
		{342A3BC3-F308-407F-9A0B-2A5E4ADA452E}.Release|x64.ActiveCfg = Release|x64
		{342A3BC3-F308-407F-9A0B-2A5E4ADA452E}.Release|x64.Build.0 = Release|x64
		{FEE55250-7EB9-473C-9668-D7CCA5BE4CF3}.Debug|Any CPU.ActiveCfg = Debug|Any CPU
		{FEE55250-7EB9-473C-9668-D7CCA5BE4CF3}.Debug|Any CPU.Build.0 = Debug|Any CPU
		{FEE55250-7EB9-473C-9668-D7CCA5BE4CF3}.Debug|x64.ActiveCfg = Debug|x64
		{FEE55250-7EB9-473C-9668-D7CCA5BE4CF3}.Debug|x64.Build.0 = Debug|x64
		{FEE55250-7EB9-473C-9668-D7CCA5BE4CF3}.Release|Any CPU.ActiveCfg = Release|Any CPU
		{FEE55250-7EB9-473C-9668-D7CCA5BE4CF3}.Release|Any CPU.Build.0 = Release|Any CPU
		{FEE55250-7EB9-473C-9668-D7CCA5BE4CF3}.Release|x64.ActiveCfg = Release|x64
		{FEE55250-7EB9-473C-9668-D7CCA5BE4CF3}.Release|x64.Build.0 = Release|x64
		{4DE7A137-F050-47ED-BF31-BDED71672813}.Debug|Any CPU.ActiveCfg = Debug|Any CPU
		{4DE7A137-F050-47ED-BF31-BDED71672813}.Debug|Any CPU.Build.0 = Debug|Any CPU
		{4DE7A137-F050-47ED-BF31-BDED71672813}.Debug|x64.ActiveCfg = Debug|x64
		{4DE7A137-F050-47ED-BF31-BDED71672813}.Debug|x64.Build.0 = Debug|x64
		{4DE7A137-F050-47ED-BF31-BDED71672813}.Release|Any CPU.ActiveCfg = Release|Any CPU
		{4DE7A137-F050-47ED-BF31-BDED71672813}.Release|Any CPU.Build.0 = Release|Any CPU
		{4DE7A137-F050-47ED-BF31-BDED71672813}.Release|x64.ActiveCfg = Release|x64
		{4DE7A137-F050-47ED-BF31-BDED71672813}.Release|x64.Build.0 = Release|x64
		{EA6FCFA5-1886-4123-B923-3CA7BBEEDE38}.Debug|Any CPU.ActiveCfg = Debug|Any CPU
		{EA6FCFA5-1886-4123-B923-3CA7BBEEDE38}.Debug|Any CPU.Build.0 = Debug|Any CPU
		{EA6FCFA5-1886-4123-B923-3CA7BBEEDE38}.Debug|x64.ActiveCfg = Debug|x64
		{EA6FCFA5-1886-4123-B923-3CA7BBEEDE38}.Debug|x64.Build.0 = Debug|x64
		{EA6FCFA5-1886-4123-B923-3CA7BBEEDE38}.Release|Any CPU.ActiveCfg = Release|Any CPU
		{EA6FCFA5-1886-4123-B923-3CA7BBEEDE38}.Release|Any CPU.Build.0 = Release|Any CPU
		{EA6FCFA5-1886-4123-B923-3CA7BBEEDE38}.Release|x64.ActiveCfg = Release|x64
		{EA6FCFA5-1886-4123-B923-3CA7BBEEDE38}.Release|x64.Build.0 = Release|x64
		{A1CE768A-EE71-4589-9552-2450F339A736}.Debug|Any CPU.ActiveCfg = Debug|Any CPU
		{A1CE768A-EE71-4589-9552-2450F339A736}.Debug|Any CPU.Build.0 = Debug|Any CPU
		{A1CE768A-EE71-4589-9552-2450F339A736}.Debug|x64.ActiveCfg = Debug|x64
		{A1CE768A-EE71-4589-9552-2450F339A736}.Debug|x64.Build.0 = Debug|x64
		{A1CE768A-EE71-4589-9552-2450F339A736}.Release|Any CPU.ActiveCfg = Release|Any CPU
		{A1CE768A-EE71-4589-9552-2450F339A736}.Release|Any CPU.Build.0 = Release|Any CPU
		{A1CE768A-EE71-4589-9552-2450F339A736}.Release|x64.ActiveCfg = Release|x64
		{A1CE768A-EE71-4589-9552-2450F339A736}.Release|x64.Build.0 = Release|x64
		{0A65D83A-C5E8-4FAD-BEE5-AAF86F8381CC}.Debug|Any CPU.ActiveCfg = Debug|Any CPU
		{0A65D83A-C5E8-4FAD-BEE5-AAF86F8381CC}.Debug|Any CPU.Build.0 = Debug|Any CPU
		{0A65D83A-C5E8-4FAD-BEE5-AAF86F8381CC}.Debug|x64.ActiveCfg = Debug|x64
		{0A65D83A-C5E8-4FAD-BEE5-AAF86F8381CC}.Debug|x64.Build.0 = Debug|x64
		{0A65D83A-C5E8-4FAD-BEE5-AAF86F8381CC}.Release|Any CPU.ActiveCfg = Release|Any CPU
		{0A65D83A-C5E8-4FAD-BEE5-AAF86F8381CC}.Release|Any CPU.Build.0 = Release|Any CPU
		{0A65D83A-C5E8-4FAD-BEE5-AAF86F8381CC}.Release|x64.ActiveCfg = Release|x64
		{0A65D83A-C5E8-4FAD-BEE5-AAF86F8381CC}.Release|x64.Build.0 = Release|x64
	EndGlobalSection
	GlobalSection(SolutionProperties) = preSolution
		HideSolutionNode = FALSE
	EndGlobalSection
	GlobalSection(ExtensibilityGlobals) = postSolution
		SolutionGuid = {41161E01-43F9-4A54-97D8-31FDA2AB3A40}
	EndGlobalSection
EndGlobal
