
Microsoft Visual Studio Solution File, Format Version 12.00
# Visual Studio Version 17
VisualStudioVersion = 17.5.33627.172
MinimumVisualStudioVersion = 10.0.40219.1
Project("{FAE04EC0-301F-11D3-BF4B-00C04F79EFBC}") = "Infragistics.SamplesBrowser.WPF", "Infragistics.SamplesBrowser.WPF\Infragistics.SamplesBrowser.WPF.csproj", "{DA25F8D0-23A2-4C74-BBF4-FE44D90A34AB}"
	ProjectSection(ProjectDependencies) = postProject
		{BCC57939-5F16-4382-9456-A8C18007AC69} = {BCC57939-5F16-4382-9456-A8C18007AC69}
	EndProjectSection
EndProject
Project("{FAE04EC0-301F-11D3-BF4B-00C04F79EFBC}") = "Infragistics.Samples.Framework.WPF", "Infragistics.Samples.Framework\Infragistics.Samples.Framework.WPF.csproj", "{9D1438D4-80AD-400D-976A-F4500A79C6E9}"
EndProject
Project("{FAE04EC0-301F-11D3-BF4B-00C04F79EFBC}") = "Infragistics.Samples.Shared.WPF", "Infragistics.Samples.Shared\Infragistics.Samples.Shared.WPF.csproj", "{AEA4805F-4C96-4943-BD61-34C18F96C2D9}"
EndProject
Project("{FAE04EC0-301F-11D3-BF4B-00C04F79EFBC}") = "IGDataChart.WPF", "IGDataChart\IGDataChart.WPF.csproj", "{AC839FB7-1804-40AB-B6D8-538B4A49B785}"
EndProject
Project("{FAE04EC0-301F-11D3-BF4B-00C04F79EFBC}") = "Infragistics.Samples.Assets.WPF", "Infragistics.Samples.Assets\Infragistics.Samples.Assets.WPF.csproj", "{DBF6EEAB-4ECD-48FB-BDDC-544EC71CF0EE}"
EndProject
Project("{FAE04EC0-301F-11D3-BF4B-00C04F79EFBC}") = "IGMap.WPF", "IGMap\IGMap.WPF.csproj", "{17F207A5-6A1C-4FD8-AEF2-BB0EC3FBC27D}"
EndProject
Project("{FAE04EC0-301F-11D3-BF4B-00C04F79EFBC}") = "IGResourceWasher.WPF", "IGResourceWasher\IGResourceWasher.WPF.csproj", "{B87117C8-CBF1-4AC0-B84C-055DBBDDD296}"
EndProject
Project("{FAE04EC0-301F-11D3-BF4B-00C04F79EFBC}") = "IGTileManager.WPF", "IGTileManager\IGTileManager.WPF.csproj", "{FD94A91C-7D3D-4570-9638-0F13819EF5E7}"
EndProject
Project("{FAE04EC0-301F-11D3-BF4B-00C04F79EFBC}") = "IGPieChart.WPF", "IGPieChart\IGPieChart.WPF.csproj", "{34D05D84-CD40-4943-828E-A4B9D846C5D4}"
EndProject
Project("{FAE04EC0-301F-11D3-BF4B-00C04F79EFBC}") = "IGDialogWindow.WPF", "IGDialogWindow\IGDialogWindow.WPF.csproj", "{FB8CDA79-EE25-4660-A49C-09E54C6913E7}"
EndProject
Project("{FAE04EC0-301F-11D3-BF4B-00C04F79EFBC}") = "IGCalendar.WPF", "IGCalendar\IGCalendar.WPF.csproj", "{8F121353-175C-424C-B591-34B81AEDC931}"
EndProject
Project("{FAE04EC0-301F-11D3-BF4B-00C04F79EFBC}") = "IGCarouselListBox.WPF", "IGCarouselListBox\IGCarouselListBox.WPF.csproj", "{AB7F9796-35CA-46BB-A3E2-4635CA07D58B}"
EndProject
Project("{FAE04EC0-301F-11D3-BF4B-00C04F79EFBC}") = "IGCarouselPanel.WPF", "IGCarouselPanel\IGCarouselPanel.WPF.csproj", "{8777554F-3FE4-42E8-9DC7-F571C60F2951}"
EndProject
Project("{FAE04EC0-301F-11D3-BF4B-00C04F79EFBC}") = "IGColorPicker.WPF", "IGColorPicker\IGColorPicker.WPF.csproj", "{1DF5B377-502C-4B5A-AABD-721C249DA094}"
EndProject
Project("{FAE04EC0-301F-11D3-BF4B-00C04F79EFBC}") = "IGComboEditor.WPF", "IGComboEditor\IGComboEditor.WPF.csproj", "{8436FF83-5E6C-48C6-BCE3-811ACB812FA5}"
EndProject
Project("{FAE04EC0-301F-11D3-BF4B-00C04F79EFBC}") = "IGContextMenu.WPF", "IGContextMenu\IGContextMenu.WPF.csproj", "{19BADCCC-2BCB-4D4D-9B08-C920B288B6C4}"
EndProject
Project("{FAE04EC0-301F-11D3-BF4B-00C04F79EFBC}") = "IGMultiColumnComboEditor.WPF", "IGMultiColumnComboEditor\IGMultiColumnComboEditor.WPF.csproj", "{39428D4C-C563-4205-9765-CE72E7B9F841}"
EndProject
Project("{FAE04EC0-301F-11D3-BF4B-00C04F79EFBC}") = "IGFormulaEditor.WPF", "IGFormulaEditor\IGFormulaEditor.WPF.csproj", "{4C29EA93-CA5D-46B4-801C-7A430B64E8B4}"
EndProject
Project("{FAE04EC0-301F-11D3-BF4B-00C04F79EFBC}") = "IGBarcode.WPF", "IGBarcode\IGBarcode.WPF.csproj", "{66556278-B078-4C82-A547-2112A323C7C1}"
EndProject
Project("{FAE04EC0-301F-11D3-BF4B-00C04F79EFBC}") = "IGBarcodeReader.WPF", "IGBarcodeReader\IGBarcodeReader.WPF.csproj", "{6B666857-17FE-4327-8991-812FFC39EC82}"
EndProject
Project("{FAE04EC0-301F-11D3-BF4B-00C04F79EFBC}") = "IGCalculationManager.WPF", "IGCalculationManager\IGCalculationManager.WPF.csproj", "{7A690C9D-4D83-44FA-A3E5-5A1ED84EEFE1}"
EndProject
Project("{FAE04EC0-301F-11D3-BF4B-00C04F79EFBC}") = "IGDataCards.WPF", "IGDataCards\IGDataCards.WPF.csproj", "{A4D88879-D71F-4740-AF64-8ECE034F0896}"
EndProject
Project("{FAE04EC0-301F-11D3-BF4B-00C04F79EFBC}") = "IGDataCarousel.WPF", "IGDataCarousel\IGDataCarousel.WPF.csproj", "{171A8566-5D44-4A04-A3D9-BA30DE27D54C}"
EndProject
Project("{FAE04EC0-301F-11D3-BF4B-00C04F79EFBC}") = "IGDataPresenter.WPF", "IGDataPresenter\IGDataPresenter.WPF.csproj", "{BCC57939-5F16-4382-9456-A8C18007AC69}"
EndProject
Project("{FAE04EC0-301F-11D3-BF4B-00C04F79EFBC}") = "IGDataTree.WPF", "IGDataTree\IGDataTree.WPF.csproj", "{A733CEF4-0AE3-46F8-8A52-942456DBB6CF}"
EndProject
Project("{FAE04EC0-301F-11D3-BF4B-00C04F79EFBC}") = "IGDockManager.WPF", "IGDockManager\IGDockManager.WPF.csproj", "{BB6BF67C-C0BF-4741-AFA9-0E26C137A54E}"
EndProject
Project("{FAE04EC0-301F-11D3-BF4B-00C04F79EFBC}") = "IGDragDropFramework.WPF", "IGDragDropFramework\IGDragDropFramework.WPF.csproj", "{5A85B763-88B5-4928-A783-1E86FC590E14}"
EndProject
Project("{FAE04EC0-301F-11D3-BF4B-00C04F79EFBC}") = "IGEditors.WPF", "IGEditors\IGEditors.WPF.csproj", "{5A59C3AA-1381-4E33-B59C-A24A893CDB12}"
EndProject
Project("{FAE04EC0-301F-11D3-BF4B-00C04F79EFBC}") = "IGExcel.WPF", "IGExcel\IGExcel.WPF.csproj", "{CA218A7C-B736-4EE8-B14D-686998AA78FB}"
EndProject
Project("{FAE04EC0-301F-11D3-BF4B-00C04F79EFBC}") = "IGFunnelChart.WPF", "IGFunnelChart\IGFunnelChart.WPF.csproj", "{BDDE1455-19E1-4BDB-B9BC-A465A7CEF1F3}"
EndProject
Project("{FAE04EC0-301F-11D3-BF4B-00C04F79EFBC}") = "IGMath.WPF", "IGMath\IGMath.WPF.csproj", "{F44F0818-823D-4D42-9299-7A67CB422AC5}"
EndProject
Project("{FAE04EC0-301F-11D3-BF4B-00C04F79EFBC}") = "IGMenu.WPF", "IGMenu\IGMenu.WPF.csproj", "{F10AAB29-266F-445B-AC1E-832558C250C8}"
EndProject
Project("{FAE04EC0-301F-11D3-BF4B-00C04F79EFBC}") = "IGMonthCalendar.WPF", "IGMonthCalendar\IGMonthCalendar.WPF.csproj", "{D4B84756-151E-4281-9DE0-F3DD2D9A6A10}"
EndProject
Project("{FAE04EC0-301F-11D3-BF4B-00C04F79EFBC}") = "IGNetworkNode.WPF", "IGNetworkNode\IGNetworkNode.WPF.csproj", "{36818045-18C0-4ACC-ACCC-5EFFD88E7229}"
EndProject
Project("{FAE04EC0-301F-11D3-BF4B-00C04F79EFBC}") = "IGOrgChart.WPF", "IGOrgChart\IGOrgChart.WPF.csproj", "{8C78BE1A-8631-4F93-9279-640613C6950C}"
EndProject
Project("{FAE04EC0-301F-11D3-BF4B-00C04F79EFBC}") = "IGOutlookBar.WPF", "IGOutlookBar\IGOutlookBar.WPF.csproj", "{EF231A5C-2CF6-46AE-AD53-61ACC42754AB}"
EndProject
Project("{FAE04EC0-301F-11D3-BF4B-00C04F79EFBC}") = "IGPersistenceFramework.WPF", "IGPersistenceFramework\IGPersistenceFramework.WPF.csproj", "{32962C02-8764-478B-ADA8-2E94C3CCAEA2}"
EndProject
Project("{FAE04EC0-301F-11D3-BF4B-00C04F79EFBC}") = "IGPivotGrid.WPF", "IGPivotGrid\IGPivotGrid.WPF.csproj", "{60D336DE-AB21-4207-A0C5-BD1AC8621E6A}"
EndProject
Project("{FAE04EC0-301F-11D3-BF4B-00C04F79EFBC}") = "IGReporting.WPF", "IGReporting\IGReporting.WPF.csproj", "{E748CD2C-F3BB-49B9-95EA-2785A39F7110}"
EndProject
Project("{FAE04EC0-301F-11D3-BF4B-00C04F79EFBC}") = "IGRibbon.WPF", "IGRibbon\IGRibbon.WPF.csproj", "{37A7C67C-1072-489A-966A-2E1A18E3CCEF}"
EndProject
Project("{FAE04EC0-301F-11D3-BF4B-00C04F79EFBC}") = "IGSchedule.WPF", "IGSchedule\IGSchedule.WPF.csproj", "{8411DD50-D87E-4222-BE45-1A16864619AF}"
EndProject
Project("{FAE04EC0-301F-11D3-BF4B-00C04F79EFBC}") = "IGSlider.WPF", "IGSlider\IGSlider.WPF.csproj", "{2A3E4014-46F2-44DC-A4D0-2B5D229D2630}"
EndProject
Project("{FAE04EC0-301F-11D3-BF4B-00C04F79EFBC}") = "IGSparkline.WPF", "IGSparkline\IGSparkline.WPF.csproj", "{31E01FD1-4948-4A62-A59C-FD2C7B83872E}"
EndProject
Project("{FAE04EC0-301F-11D3-BF4B-00C04F79EFBC}") = "IGSpellChecker.WPF", "IGSpellChecker\IGSpellChecker.WPF.csproj", "{3FF50472-EAE4-4014-9E3F-84D8A2B2B7E7}"
EndProject
Project("{FAE04EC0-301F-11D3-BF4B-00C04F79EFBC}") = "IGTabControl.WPF", "IGTabControl\IGTabControl.WPF.csproj", "{DD931692-C9B9-4F89-A31E-F606313DC583}"
EndProject
Project("{FAE04EC0-301F-11D3-BF4B-00C04F79EFBC}") = "IGTagCloud.WPF", "IGTagCloud\IGTagCloud.WPF.csproj", "{E72C83AC-7A6C-4F34-9DE2-CA17CF273737}"
EndProject
Project("{FAE04EC0-301F-11D3-BF4B-00C04F79EFBC}") = "IGTimeline.WPF", "IGTimeline\IGTimeline.WPF.csproj", "{4DCC8FE1-01E4-411D-9ACF-D3C5FDC396A6}"
EndProject
Project("{FAE04EC0-301F-11D3-BF4B-00C04F79EFBC}") = "IGTreemap.WPF", "IGTreemap\IGTreemap.WPF.csproj", "{57BF0155-99C0-4A7B-8E9C-A48907D9688B}"
EndProject
Project("{FAE04EC0-301F-11D3-BF4B-00C04F79EFBC}") = "IGWord.WPF", "IGWord\IGWord.WPF.csproj", "{302D555C-4A07-4282-87BB-CEF51269BB15}"
EndProject
Project("{FAE04EC0-301F-11D3-BF4B-00C04F79EFBC}") = "IGZoombar.WPF", "IGZoombar\IGZoombar.WPF.csproj", "{7367886D-D960-47A8-901C-150942D43BFD}"
EndProject
Project("{FAE04EC0-301F-11D3-BF4B-00C04F79EFBC}") = "IGDataGrid.WPF", "IGDataGrid\IGDataGrid.WPF.csproj", "{7AF53654-52D3-4314-AE54-8827D0E163C0}"
EndProject
Project("{FAE04EC0-301F-11D3-BF4B-00C04F79EFBC}") = "IGGeographicMap.WPF", "IGGeographicMap\IGGeographicMap.WPF.csproj", "{8E0B1831-3898-495C-AF7B-E4F90BBD53A2}"
EndProject
Project("{FAE04EC0-301F-11D3-BF4B-00C04F79EFBC}") = "Infragistics.Samples.Services.WPF", "Infragistics.Samples.Services\Infragistics.Samples.Services.WPF.csproj", "{303EBB44-B4CB-49B4-B6DE-70C27F9DD7E0}"
EndProject
Project("{FAE04EC0-301F-11D3-BF4B-00C04F79EFBC}") = "IGUndoRedoFramework.WPF", "IGUndoRedoFramework\IGUndoRedoFramework.WPF.csproj", "{79EFB9CF-0170-44CA-B73E-280225D97CEC}"
EndProject
Project("{2150E333-8FDC-42A3-9474-1A3956D46DE8}") = "Barcodes", "Barcodes", "{C78AEA97-B378-4B7A-B24F-F5765860DAF6}"
EndProject
Project("{2150E333-8FDC-42A3-9474-1A3956D46DE8}") = "Frameworks", "Frameworks", "{F6F4673C-00F8-43D7-9284-DA79DD1143C6}"
EndProject
Project("{2150E333-8FDC-42A3-9474-1A3956D46DE8}") = "Grids", "Grids", "{6D2C2211-4658-48F2-A326-4C9D97D15FF2}"
EndProject
Project("{2150E333-8FDC-42A3-9474-1A3956D46DE8}") = "Layouts", "Layouts", "{2214166D-3B85-48E8-88CC-2FC60A500B68}"
EndProject
Project("{2150E333-8FDC-42A3-9474-1A3956D46DE8}") = "Maps", "Maps", "{C19C448B-FEDF-4165-A4A9-57B95AF58288}"
EndProject
Project("{2150E333-8FDC-42A3-9474-1A3956D46DE8}") = "Interactions", "Interactions", "{F7F263FA-BE81-4B45-AC8F-B8353C3C9164}"
EndProject
Project("{2150E333-8FDC-42A3-9474-1A3956D46DE8}") = "Menus", "Menus", "{BBD66AD1-F39F-4C8A-9A80-87B86CB6F7F6}"
EndProject
Project("{2150E333-8FDC-42A3-9474-1A3956D46DE8}") = "Schedules", "Schedules", "{CF100BE5-1336-4041-8757-3BD439EF64A8}"
EndProject
Project("{2150E333-8FDC-42A3-9474-1A3956D46DE8}") = "Timelines", "Timelines", "{9DB16015-42C1-4791-99EF-C22397F6DF46}"
EndProject
Project("{2150E333-8FDC-42A3-9474-1A3956D46DE8}") = "Charts", "Charts", "{CEFD0391-CBD4-41AB-B553-66AA99DE7F08}"
EndProject
Project("{2150E333-8FDC-42A3-9474-1A3956D46DE8}") = "Editors", "Editors", "{0122F54F-BD45-4807-8FC4-F530CC620489}"
EndProject
Project("{FAE04EC0-301F-11D3-BF4B-00C04F79EFBC}") = "IGGantt.WPF", "IGGantt\IGGantt.WPF.csproj", "{5FBA0981-7934-4E38-906C-215BEE658740}"
EndProject
Project("{FAE04EC0-301F-11D3-BF4B-00C04F79EFBC}") = "IGSyntaxEditor.WPF", "IGSyntaxEditor\IGSyntaxEditor.WPF.csproj", "{F357D08F-ACD6-431F-9D25-F9844E5038BB}"
EndProject
Project("{FAE04EC0-301F-11D3-BF4B-00C04F79EFBC}") = "IGSyntaxParsingEngine.WPF", "IGSyntaxParsingEngine\IGSyntaxParsingEngine.WPF.csproj", "{5A4A5FFD-5326-48CB-839F-DC88D1063BE1}"
EndProject
Project("{FAE04EC0-301F-11D3-BF4B-00C04F79EFBC}") = "IGRadialGauge.WPF", "IGRadialGauge\IGRadialGauge.WPF.csproj", "{465E711C-0B20-4B11-8B20-01E11395F75A}"
EndProject
Project("{FAE04EC0-301F-11D3-BF4B-00C04F79EFBC}") = "IGDoughnutChart.WPF", "IGDoughnutChart\IGDoughnutChart.WPF.csproj", "{019B88A2-B344-4841-9DC8-F356B0EF447F}"
EndProject
Project("{FAE04EC0-301F-11D3-BF4B-00C04F79EFBC}") = "IGRichTextEditor.WPF", "IGRichTextEditor\IGRichTextEditor.WPF.csproj", "{D00170B5-C548-43C8-BADC-0C5EF437D494}"
EndProject
Project("{FAE04EC0-301F-11D3-BF4B-00C04F79EFBC}") = "IGBulletGraph.WPF", "IGBulletGraph\IGBulletGraph.WPF.csproj", "{A8E31C83-CFD4-4DCD-9A30-6C24920D3322}"
EndProject
Project("{FAE04EC0-301F-11D3-BF4B-00C04F79EFBC}") = "IGLinearGauge.WPF", "IGLinearGauge\IGLinearGauge.WPF.csproj", "{FC266A58-37E8-4474-954E-43A3E5742A98}"
EndProject
Project("{2150E333-8FDC-42A3-9474-1A3956D46DE8}") = "Gauges", "Gauges", "{A3CBE03F-6A6E-4088-BE8F-7DF4F6C2FF5E}"
EndProject
Project("{FAE04EC0-301F-11D3-BF4B-00C04F79EFBC}") = "IGRadialMenu.WPF", "IGRadialMenu\IGRadialMenu.WPF.csproj", "{FDF978E4-6DB6-4C9A-B068-6BBE83B0B71A}"
EndProject
Project("{FAE04EC0-301F-11D3-BF4B-00C04F79EFBC}") = "IGDiagram.WPF", "IGDiagram\IGDiagram.WPF.csproj", "{DA7C3212-894C-40D9-89C4-64B668B81318}"
EndProject
Project("{FAE04EC0-301F-11D3-BF4B-00C04F79EFBC}") = "IGSpreadsheet.WPF", "IGSpreadsheet\IGSpreadsheet.WPF.csproj", "{2650272B-EA5A-4386-BBBC-F4872215AB13}"
EndProject
Project("{FAE04EC0-301F-11D3-BF4B-00C04F79EFBC}") = "IGPropertyGrid.WPF", "IGPropertyGrid\IGPropertyGrid.WPF.csproj", "{A356F1B4-46C0-4C35-BACC-6467E567C6B2}"
EndProject
Project("{FAE04EC0-301F-11D3-BF4B-00C04F79EFBC}") = "IGThemeManager.WPF", "IGThemeManager\IGThemeManager.WPF.csproj", "{5156F13B-1EB1-4057-A0C7-2D4D1742FCAF}"
EndProject
Project("{FAE04EC0-301F-11D3-BF4B-00C04F79EFBC}") = "IGTreeGrid.WPF", "IGTreeGrid\IGTreeGrid.WPF.csproj", "{482C6988-7317-4B26-AC00-6A3C67A544FA}"
EndProject
Project("{FAE04EC0-301F-11D3-BF4B-00C04F79EFBC}") = "IGBusyIndicator.WPF", "IGBusyIndicator\IGBusyIndicator.WPF.csproj", "{2D2B8B72-B72E-4EE8-8A9D-E734CC276C12}"
EndProject
Project("{FAE04EC0-301F-11D3-BF4B-00C04F79EFBC}") = "IGSurfaceChart.WPF", "IGSurfaceChart\IGSurfaceChart.WPF.csproj", "{918FD381-9A11-4EA7-A897-896694C29775}"
EndProject
Project("{FAE04EC0-301F-11D3-BF4B-00C04F79EFBC}") = "IGCategoryChart.WPF", "IGCategoryChart\IGCategoryChart.WPF.csproj", "{5E19EAC2-A5A7-42E4-AC66-94F6AC455E32}"
EndProject
Project("{FAE04EC0-301F-11D3-BF4B-00C04F79EFBC}") = "IGShapeChart", "IGShapeChart\IGShapeChart.csproj", "{9BAD0F1A-EA87-42CF-B44C-A984E1CA2FCB}"
EndProject
Project("{FAE04EC0-301F-11D3-BF4B-00C04F79EFBC}") = "IGFinancialChart", "IGFinancialChart\IGFinancialChart.csproj", "{01C424E5-5848-4DF3-A5BD-FC76A8EDFEF9}"
EndProject
Project("{FAE04EC0-301F-11D3-BF4B-00C04F79EFBC}") = "IGToolbar.WPF", "IGToolbar\IGToolbar.WPF.csproj", "{F7E1C348-3A5E-454E-9552-2CFA48306DE8}"
EndProject
Project("{2150E333-8FDC-42A3-9474-1A3956D46DE8}") = "Application", "Application", "{EB70D3DA-B4FB-4925-8A2C-A65A149A7869}"
	ProjectSection(SolutionItems) = preProject
		..\README.md = ..\README.md
	EndProjectSection
EndProject
Project("{2150E333-8FDC-42A3-9474-1A3956D46DE8}") = "SharedProjects", "SharedProjects", "{23B35496-8BAB-494D-BE2E-76A0513E9597}"
EndProject
Project("{FAE04EC0-301F-11D3-BF4B-00C04F79EFBC}") = "IGDataPieChart.WPF", "IGDataPieChart\IGDataPieChart.WPF.csproj", "{68BBB8AB-102A-404F-80D7-E0804019AA6C}"
EndProject
Project("{FAE04EC0-301F-11D3-BF4B-00C04F79EFBC}") = "IGDashboardTile", "IGDashboardTile\IGDashboardTile.csproj", "{B6B7A734-0C0C-458B-A819-8687E1566401}"
EndProject
Global
	GlobalSection(SolutionConfigurationPlatforms) = preSolution
		Debug|Any CPU = Debug|Any CPU
		Debug|x86 = Debug|x86
		Release|Any CPU = Release|Any CPU
		Release|x86 = Release|x86
	EndGlobalSection
	GlobalSection(ProjectConfigurationPlatforms) = postSolution
		{DA25F8D0-23A2-4C74-BBF4-FE44D90A34AB}.Debug|Any CPU.ActiveCfg = Debug|x86
		{DA25F8D0-23A2-4C74-BBF4-FE44D90A34AB}.Debug|Any CPU.Build.0 = Debug|x86
		{DA25F8D0-23A2-4C74-BBF4-FE44D90A34AB}.Debug|x86.ActiveCfg = Debug|x86
		{DA25F8D0-23A2-4C74-BBF4-FE44D90A34AB}.Debug|x86.Build.0 = Debug|x86
		{DA25F8D0-23A2-4C74-BBF4-FE44D90A34AB}.Release|Any CPU.ActiveCfg = Release|x86
		{DA25F8D0-23A2-4C74-BBF4-FE44D90A34AB}.Release|Any CPU.Build.0 = Release|x86
		{DA25F8D0-23A2-4C74-BBF4-FE44D90A34AB}.Release|x86.ActiveCfg = Release|x86
		{DA25F8D0-23A2-4C74-BBF4-FE44D90A34AB}.Release|x86.Build.0 = Release|x86
		{9D1438D4-80AD-400D-976A-F4500A79C6E9}.Debug|Any CPU.ActiveCfg = Debug|Any CPU
		{9D1438D4-80AD-400D-976A-F4500A79C6E9}.Debug|Any CPU.Build.0 = Debug|Any CPU
		{9D1438D4-80AD-400D-976A-F4500A79C6E9}.Debug|x86.ActiveCfg = Debug|Any CPU
		{9D1438D4-80AD-400D-976A-F4500A79C6E9}.Release|Any CPU.ActiveCfg = Release|Any CPU
		{9D1438D4-80AD-400D-976A-F4500A79C6E9}.Release|Any CPU.Build.0 = Release|Any CPU
		{9D1438D4-80AD-400D-976A-F4500A79C6E9}.Release|x86.ActiveCfg = Release|Any CPU
		{AEA4805F-4C96-4943-BD61-34C18F96C2D9}.Debug|Any CPU.ActiveCfg = Debug|Any CPU
		{AEA4805F-4C96-4943-BD61-34C18F96C2D9}.Debug|Any CPU.Build.0 = Debug|Any CPU
		{AEA4805F-4C96-4943-BD61-34C18F96C2D9}.Debug|x86.ActiveCfg = Debug|x86
		{AEA4805F-4C96-4943-BD61-34C18F96C2D9}.Debug|x86.Build.0 = Debug|x86
		{AEA4805F-4C96-4943-BD61-34C18F96C2D9}.Release|Any CPU.ActiveCfg = Release|Any CPU
		{AEA4805F-4C96-4943-BD61-34C18F96C2D9}.Release|Any CPU.Build.0 = Release|Any CPU
		{AEA4805F-4C96-4943-BD61-34C18F96C2D9}.Release|x86.ActiveCfg = Release|x86
		{AEA4805F-4C96-4943-BD61-34C18F96C2D9}.Release|x86.Build.0 = Release|x86
		{AC839FB7-1804-40AB-B6D8-538B4A49B785}.Debug|Any CPU.ActiveCfg = Debug|Any CPU
		{AC839FB7-1804-40AB-B6D8-538B4A49B785}.Debug|Any CPU.Build.0 = Debug|Any CPU
		{AC839FB7-1804-40AB-B6D8-538B4A49B785}.Debug|x86.ActiveCfg = Debug|Any CPU
		{AC839FB7-1804-40AB-B6D8-538B4A49B785}.Release|Any CPU.ActiveCfg = Release|Any CPU
		{AC839FB7-1804-40AB-B6D8-538B4A49B785}.Release|Any CPU.Build.0 = Release|Any CPU
		{AC839FB7-1804-40AB-B6D8-538B4A49B785}.Release|x86.ActiveCfg = Release|Any CPU
		{DBF6EEAB-4ECD-48FB-BDDC-544EC71CF0EE}.Debug|Any CPU.ActiveCfg = Debug|Any CPU
		{DBF6EEAB-4ECD-48FB-BDDC-544EC71CF0EE}.Debug|Any CPU.Build.0 = Debug|Any CPU
		{DBF6EEAB-4ECD-48FB-BDDC-544EC71CF0EE}.Debug|x86.ActiveCfg = Debug|Any CPU
		{DBF6EEAB-4ECD-48FB-BDDC-544EC71CF0EE}.Release|Any CPU.ActiveCfg = Release|Any CPU
		{DBF6EEAB-4ECD-48FB-BDDC-544EC71CF0EE}.Release|Any CPU.Build.0 = Release|Any CPU
		{DBF6EEAB-4ECD-48FB-BDDC-544EC71CF0EE}.Release|x86.ActiveCfg = Release|Any CPU
		{17F207A5-6A1C-4FD8-AEF2-BB0EC3FBC27D}.Debug|Any CPU.ActiveCfg = Debug|Any CPU
		{17F207A5-6A1C-4FD8-AEF2-BB0EC3FBC27D}.Debug|Any CPU.Build.0 = Debug|Any CPU
		{17F207A5-6A1C-4FD8-AEF2-BB0EC3FBC27D}.Debug|x86.ActiveCfg = Debug|Any CPU
		{17F207A5-6A1C-4FD8-AEF2-BB0EC3FBC27D}.Release|Any CPU.ActiveCfg = Release|Any CPU
		{17F207A5-6A1C-4FD8-AEF2-BB0EC3FBC27D}.Release|Any CPU.Build.0 = Release|Any CPU
		{17F207A5-6A1C-4FD8-AEF2-BB0EC3FBC27D}.Release|x86.ActiveCfg = Release|Any CPU
		{B87117C8-CBF1-4AC0-B84C-055DBBDDD296}.Debug|Any CPU.ActiveCfg = Debug|Any CPU
		{B87117C8-CBF1-4AC0-B84C-055DBBDDD296}.Debug|Any CPU.Build.0 = Debug|Any CPU
		{B87117C8-CBF1-4AC0-B84C-055DBBDDD296}.Debug|x86.ActiveCfg = Debug|Any CPU
		{B87117C8-CBF1-4AC0-B84C-055DBBDDD296}.Release|Any CPU.ActiveCfg = Release|Any CPU
		{B87117C8-CBF1-4AC0-B84C-055DBBDDD296}.Release|Any CPU.Build.0 = Release|Any CPU
		{B87117C8-CBF1-4AC0-B84C-055DBBDDD296}.Release|x86.ActiveCfg = Release|Any CPU
		{FD94A91C-7D3D-4570-9638-0F13819EF5E7}.Debug|Any CPU.ActiveCfg = Debug|Any CPU
		{FD94A91C-7D3D-4570-9638-0F13819EF5E7}.Debug|Any CPU.Build.0 = Debug|Any CPU
		{FD94A91C-7D3D-4570-9638-0F13819EF5E7}.Debug|x86.ActiveCfg = Debug|Any CPU
		{FD94A91C-7D3D-4570-9638-0F13819EF5E7}.Release|Any CPU.ActiveCfg = Release|Any CPU
		{FD94A91C-7D3D-4570-9638-0F13819EF5E7}.Release|Any CPU.Build.0 = Release|Any CPU
		{FD94A91C-7D3D-4570-9638-0F13819EF5E7}.Release|x86.ActiveCfg = Release|Any CPU
		{34D05D84-CD40-4943-828E-A4B9D846C5D4}.Debug|Any CPU.ActiveCfg = Debug|Any CPU
		{34D05D84-CD40-4943-828E-A4B9D846C5D4}.Debug|Any CPU.Build.0 = Debug|Any CPU
		{34D05D84-CD40-4943-828E-A4B9D846C5D4}.Debug|x86.ActiveCfg = Debug|Any CPU
		{34D05D84-CD40-4943-828E-A4B9D846C5D4}.Release|Any CPU.ActiveCfg = Release|Any CPU
		{34D05D84-CD40-4943-828E-A4B9D846C5D4}.Release|Any CPU.Build.0 = Release|Any CPU
		{34D05D84-CD40-4943-828E-A4B9D846C5D4}.Release|x86.ActiveCfg = Release|Any CPU
		{FB8CDA79-EE25-4660-A49C-09E54C6913E7}.Debug|Any CPU.ActiveCfg = Debug|Any CPU
		{FB8CDA79-EE25-4660-A49C-09E54C6913E7}.Debug|Any CPU.Build.0 = Debug|Any CPU
		{FB8CDA79-EE25-4660-A49C-09E54C6913E7}.Debug|x86.ActiveCfg = Debug|Any CPU
		{FB8CDA79-EE25-4660-A49C-09E54C6913E7}.Release|Any CPU.ActiveCfg = Release|Any CPU
		{FB8CDA79-EE25-4660-A49C-09E54C6913E7}.Release|Any CPU.Build.0 = Release|Any CPU
		{FB8CDA79-EE25-4660-A49C-09E54C6913E7}.Release|x86.ActiveCfg = Release|Any CPU
		{8F121353-175C-424C-B591-34B81AEDC931}.Debug|Any CPU.ActiveCfg = Debug|Any CPU
		{8F121353-175C-424C-B591-34B81AEDC931}.Debug|Any CPU.Build.0 = Debug|Any CPU
		{8F121353-175C-424C-B591-34B81AEDC931}.Debug|x86.ActiveCfg = Debug|Any CPU
		{8F121353-175C-424C-B591-34B81AEDC931}.Release|Any CPU.ActiveCfg = Release|Any CPU
		{8F121353-175C-424C-B591-34B81AEDC931}.Release|Any CPU.Build.0 = Release|Any CPU
		{8F121353-175C-424C-B591-34B81AEDC931}.Release|x86.ActiveCfg = Release|Any CPU
		{AB7F9796-35CA-46BB-A3E2-4635CA07D58B}.Debug|Any CPU.ActiveCfg = Debug|Any CPU
		{AB7F9796-35CA-46BB-A3E2-4635CA07D58B}.Debug|Any CPU.Build.0 = Debug|Any CPU
		{AB7F9796-35CA-46BB-A3E2-4635CA07D58B}.Debug|x86.ActiveCfg = Debug|Any CPU
		{AB7F9796-35CA-46BB-A3E2-4635CA07D58B}.Release|Any CPU.ActiveCfg = Release|Any CPU
		{AB7F9796-35CA-46BB-A3E2-4635CA07D58B}.Release|Any CPU.Build.0 = Release|Any CPU
		{AB7F9796-35CA-46BB-A3E2-4635CA07D58B}.Release|x86.ActiveCfg = Release|Any CPU
		{8777554F-3FE4-42E8-9DC7-F571C60F2951}.Debug|Any CPU.ActiveCfg = Debug|Any CPU
		{8777554F-3FE4-42E8-9DC7-F571C60F2951}.Debug|Any CPU.Build.0 = Debug|Any CPU
		{8777554F-3FE4-42E8-9DC7-F571C60F2951}.Debug|x86.ActiveCfg = Debug|Any CPU
		{8777554F-3FE4-42E8-9DC7-F571C60F2951}.Release|Any CPU.ActiveCfg = Release|Any CPU
		{8777554F-3FE4-42E8-9DC7-F571C60F2951}.Release|Any CPU.Build.0 = Release|Any CPU
		{8777554F-3FE4-42E8-9DC7-F571C60F2951}.Release|x86.ActiveCfg = Release|Any CPU
		{1DF5B377-502C-4B5A-AABD-721C249DA094}.Debug|Any CPU.ActiveCfg = Debug|Any CPU
		{1DF5B377-502C-4B5A-AABD-721C249DA094}.Debug|Any CPU.Build.0 = Debug|Any CPU
		{1DF5B377-502C-4B5A-AABD-721C249DA094}.Debug|x86.ActiveCfg = Debug|Any CPU
		{1DF5B377-502C-4B5A-AABD-721C249DA094}.Release|Any CPU.ActiveCfg = Release|Any CPU
		{1DF5B377-502C-4B5A-AABD-721C249DA094}.Release|Any CPU.Build.0 = Release|Any CPU
		{1DF5B377-502C-4B5A-AABD-721C249DA094}.Release|x86.ActiveCfg = Release|Any CPU
		{8436FF83-5E6C-48C6-BCE3-811ACB812FA5}.Debug|Any CPU.ActiveCfg = Debug|Any CPU
		{8436FF83-5E6C-48C6-BCE3-811ACB812FA5}.Debug|Any CPU.Build.0 = Debug|Any CPU
		{8436FF83-5E6C-48C6-BCE3-811ACB812FA5}.Debug|x86.ActiveCfg = Debug|Any CPU
		{8436FF83-5E6C-48C6-BCE3-811ACB812FA5}.Release|Any CPU.ActiveCfg = Release|Any CPU
		{8436FF83-5E6C-48C6-BCE3-811ACB812FA5}.Release|Any CPU.Build.0 = Release|Any CPU
		{8436FF83-5E6C-48C6-BCE3-811ACB812FA5}.Release|x86.ActiveCfg = Release|Any CPU
		{19BADCCC-2BCB-4D4D-9B08-C920B288B6C4}.Debug|Any CPU.ActiveCfg = Debug|Any CPU
		{19BADCCC-2BCB-4D4D-9B08-C920B288B6C4}.Debug|Any CPU.Build.0 = Debug|Any CPU
		{19BADCCC-2BCB-4D4D-9B08-C920B288B6C4}.Debug|x86.ActiveCfg = Debug|Any CPU
		{19BADCCC-2BCB-4D4D-9B08-C920B288B6C4}.Release|Any CPU.ActiveCfg = Release|Any CPU
		{19BADCCC-2BCB-4D4D-9B08-C920B288B6C4}.Release|Any CPU.Build.0 = Release|Any CPU
		{19BADCCC-2BCB-4D4D-9B08-C920B288B6C4}.Release|x86.ActiveCfg = Release|Any CPU
		{39428D4C-C563-4205-9765-CE72E7B9F841}.Debug|Any CPU.ActiveCfg = Debug|Any CPU
		{39428D4C-C563-4205-9765-CE72E7B9F841}.Debug|Any CPU.Build.0 = Debug|Any CPU
		{39428D4C-C563-4205-9765-CE72E7B9F841}.Debug|x86.ActiveCfg = Debug|Any CPU
		{39428D4C-C563-4205-9765-CE72E7B9F841}.Release|Any CPU.ActiveCfg = Release|Any CPU
		{39428D4C-C563-4205-9765-CE72E7B9F841}.Release|Any CPU.Build.0 = Release|Any CPU
		{39428D4C-C563-4205-9765-CE72E7B9F841}.Release|x86.ActiveCfg = Release|Any CPU
		{4C29EA93-CA5D-46B4-801C-7A430B64E8B4}.Debug|Any CPU.ActiveCfg = Debug|Any CPU
		{4C29EA93-CA5D-46B4-801C-7A430B64E8B4}.Debug|Any CPU.Build.0 = Debug|Any CPU
		{4C29EA93-CA5D-46B4-801C-7A430B64E8B4}.Debug|x86.ActiveCfg = Debug|Any CPU
		{4C29EA93-CA5D-46B4-801C-7A430B64E8B4}.Release|Any CPU.ActiveCfg = Release|Any CPU
		{4C29EA93-CA5D-46B4-801C-7A430B64E8B4}.Release|Any CPU.Build.0 = Release|Any CPU
		{4C29EA93-CA5D-46B4-801C-7A430B64E8B4}.Release|x86.ActiveCfg = Release|Any CPU
		{66556278-B078-4C82-A547-2112A323C7C1}.Debug|Any CPU.ActiveCfg = Debug|Any CPU
		{66556278-B078-4C82-A547-2112A323C7C1}.Debug|Any CPU.Build.0 = Debug|Any CPU
		{66556278-B078-4C82-A547-2112A323C7C1}.Debug|x86.ActiveCfg = Debug|Any CPU
		{66556278-B078-4C82-A547-2112A323C7C1}.Release|Any CPU.ActiveCfg = Release|Any CPU
		{66556278-B078-4C82-A547-2112A323C7C1}.Release|Any CPU.Build.0 = Release|Any CPU
		{66556278-B078-4C82-A547-2112A323C7C1}.Release|x86.ActiveCfg = Release|Any CPU
		{6B666857-17FE-4327-8991-812FFC39EC82}.Debug|Any CPU.ActiveCfg = Debug|Any CPU
		{6B666857-17FE-4327-8991-812FFC39EC82}.Debug|Any CPU.Build.0 = Debug|Any CPU
		{6B666857-17FE-4327-8991-812FFC39EC82}.Debug|x86.ActiveCfg = Debug|Any CPU
		{6B666857-17FE-4327-8991-812FFC39EC82}.Release|Any CPU.ActiveCfg = Release|Any CPU
		{6B666857-17FE-4327-8991-812FFC39EC82}.Release|Any CPU.Build.0 = Release|Any CPU
		{6B666857-17FE-4327-8991-812FFC39EC82}.Release|x86.ActiveCfg = Release|Any CPU
		{7A690C9D-4D83-44FA-A3E5-5A1ED84EEFE1}.Debug|Any CPU.ActiveCfg = Debug|Any CPU
		{7A690C9D-4D83-44FA-A3E5-5A1ED84EEFE1}.Debug|Any CPU.Build.0 = Debug|Any CPU
		{7A690C9D-4D83-44FA-A3E5-5A1ED84EEFE1}.Debug|x86.ActiveCfg = Debug|Any CPU
		{7A690C9D-4D83-44FA-A3E5-5A1ED84EEFE1}.Release|Any CPU.ActiveCfg = Release|Any CPU
		{7A690C9D-4D83-44FA-A3E5-5A1ED84EEFE1}.Release|Any CPU.Build.0 = Release|Any CPU
		{7A690C9D-4D83-44FA-A3E5-5A1ED84EEFE1}.Release|x86.ActiveCfg = Release|Any CPU
		{A4D88879-D71F-4740-AF64-8ECE034F0896}.Debug|Any CPU.ActiveCfg = Debug|Any CPU
		{A4D88879-D71F-4740-AF64-8ECE034F0896}.Debug|Any CPU.Build.0 = Debug|Any CPU
		{A4D88879-D71F-4740-AF64-8ECE034F0896}.Debug|x86.ActiveCfg = Debug|Any CPU
		{A4D88879-D71F-4740-AF64-8ECE034F0896}.Release|Any CPU.ActiveCfg = Release|Any CPU
		{A4D88879-D71F-4740-AF64-8ECE034F0896}.Release|Any CPU.Build.0 = Release|Any CPU
		{A4D88879-D71F-4740-AF64-8ECE034F0896}.Release|x86.ActiveCfg = Release|Any CPU
		{171A8566-5D44-4A04-A3D9-BA30DE27D54C}.Debug|Any CPU.ActiveCfg = Debug|Any CPU
		{171A8566-5D44-4A04-A3D9-BA30DE27D54C}.Debug|Any CPU.Build.0 = Debug|Any CPU
		{171A8566-5D44-4A04-A3D9-BA30DE27D54C}.Debug|x86.ActiveCfg = Debug|Any CPU
		{171A8566-5D44-4A04-A3D9-BA30DE27D54C}.Release|Any CPU.ActiveCfg = Release|Any CPU
		{171A8566-5D44-4A04-A3D9-BA30DE27D54C}.Release|Any CPU.Build.0 = Release|Any CPU
		{171A8566-5D44-4A04-A3D9-BA30DE27D54C}.Release|x86.ActiveCfg = Release|Any CPU
		{BCC57939-5F16-4382-9456-A8C18007AC69}.Debug|Any CPU.ActiveCfg = Debug|Any CPU
		{BCC57939-5F16-4382-9456-A8C18007AC69}.Debug|Any CPU.Build.0 = Debug|Any CPU
		{BCC57939-5F16-4382-9456-A8C18007AC69}.Debug|x86.ActiveCfg = Debug|Any CPU
		{BCC57939-5F16-4382-9456-A8C18007AC69}.Release|Any CPU.ActiveCfg = Release|Any CPU
		{BCC57939-5F16-4382-9456-A8C18007AC69}.Release|Any CPU.Build.0 = Release|Any CPU
		{BCC57939-5F16-4382-9456-A8C18007AC69}.Release|x86.ActiveCfg = Release|Any CPU
		{A733CEF4-0AE3-46F8-8A52-942456DBB6CF}.Debug|Any CPU.ActiveCfg = Debug|Any CPU
		{A733CEF4-0AE3-46F8-8A52-942456DBB6CF}.Debug|Any CPU.Build.0 = Debug|Any CPU
		{A733CEF4-0AE3-46F8-8A52-942456DBB6CF}.Debug|x86.ActiveCfg = Debug|Any CPU
		{A733CEF4-0AE3-46F8-8A52-942456DBB6CF}.Release|Any CPU.ActiveCfg = Release|Any CPU
		{A733CEF4-0AE3-46F8-8A52-942456DBB6CF}.Release|Any CPU.Build.0 = Release|Any CPU
		{A733CEF4-0AE3-46F8-8A52-942456DBB6CF}.Release|x86.ActiveCfg = Release|Any CPU
		{BB6BF67C-C0BF-4741-AFA9-0E26C137A54E}.Debug|Any CPU.ActiveCfg = Debug|Any CPU
		{BB6BF67C-C0BF-4741-AFA9-0E26C137A54E}.Debug|Any CPU.Build.0 = Debug|Any CPU
		{BB6BF67C-C0BF-4741-AFA9-0E26C137A54E}.Debug|x86.ActiveCfg = Debug|Any CPU
		{BB6BF67C-C0BF-4741-AFA9-0E26C137A54E}.Release|Any CPU.ActiveCfg = Release|Any CPU
		{BB6BF67C-C0BF-4741-AFA9-0E26C137A54E}.Release|Any CPU.Build.0 = Release|Any CPU
		{BB6BF67C-C0BF-4741-AFA9-0E26C137A54E}.Release|x86.ActiveCfg = Release|Any CPU
		{5A85B763-88B5-4928-A783-1E86FC590E14}.Debug|Any CPU.ActiveCfg = Debug|Any CPU
		{5A85B763-88B5-4928-A783-1E86FC590E14}.Debug|Any CPU.Build.0 = Debug|Any CPU
		{5A85B763-88B5-4928-A783-1E86FC590E14}.Debug|x86.ActiveCfg = Debug|Any CPU
		{5A85B763-88B5-4928-A783-1E86FC590E14}.Release|Any CPU.ActiveCfg = Release|Any CPU
		{5A85B763-88B5-4928-A783-1E86FC590E14}.Release|Any CPU.Build.0 = Release|Any CPU
		{5A85B763-88B5-4928-A783-1E86FC590E14}.Release|x86.ActiveCfg = Release|Any CPU
		{5A59C3AA-1381-4E33-B59C-A24A893CDB12}.Debug|Any CPU.ActiveCfg = Debug|Any CPU
		{5A59C3AA-1381-4E33-B59C-A24A893CDB12}.Debug|Any CPU.Build.0 = Debug|Any CPU
		{5A59C3AA-1381-4E33-B59C-A24A893CDB12}.Debug|x86.ActiveCfg = Debug|Any CPU
		{5A59C3AA-1381-4E33-B59C-A24A893CDB12}.Release|Any CPU.ActiveCfg = Release|Any CPU
		{5A59C3AA-1381-4E33-B59C-A24A893CDB12}.Release|Any CPU.Build.0 = Release|Any CPU
		{5A59C3AA-1381-4E33-B59C-A24A893CDB12}.Release|x86.ActiveCfg = Release|Any CPU
		{CA218A7C-B736-4EE8-B14D-686998AA78FB}.Debug|Any CPU.ActiveCfg = Debug|Any CPU
		{CA218A7C-B736-4EE8-B14D-686998AA78FB}.Debug|Any CPU.Build.0 = Debug|Any CPU
		{CA218A7C-B736-4EE8-B14D-686998AA78FB}.Debug|x86.ActiveCfg = Debug|Any CPU
		{CA218A7C-B736-4EE8-B14D-686998AA78FB}.Release|Any CPU.ActiveCfg = Release|Any CPU
		{CA218A7C-B736-4EE8-B14D-686998AA78FB}.Release|Any CPU.Build.0 = Release|Any CPU
		{CA218A7C-B736-4EE8-B14D-686998AA78FB}.Release|x86.ActiveCfg = Release|Any CPU
		{BDDE1455-19E1-4BDB-B9BC-A465A7CEF1F3}.Debug|Any CPU.ActiveCfg = Debug|Any CPU
		{BDDE1455-19E1-4BDB-B9BC-A465A7CEF1F3}.Debug|Any CPU.Build.0 = Debug|Any CPU
		{BDDE1455-19E1-4BDB-B9BC-A465A7CEF1F3}.Debug|x86.ActiveCfg = Debug|Any CPU
		{BDDE1455-19E1-4BDB-B9BC-A465A7CEF1F3}.Release|Any CPU.ActiveCfg = Release|Any CPU
		{BDDE1455-19E1-4BDB-B9BC-A465A7CEF1F3}.Release|Any CPU.Build.0 = Release|Any CPU
		{BDDE1455-19E1-4BDB-B9BC-A465A7CEF1F3}.Release|x86.ActiveCfg = Release|Any CPU
		{F44F0818-823D-4D42-9299-7A67CB422AC5}.Debug|Any CPU.ActiveCfg = Debug|Any CPU
		{F44F0818-823D-4D42-9299-7A67CB422AC5}.Debug|Any CPU.Build.0 = Debug|Any CPU
		{F44F0818-823D-4D42-9299-7A67CB422AC5}.Debug|x86.ActiveCfg = Debug|Any CPU
		{F44F0818-823D-4D42-9299-7A67CB422AC5}.Release|Any CPU.ActiveCfg = Release|Any CPU
		{F44F0818-823D-4D42-9299-7A67CB422AC5}.Release|Any CPU.Build.0 = Release|Any CPU
		{F44F0818-823D-4D42-9299-7A67CB422AC5}.Release|x86.ActiveCfg = Release|Any CPU
		{F10AAB29-266F-445B-AC1E-832558C250C8}.Debug|Any CPU.ActiveCfg = Debug|Any CPU
		{F10AAB29-266F-445B-AC1E-832558C250C8}.Debug|Any CPU.Build.0 = Debug|Any CPU
		{F10AAB29-266F-445B-AC1E-832558C250C8}.Debug|x86.ActiveCfg = Debug|Any CPU
		{F10AAB29-266F-445B-AC1E-832558C250C8}.Release|Any CPU.ActiveCfg = Release|Any CPU
		{F10AAB29-266F-445B-AC1E-832558C250C8}.Release|Any CPU.Build.0 = Release|Any CPU
		{F10AAB29-266F-445B-AC1E-832558C250C8}.Release|x86.ActiveCfg = Release|Any CPU
		{D4B84756-151E-4281-9DE0-F3DD2D9A6A10}.Debug|Any CPU.ActiveCfg = Debug|Any CPU
		{D4B84756-151E-4281-9DE0-F3DD2D9A6A10}.Debug|Any CPU.Build.0 = Debug|Any CPU
		{D4B84756-151E-4281-9DE0-F3DD2D9A6A10}.Debug|x86.ActiveCfg = Debug|Any CPU
		{D4B84756-151E-4281-9DE0-F3DD2D9A6A10}.Release|Any CPU.ActiveCfg = Release|Any CPU
		{D4B84756-151E-4281-9DE0-F3DD2D9A6A10}.Release|Any CPU.Build.0 = Release|Any CPU
		{D4B84756-151E-4281-9DE0-F3DD2D9A6A10}.Release|x86.ActiveCfg = Release|Any CPU
		{36818045-18C0-4ACC-ACCC-5EFFD88E7229}.Debug|Any CPU.ActiveCfg = Debug|Any CPU
		{36818045-18C0-4ACC-ACCC-5EFFD88E7229}.Debug|Any CPU.Build.0 = Debug|Any CPU
		{36818045-18C0-4ACC-ACCC-5EFFD88E7229}.Debug|x86.ActiveCfg = Debug|Any CPU
		{36818045-18C0-4ACC-ACCC-5EFFD88E7229}.Release|Any CPU.ActiveCfg = Release|Any CPU
		{36818045-18C0-4ACC-ACCC-5EFFD88E7229}.Release|Any CPU.Build.0 = Release|Any CPU
		{36818045-18C0-4ACC-ACCC-5EFFD88E7229}.Release|x86.ActiveCfg = Release|Any CPU
		{8C78BE1A-8631-4F93-9279-640613C6950C}.Debug|Any CPU.ActiveCfg = Debug|Any CPU
		{8C78BE1A-8631-4F93-9279-640613C6950C}.Debug|Any CPU.Build.0 = Debug|Any CPU
		{8C78BE1A-8631-4F93-9279-640613C6950C}.Debug|x86.ActiveCfg = Debug|Any CPU
		{8C78BE1A-8631-4F93-9279-640613C6950C}.Release|Any CPU.ActiveCfg = Release|Any CPU
		{8C78BE1A-8631-4F93-9279-640613C6950C}.Release|Any CPU.Build.0 = Release|Any CPU
		{8C78BE1A-8631-4F93-9279-640613C6950C}.Release|x86.ActiveCfg = Release|Any CPU
		{EF231A5C-2CF6-46AE-AD53-61ACC42754AB}.Debug|Any CPU.ActiveCfg = Debug|Any CPU
		{EF231A5C-2CF6-46AE-AD53-61ACC42754AB}.Debug|Any CPU.Build.0 = Debug|Any CPU
		{EF231A5C-2CF6-46AE-AD53-61ACC42754AB}.Debug|x86.ActiveCfg = Debug|Any CPU
		{EF231A5C-2CF6-46AE-AD53-61ACC42754AB}.Release|Any CPU.ActiveCfg = Release|Any CPU
		{EF231A5C-2CF6-46AE-AD53-61ACC42754AB}.Release|Any CPU.Build.0 = Release|Any CPU
		{EF231A5C-2CF6-46AE-AD53-61ACC42754AB}.Release|x86.ActiveCfg = Release|Any CPU
		{32962C02-8764-478B-ADA8-2E94C3CCAEA2}.Debug|Any CPU.ActiveCfg = Debug|Any CPU
		{32962C02-8764-478B-ADA8-2E94C3CCAEA2}.Debug|Any CPU.Build.0 = Debug|Any CPU
		{32962C02-8764-478B-ADA8-2E94C3CCAEA2}.Debug|x86.ActiveCfg = Debug|Any CPU
		{32962C02-8764-478B-ADA8-2E94C3CCAEA2}.Release|Any CPU.ActiveCfg = Release|Any CPU
		{32962C02-8764-478B-ADA8-2E94C3CCAEA2}.Release|Any CPU.Build.0 = Release|Any CPU
		{32962C02-8764-478B-ADA8-2E94C3CCAEA2}.Release|x86.ActiveCfg = Release|Any CPU
		{60D336DE-AB21-4207-A0C5-BD1AC8621E6A}.Debug|Any CPU.ActiveCfg = Debug|Any CPU
		{60D336DE-AB21-4207-A0C5-BD1AC8621E6A}.Debug|Any CPU.Build.0 = Debug|Any CPU
		{60D336DE-AB21-4207-A0C5-BD1AC8621E6A}.Debug|x86.ActiveCfg = Debug|Any CPU
		{60D336DE-AB21-4207-A0C5-BD1AC8621E6A}.Release|Any CPU.ActiveCfg = Release|Any CPU
		{60D336DE-AB21-4207-A0C5-BD1AC8621E6A}.Release|Any CPU.Build.0 = Release|Any CPU
		{60D336DE-AB21-4207-A0C5-BD1AC8621E6A}.Release|x86.ActiveCfg = Release|Any CPU
		{E748CD2C-F3BB-49B9-95EA-2785A39F7110}.Debug|Any CPU.ActiveCfg = Debug|Any CPU
		{E748CD2C-F3BB-49B9-95EA-2785A39F7110}.Debug|Any CPU.Build.0 = Debug|Any CPU
		{E748CD2C-F3BB-49B9-95EA-2785A39F7110}.Debug|x86.ActiveCfg = Debug|Any CPU
		{E748CD2C-F3BB-49B9-95EA-2785A39F7110}.Release|Any CPU.ActiveCfg = Release|Any CPU
		{E748CD2C-F3BB-49B9-95EA-2785A39F7110}.Release|Any CPU.Build.0 = Release|Any CPU
		{E748CD2C-F3BB-49B9-95EA-2785A39F7110}.Release|x86.ActiveCfg = Release|Any CPU
		{37A7C67C-1072-489A-966A-2E1A18E3CCEF}.Debug|Any CPU.ActiveCfg = Debug|Any CPU
		{37A7C67C-1072-489A-966A-2E1A18E3CCEF}.Debug|Any CPU.Build.0 = Debug|Any CPU
		{37A7C67C-1072-489A-966A-2E1A18E3CCEF}.Debug|x86.ActiveCfg = Debug|Any CPU
		{37A7C67C-1072-489A-966A-2E1A18E3CCEF}.Release|Any CPU.ActiveCfg = Release|Any CPU
		{37A7C67C-1072-489A-966A-2E1A18E3CCEF}.Release|Any CPU.Build.0 = Release|Any CPU
		{37A7C67C-1072-489A-966A-2E1A18E3CCEF}.Release|x86.ActiveCfg = Release|Any CPU
		{8411DD50-D87E-4222-BE45-1A16864619AF}.Debug|Any CPU.ActiveCfg = Debug|Any CPU
		{8411DD50-D87E-4222-BE45-1A16864619AF}.Debug|Any CPU.Build.0 = Debug|Any CPU
		{8411DD50-D87E-4222-BE45-1A16864619AF}.Debug|x86.ActiveCfg = Debug|Any CPU
		{8411DD50-D87E-4222-BE45-1A16864619AF}.Release|Any CPU.ActiveCfg = Release|Any CPU
		{8411DD50-D87E-4222-BE45-1A16864619AF}.Release|Any CPU.Build.0 = Release|Any CPU
		{8411DD50-D87E-4222-BE45-1A16864619AF}.Release|x86.ActiveCfg = Release|Any CPU
		{2A3E4014-46F2-44DC-A4D0-2B5D229D2630}.Debug|Any CPU.ActiveCfg = Debug|Any CPU
		{2A3E4014-46F2-44DC-A4D0-2B5D229D2630}.Debug|Any CPU.Build.0 = Debug|Any CPU
		{2A3E4014-46F2-44DC-A4D0-2B5D229D2630}.Debug|x86.ActiveCfg = Debug|Any CPU
		{2A3E4014-46F2-44DC-A4D0-2B5D229D2630}.Release|Any CPU.ActiveCfg = Release|Any CPU
		{2A3E4014-46F2-44DC-A4D0-2B5D229D2630}.Release|Any CPU.Build.0 = Release|Any CPU
		{2A3E4014-46F2-44DC-A4D0-2B5D229D2630}.Release|x86.ActiveCfg = Release|Any CPU
		{31E01FD1-4948-4A62-A59C-FD2C7B83872E}.Debug|Any CPU.ActiveCfg = Debug|Any CPU
		{31E01FD1-4948-4A62-A59C-FD2C7B83872E}.Debug|Any CPU.Build.0 = Debug|Any CPU
		{31E01FD1-4948-4A62-A59C-FD2C7B83872E}.Debug|x86.ActiveCfg = Debug|Any CPU
		{31E01FD1-4948-4A62-A59C-FD2C7B83872E}.Release|Any CPU.ActiveCfg = Release|Any CPU
		{31E01FD1-4948-4A62-A59C-FD2C7B83872E}.Release|Any CPU.Build.0 = Release|Any CPU
		{31E01FD1-4948-4A62-A59C-FD2C7B83872E}.Release|x86.ActiveCfg = Release|Any CPU
		{3FF50472-EAE4-4014-9E3F-84D8A2B2B7E7}.Debug|Any CPU.ActiveCfg = Debug|Any CPU
		{3FF50472-EAE4-4014-9E3F-84D8A2B2B7E7}.Debug|Any CPU.Build.0 = Debug|Any CPU
		{3FF50472-EAE4-4014-9E3F-84D8A2B2B7E7}.Debug|x86.ActiveCfg = Debug|Any CPU
		{3FF50472-EAE4-4014-9E3F-84D8A2B2B7E7}.Release|Any CPU.ActiveCfg = Release|Any CPU
		{3FF50472-EAE4-4014-9E3F-84D8A2B2B7E7}.Release|Any CPU.Build.0 = Release|Any CPU
		{3FF50472-EAE4-4014-9E3F-84D8A2B2B7E7}.Release|x86.ActiveCfg = Release|Any CPU
		{DD931692-C9B9-4F89-A31E-F606313DC583}.Debug|Any CPU.ActiveCfg = Debug|Any CPU
		{DD931692-C9B9-4F89-A31E-F606313DC583}.Debug|Any CPU.Build.0 = Debug|Any CPU
		{DD931692-C9B9-4F89-A31E-F606313DC583}.Debug|x86.ActiveCfg = Debug|Any CPU
		{DD931692-C9B9-4F89-A31E-F606313DC583}.Release|Any CPU.ActiveCfg = Release|Any CPU
		{DD931692-C9B9-4F89-A31E-F606313DC583}.Release|Any CPU.Build.0 = Release|Any CPU
		{DD931692-C9B9-4F89-A31E-F606313DC583}.Release|x86.ActiveCfg = Release|Any CPU
		{E72C83AC-7A6C-4F34-9DE2-CA17CF273737}.Debug|Any CPU.ActiveCfg = Debug|Any CPU
		{E72C83AC-7A6C-4F34-9DE2-CA17CF273737}.Debug|Any CPU.Build.0 = Debug|Any CPU
		{E72C83AC-7A6C-4F34-9DE2-CA17CF273737}.Debug|x86.ActiveCfg = Debug|Any CPU
		{E72C83AC-7A6C-4F34-9DE2-CA17CF273737}.Release|Any CPU.ActiveCfg = Release|Any CPU
		{E72C83AC-7A6C-4F34-9DE2-CA17CF273737}.Release|Any CPU.Build.0 = Release|Any CPU
		{E72C83AC-7A6C-4F34-9DE2-CA17CF273737}.Release|x86.ActiveCfg = Release|Any CPU
		{4DCC8FE1-01E4-411D-9ACF-D3C5FDC396A6}.Debug|Any CPU.ActiveCfg = Debug|Any CPU
		{4DCC8FE1-01E4-411D-9ACF-D3C5FDC396A6}.Debug|Any CPU.Build.0 = Debug|Any CPU
		{4DCC8FE1-01E4-411D-9ACF-D3C5FDC396A6}.Debug|x86.ActiveCfg = Debug|Any CPU
		{4DCC8FE1-01E4-411D-9ACF-D3C5FDC396A6}.Release|Any CPU.ActiveCfg = Release|Any CPU
		{4DCC8FE1-01E4-411D-9ACF-D3C5FDC396A6}.Release|Any CPU.Build.0 = Release|Any CPU
		{4DCC8FE1-01E4-411D-9ACF-D3C5FDC396A6}.Release|x86.ActiveCfg = Release|Any CPU
		{57BF0155-99C0-4A7B-8E9C-A48907D9688B}.Debug|Any CPU.ActiveCfg = Debug|Any CPU
		{57BF0155-99C0-4A7B-8E9C-A48907D9688B}.Debug|Any CPU.Build.0 = Debug|Any CPU
		{57BF0155-99C0-4A7B-8E9C-A48907D9688B}.Debug|x86.ActiveCfg = Debug|Any CPU
		{57BF0155-99C0-4A7B-8E9C-A48907D9688B}.Release|Any CPU.ActiveCfg = Release|Any CPU
		{57BF0155-99C0-4A7B-8E9C-A48907D9688B}.Release|Any CPU.Build.0 = Release|Any CPU
		{57BF0155-99C0-4A7B-8E9C-A48907D9688B}.Release|x86.ActiveCfg = Release|Any CPU
		{302D555C-4A07-4282-87BB-CEF51269BB15}.Debug|Any CPU.ActiveCfg = Debug|Any CPU
		{302D555C-4A07-4282-87BB-CEF51269BB15}.Debug|Any CPU.Build.0 = Debug|Any CPU
		{302D555C-4A07-4282-87BB-CEF51269BB15}.Debug|x86.ActiveCfg = Debug|Any CPU
		{302D555C-4A07-4282-87BB-CEF51269BB15}.Release|Any CPU.ActiveCfg = Release|Any CPU
		{302D555C-4A07-4282-87BB-CEF51269BB15}.Release|Any CPU.Build.0 = Release|Any CPU
		{302D555C-4A07-4282-87BB-CEF51269BB15}.Release|x86.ActiveCfg = Release|Any CPU
		{7367886D-D960-47A8-901C-150942D43BFD}.Debug|Any CPU.ActiveCfg = Debug|Any CPU
		{7367886D-D960-47A8-901C-150942D43BFD}.Debug|Any CPU.Build.0 = Debug|Any CPU
		{7367886D-D960-47A8-901C-150942D43BFD}.Debug|x86.ActiveCfg = Debug|Any CPU
		{7367886D-D960-47A8-901C-150942D43BFD}.Release|Any CPU.ActiveCfg = Release|Any CPU
		{7367886D-D960-47A8-901C-150942D43BFD}.Release|Any CPU.Build.0 = Release|Any CPU
		{7367886D-D960-47A8-901C-150942D43BFD}.Release|x86.ActiveCfg = Release|Any CPU
		{7AF53654-52D3-4314-AE54-8827D0E163C0}.Debug|Any CPU.ActiveCfg = Debug|Any CPU
		{7AF53654-52D3-4314-AE54-8827D0E163C0}.Debug|Any CPU.Build.0 = Debug|Any CPU
		{7AF53654-52D3-4314-AE54-8827D0E163C0}.Debug|x86.ActiveCfg = Debug|Any CPU
		{7AF53654-52D3-4314-AE54-8827D0E163C0}.Release|Any CPU.ActiveCfg = Release|Any CPU
		{7AF53654-52D3-4314-AE54-8827D0E163C0}.Release|Any CPU.Build.0 = Release|Any CPU
		{7AF53654-52D3-4314-AE54-8827D0E163C0}.Release|x86.ActiveCfg = Release|Any CPU
		{8E0B1831-3898-495C-AF7B-E4F90BBD53A2}.Debug|Any CPU.ActiveCfg = Debug|Any CPU
		{8E0B1831-3898-495C-AF7B-E4F90BBD53A2}.Debug|Any CPU.Build.0 = Debug|Any CPU
		{8E0B1831-3898-495C-AF7B-E4F90BBD53A2}.Debug|x86.ActiveCfg = Debug|Any CPU
		{8E0B1831-3898-495C-AF7B-E4F90BBD53A2}.Release|Any CPU.ActiveCfg = Release|Any CPU
		{8E0B1831-3898-495C-AF7B-E4F90BBD53A2}.Release|Any CPU.Build.0 = Release|Any CPU
		{8E0B1831-3898-495C-AF7B-E4F90BBD53A2}.Release|x86.ActiveCfg = Release|Any CPU
		{303EBB44-B4CB-49B4-B6DE-70C27F9DD7E0}.Debug|Any CPU.ActiveCfg = Debug|Any CPU
		{303EBB44-B4CB-49B4-B6DE-70C27F9DD7E0}.Debug|Any CPU.Build.0 = Debug|Any CPU
		{303EBB44-B4CB-49B4-B6DE-70C27F9DD7E0}.Debug|x86.ActiveCfg = Debug|x86
		{303EBB44-B4CB-49B4-B6DE-70C27F9DD7E0}.Debug|x86.Build.0 = Debug|x86
		{303EBB44-B4CB-49B4-B6DE-70C27F9DD7E0}.Release|Any CPU.ActiveCfg = Release|Any CPU
		{303EBB44-B4CB-49B4-B6DE-70C27F9DD7E0}.Release|Any CPU.Build.0 = Release|Any CPU
		{303EBB44-B4CB-49B4-B6DE-70C27F9DD7E0}.Release|x86.ActiveCfg = Release|x86
		{303EBB44-B4CB-49B4-B6DE-70C27F9DD7E0}.Release|x86.Build.0 = Release|x86
		{79EFB9CF-0170-44CA-B73E-280225D97CEC}.Debug|Any CPU.ActiveCfg = Debug|Any CPU
		{79EFB9CF-0170-44CA-B73E-280225D97CEC}.Debug|Any CPU.Build.0 = Debug|Any CPU
		{79EFB9CF-0170-44CA-B73E-280225D97CEC}.Debug|x86.ActiveCfg = Debug|Any CPU
		{79EFB9CF-0170-44CA-B73E-280225D97CEC}.Release|Any CPU.ActiveCfg = Release|Any CPU
		{79EFB9CF-0170-44CA-B73E-280225D97CEC}.Release|Any CPU.Build.0 = Release|Any CPU
		{79EFB9CF-0170-44CA-B73E-280225D97CEC}.Release|x86.ActiveCfg = Release|Any CPU
		{5FBA0981-7934-4E38-906C-215BEE658740}.Debug|Any CPU.ActiveCfg = Debug|Any CPU
		{5FBA0981-7934-4E38-906C-215BEE658740}.Debug|Any CPU.Build.0 = Debug|Any CPU
		{5FBA0981-7934-4E38-906C-215BEE658740}.Debug|x86.ActiveCfg = Debug|Any CPU
		{5FBA0981-7934-4E38-906C-215BEE658740}.Release|Any CPU.ActiveCfg = Release|Any CPU
		{5FBA0981-7934-4E38-906C-215BEE658740}.Release|Any CPU.Build.0 = Release|Any CPU
		{5FBA0981-7934-4E38-906C-215BEE658740}.Release|x86.ActiveCfg = Release|Any CPU
		{F357D08F-ACD6-431F-9D25-F9844E5038BB}.Debug|Any CPU.ActiveCfg = Debug|Any CPU
		{F357D08F-ACD6-431F-9D25-F9844E5038BB}.Debug|Any CPU.Build.0 = Debug|Any CPU
		{F357D08F-ACD6-431F-9D25-F9844E5038BB}.Debug|x86.ActiveCfg = Debug|Any CPU
		{F357D08F-ACD6-431F-9D25-F9844E5038BB}.Release|Any CPU.ActiveCfg = Release|Any CPU
		{F357D08F-ACD6-431F-9D25-F9844E5038BB}.Release|Any CPU.Build.0 = Release|Any CPU
		{F357D08F-ACD6-431F-9D25-F9844E5038BB}.Release|x86.ActiveCfg = Release|Any CPU
		{5A4A5FFD-5326-48CB-839F-DC88D1063BE1}.Debug|Any CPU.ActiveCfg = Debug|Any CPU
		{5A4A5FFD-5326-48CB-839F-DC88D1063BE1}.Debug|Any CPU.Build.0 = Debug|Any CPU
		{5A4A5FFD-5326-48CB-839F-DC88D1063BE1}.Debug|x86.ActiveCfg = Debug|Any CPU
		{5A4A5FFD-5326-48CB-839F-DC88D1063BE1}.Release|Any CPU.ActiveCfg = Release|Any CPU
		{5A4A5FFD-5326-48CB-839F-DC88D1063BE1}.Release|Any CPU.Build.0 = Release|Any CPU
		{5A4A5FFD-5326-48CB-839F-DC88D1063BE1}.Release|x86.ActiveCfg = Release|Any CPU
		{465E711C-0B20-4B11-8B20-01E11395F75A}.Debug|Any CPU.ActiveCfg = Debug|Any CPU
		{465E711C-0B20-4B11-8B20-01E11395F75A}.Debug|Any CPU.Build.0 = Debug|Any CPU
		{465E711C-0B20-4B11-8B20-01E11395F75A}.Debug|x86.ActiveCfg = Debug|Any CPU
		{465E711C-0B20-4B11-8B20-01E11395F75A}.Release|Any CPU.ActiveCfg = Release|Any CPU
		{465E711C-0B20-4B11-8B20-01E11395F75A}.Release|Any CPU.Build.0 = Release|Any CPU
		{465E711C-0B20-4B11-8B20-01E11395F75A}.Release|x86.ActiveCfg = Release|Any CPU
		{019B88A2-B344-4841-9DC8-F356B0EF447F}.Debug|Any CPU.ActiveCfg = Debug|Any CPU
		{019B88A2-B344-4841-9DC8-F356B0EF447F}.Debug|Any CPU.Build.0 = Debug|Any CPU
		{019B88A2-B344-4841-9DC8-F356B0EF447F}.Debug|x86.ActiveCfg = Debug|Any CPU
		{019B88A2-B344-4841-9DC8-F356B0EF447F}.Release|Any CPU.ActiveCfg = Release|Any CPU
		{019B88A2-B344-4841-9DC8-F356B0EF447F}.Release|Any CPU.Build.0 = Release|Any CPU
		{019B88A2-B344-4841-9DC8-F356B0EF447F}.Release|x86.ActiveCfg = Release|Any CPU
		{D00170B5-C548-43C8-BADC-0C5EF437D494}.Debug|Any CPU.ActiveCfg = Debug|Any CPU
		{D00170B5-C548-43C8-BADC-0C5EF437D494}.Debug|Any CPU.Build.0 = Debug|Any CPU
		{D00170B5-C548-43C8-BADC-0C5EF437D494}.Debug|x86.ActiveCfg = Debug|Any CPU
		{D00170B5-C548-43C8-BADC-0C5EF437D494}.Release|Any CPU.ActiveCfg = Release|Any CPU
		{D00170B5-C548-43C8-BADC-0C5EF437D494}.Release|Any CPU.Build.0 = Release|Any CPU
		{D00170B5-C548-43C8-BADC-0C5EF437D494}.Release|x86.ActiveCfg = Release|Any CPU
		{A8E31C83-CFD4-4DCD-9A30-6C24920D3322}.Debug|Any CPU.ActiveCfg = Debug|Any CPU
		{A8E31C83-CFD4-4DCD-9A30-6C24920D3322}.Debug|Any CPU.Build.0 = Debug|Any CPU
		{A8E31C83-CFD4-4DCD-9A30-6C24920D3322}.Debug|x86.ActiveCfg = Debug|Any CPU
		{A8E31C83-CFD4-4DCD-9A30-6C24920D3322}.Release|Any CPU.ActiveCfg = Release|Any CPU
		{A8E31C83-CFD4-4DCD-9A30-6C24920D3322}.Release|Any CPU.Build.0 = Release|Any CPU
		{A8E31C83-CFD4-4DCD-9A30-6C24920D3322}.Release|x86.ActiveCfg = Release|Any CPU
		{FC266A58-37E8-4474-954E-43A3E5742A98}.Debug|Any CPU.ActiveCfg = Debug|Any CPU
		{FC266A58-37E8-4474-954E-43A3E5742A98}.Debug|Any CPU.Build.0 = Debug|Any CPU
		{FC266A58-37E8-4474-954E-43A3E5742A98}.Debug|x86.ActiveCfg = Debug|Any CPU
		{FC266A58-37E8-4474-954E-43A3E5742A98}.Release|Any CPU.ActiveCfg = Release|Any CPU
		{FC266A58-37E8-4474-954E-43A3E5742A98}.Release|Any CPU.Build.0 = Release|Any CPU
		{FC266A58-37E8-4474-954E-43A3E5742A98}.Release|x86.ActiveCfg = Release|Any CPU
		{FDF978E4-6DB6-4C9A-B068-6BBE83B0B71A}.Debug|Any CPU.ActiveCfg = Debug|Any CPU
		{FDF978E4-6DB6-4C9A-B068-6BBE83B0B71A}.Debug|Any CPU.Build.0 = Debug|Any CPU
		{FDF978E4-6DB6-4C9A-B068-6BBE83B0B71A}.Debug|x86.ActiveCfg = Debug|Any CPU
		{FDF978E4-6DB6-4C9A-B068-6BBE83B0B71A}.Release|Any CPU.ActiveCfg = Release|Any CPU
		{FDF978E4-6DB6-4C9A-B068-6BBE83B0B71A}.Release|Any CPU.Build.0 = Release|Any CPU
		{FDF978E4-6DB6-4C9A-B068-6BBE83B0B71A}.Release|x86.ActiveCfg = Release|Any CPU
		{DA7C3212-894C-40D9-89C4-64B668B81318}.Debug|Any CPU.ActiveCfg = Debug|Any CPU
		{DA7C3212-894C-40D9-89C4-64B668B81318}.Debug|Any CPU.Build.0 = Debug|Any CPU
		{DA7C3212-894C-40D9-89C4-64B668B81318}.Debug|x86.ActiveCfg = Debug|Any CPU
		{DA7C3212-894C-40D9-89C4-64B668B81318}.Release|Any CPU.ActiveCfg = Release|Any CPU
		{DA7C3212-894C-40D9-89C4-64B668B81318}.Release|Any CPU.Build.0 = Release|Any CPU
		{DA7C3212-894C-40D9-89C4-64B668B81318}.Release|x86.ActiveCfg = Release|Any CPU
		{2650272B-EA5A-4386-BBBC-F4872215AB13}.Debug|Any CPU.ActiveCfg = Debug|Any CPU
		{2650272B-EA5A-4386-BBBC-F4872215AB13}.Debug|Any CPU.Build.0 = Debug|Any CPU
		{2650272B-EA5A-4386-BBBC-F4872215AB13}.Debug|x86.ActiveCfg = Debug|Any CPU
		{2650272B-EA5A-4386-BBBC-F4872215AB13}.Release|Any CPU.ActiveCfg = Release|Any CPU
		{2650272B-EA5A-4386-BBBC-F4872215AB13}.Release|Any CPU.Build.0 = Release|Any CPU
		{2650272B-EA5A-4386-BBBC-F4872215AB13}.Release|x86.ActiveCfg = Release|Any CPU
		{A356F1B4-46C0-4C35-BACC-6467E567C6B2}.Debug|Any CPU.ActiveCfg = Debug|Any CPU
		{A356F1B4-46C0-4C35-BACC-6467E567C6B2}.Debug|Any CPU.Build.0 = Debug|Any CPU
		{A356F1B4-46C0-4C35-BACC-6467E567C6B2}.Debug|x86.ActiveCfg = Debug|Any CPU
		{A356F1B4-46C0-4C35-BACC-6467E567C6B2}.Release|Any CPU.ActiveCfg = Release|Any CPU
		{A356F1B4-46C0-4C35-BACC-6467E567C6B2}.Release|Any CPU.Build.0 = Release|Any CPU
		{A356F1B4-46C0-4C35-BACC-6467E567C6B2}.Release|x86.ActiveCfg = Release|Any CPU
		{5156F13B-1EB1-4057-A0C7-2D4D1742FCAF}.Debug|Any CPU.ActiveCfg = Debug|Any CPU
		{5156F13B-1EB1-4057-A0C7-2D4D1742FCAF}.Debug|Any CPU.Build.0 = Debug|Any CPU
		{5156F13B-1EB1-4057-A0C7-2D4D1742FCAF}.Debug|x86.ActiveCfg = Debug|Any CPU
		{5156F13B-1EB1-4057-A0C7-2D4D1742FCAF}.Release|Any CPU.ActiveCfg = Release|Any CPU
		{5156F13B-1EB1-4057-A0C7-2D4D1742FCAF}.Release|Any CPU.Build.0 = Release|Any CPU
		{5156F13B-1EB1-4057-A0C7-2D4D1742FCAF}.Release|x86.ActiveCfg = Release|Any CPU
		{482C6988-7317-4B26-AC00-6A3C67A544FA}.Debug|Any CPU.ActiveCfg = Debug|Any CPU
		{482C6988-7317-4B26-AC00-6A3C67A544FA}.Debug|Any CPU.Build.0 = Debug|Any CPU
		{482C6988-7317-4B26-AC00-6A3C67A544FA}.Debug|x86.ActiveCfg = Debug|Any CPU
		{482C6988-7317-4B26-AC00-6A3C67A544FA}.Release|Any CPU.ActiveCfg = Release|Any CPU
		{482C6988-7317-4B26-AC00-6A3C67A544FA}.Release|Any CPU.Build.0 = Release|Any CPU
		{482C6988-7317-4B26-AC00-6A3C67A544FA}.Release|x86.ActiveCfg = Release|Any CPU
		{2D2B8B72-B72E-4EE8-8A9D-E734CC276C12}.Debug|Any CPU.ActiveCfg = Debug|Any CPU
		{2D2B8B72-B72E-4EE8-8A9D-E734CC276C12}.Debug|Any CPU.Build.0 = Debug|Any CPU
		{2D2B8B72-B72E-4EE8-8A9D-E734CC276C12}.Debug|x86.ActiveCfg = Debug|Any CPU
		{2D2B8B72-B72E-4EE8-8A9D-E734CC276C12}.Release|Any CPU.ActiveCfg = Release|Any CPU
		{2D2B8B72-B72E-4EE8-8A9D-E734CC276C12}.Release|Any CPU.Build.0 = Release|Any CPU
		{2D2B8B72-B72E-4EE8-8A9D-E734CC276C12}.Release|x86.ActiveCfg = Release|Any CPU
		{918FD381-9A11-4EA7-A897-896694C29775}.Debug|Any CPU.ActiveCfg = Debug|Any CPU
		{918FD381-9A11-4EA7-A897-896694C29775}.Debug|Any CPU.Build.0 = Debug|Any CPU
		{918FD381-9A11-4EA7-A897-896694C29775}.Debug|x86.ActiveCfg = Debug|Any CPU
		{918FD381-9A11-4EA7-A897-896694C29775}.Release|Any CPU.ActiveCfg = Release|Any CPU
		{918FD381-9A11-4EA7-A897-896694C29775}.Release|Any CPU.Build.0 = Release|Any CPU
		{918FD381-9A11-4EA7-A897-896694C29775}.Release|x86.ActiveCfg = Release|Any CPU
		{5E19EAC2-A5A7-42E4-AC66-94F6AC455E32}.Debug|Any CPU.ActiveCfg = Debug|Any CPU
		{5E19EAC2-A5A7-42E4-AC66-94F6AC455E32}.Debug|Any CPU.Build.0 = Debug|Any CPU
		{5E19EAC2-A5A7-42E4-AC66-94F6AC455E32}.Debug|x86.ActiveCfg = Debug|Any CPU
		{5E19EAC2-A5A7-42E4-AC66-94F6AC455E32}.Release|Any CPU.ActiveCfg = Release|Any CPU
		{5E19EAC2-A5A7-42E4-AC66-94F6AC455E32}.Release|Any CPU.Build.0 = Release|Any CPU
		{5E19EAC2-A5A7-42E4-AC66-94F6AC455E32}.Release|x86.ActiveCfg = Release|Any CPU
		{9BAD0F1A-EA87-42CF-B44C-A984E1CA2FCB}.Debug|Any CPU.ActiveCfg = Debug|Any CPU
		{9BAD0F1A-EA87-42CF-B44C-A984E1CA2FCB}.Debug|Any CPU.Build.0 = Debug|Any CPU
		{9BAD0F1A-EA87-42CF-B44C-A984E1CA2FCB}.Debug|x86.ActiveCfg = Debug|Any CPU
		{9BAD0F1A-EA87-42CF-B44C-A984E1CA2FCB}.Debug|x86.Build.0 = Debug|Any CPU
		{9BAD0F1A-EA87-42CF-B44C-A984E1CA2FCB}.Release|Any CPU.ActiveCfg = Release|Any CPU
		{9BAD0F1A-EA87-42CF-B44C-A984E1CA2FCB}.Release|Any CPU.Build.0 = Release|Any CPU
		{9BAD0F1A-EA87-42CF-B44C-A984E1CA2FCB}.Release|x86.ActiveCfg = Release|Any CPU
		{9BAD0F1A-EA87-42CF-B44C-A984E1CA2FCB}.Release|x86.Build.0 = Release|Any CPU
		{01C424E5-5848-4DF3-A5BD-FC76A8EDFEF9}.Debug|Any CPU.ActiveCfg = Debug|Any CPU
		{01C424E5-5848-4DF3-A5BD-FC76A8EDFEF9}.Debug|Any CPU.Build.0 = Debug|Any CPU
		{01C424E5-5848-4DF3-A5BD-FC76A8EDFEF9}.Debug|x86.ActiveCfg = Debug|Any CPU
		{01C424E5-5848-4DF3-A5BD-FC76A8EDFEF9}.Debug|x86.Build.0 = Debug|Any CPU
		{01C424E5-5848-4DF3-A5BD-FC76A8EDFEF9}.Release|Any CPU.ActiveCfg = Release|Any CPU
		{01C424E5-5848-4DF3-A5BD-FC76A8EDFEF9}.Release|Any CPU.Build.0 = Release|Any CPU
		{01C424E5-5848-4DF3-A5BD-FC76A8EDFEF9}.Release|x86.ActiveCfg = Release|Any CPU
		{01C424E5-5848-4DF3-A5BD-FC76A8EDFEF9}.Release|x86.Build.0 = Release|Any CPU
		{F7E1C348-3A5E-454E-9552-2CFA48306DE8}.Debug|Any CPU.ActiveCfg = Debug|Any CPU
		{F7E1C348-3A5E-454E-9552-2CFA48306DE8}.Debug|Any CPU.Build.0 = Debug|Any CPU
		{F7E1C348-3A5E-454E-9552-2CFA48306DE8}.Debug|x86.ActiveCfg = Debug|Any CPU
		{F7E1C348-3A5E-454E-9552-2CFA48306DE8}.Debug|x86.Build.0 = Debug|Any CPU
		{F7E1C348-3A5E-454E-9552-2CFA48306DE8}.Release|Any CPU.ActiveCfg = Release|Any CPU
		{F7E1C348-3A5E-454E-9552-2CFA48306DE8}.Release|Any CPU.Build.0 = Release|Any CPU
		{F7E1C348-3A5E-454E-9552-2CFA48306DE8}.Release|x86.ActiveCfg = Release|Any CPU
		{F7E1C348-3A5E-454E-9552-2CFA48306DE8}.Release|x86.Build.0 = Release|Any CPU
		{68BBB8AB-102A-404F-80D7-E0804019AA6C}.Debug|Any CPU.ActiveCfg = Debug|Any CPU
		{68BBB8AB-102A-404F-80D7-E0804019AA6C}.Debug|Any CPU.Build.0 = Debug|Any CPU
		{68BBB8AB-102A-404F-80D7-E0804019AA6C}.Debug|x86.ActiveCfg = Debug|Any CPU
		{68BBB8AB-102A-404F-80D7-E0804019AA6C}.Debug|x86.Build.0 = Debug|Any CPU
		{68BBB8AB-102A-404F-80D7-E0804019AA6C}.Release|Any CPU.ActiveCfg = Release|Any CPU
		{68BBB8AB-102A-404F-80D7-E0804019AA6C}.Release|Any CPU.Build.0 = Release|Any CPU
		{68BBB8AB-102A-404F-80D7-E0804019AA6C}.Release|x86.ActiveCfg = Release|Any CPU
		{68BBB8AB-102A-404F-80D7-E0804019AA6C}.Release|x86.Build.0 = Release|Any CPU
		{B6B7A734-0C0C-458B-A819-8687E1566401}.Debug|Any CPU.ActiveCfg = Debug|Any CPU
		{B6B7A734-0C0C-458B-A819-8687E1566401}.Debug|Any CPU.Build.0 = Debug|Any CPU
		{B6B7A734-0C0C-458B-A819-8687E1566401}.Debug|x86.ActiveCfg = Debug|Any CPU
		{B6B7A734-0C0C-458B-A819-8687E1566401}.Debug|x86.Build.0 = Debug|Any CPU
		{B6B7A734-0C0C-458B-A819-8687E1566401}.Release|Any CPU.ActiveCfg = Release|Any CPU
		{B6B7A734-0C0C-458B-A819-8687E1566401}.Release|Any CPU.Build.0 = Release|Any CPU
		{B6B7A734-0C0C-458B-A819-8687E1566401}.Release|x86.ActiveCfg = Release|Any CPU
		{B6B7A734-0C0C-458B-A819-8687E1566401}.Release|x86.Build.0 = Release|Any CPU
	EndGlobalSection
	GlobalSection(SolutionProperties) = preSolution
		HideSolutionNode = FALSE
	EndGlobalSection
	GlobalSection(NestedProjects) = preSolution
		{DA25F8D0-23A2-4C74-BBF4-FE44D90A34AB} = {EB70D3DA-B4FB-4925-8A2C-A65A149A7869}
		{9D1438D4-80AD-400D-976A-F4500A79C6E9} = {23B35496-8BAB-494D-BE2E-76A0513E9597}
		{AEA4805F-4C96-4943-BD61-34C18F96C2D9} = {23B35496-8BAB-494D-BE2E-76A0513E9597}
		{AC839FB7-1804-40AB-B6D8-538B4A49B785} = {CEFD0391-CBD4-41AB-B553-66AA99DE7F08}
		{DBF6EEAB-4ECD-48FB-BDDC-544EC71CF0EE} = {23B35496-8BAB-494D-BE2E-76A0513E9597}
		{17F207A5-6A1C-4FD8-AEF2-BB0EC3FBC27D} = {C19C448B-FEDF-4165-A4A9-57B95AF58288}
		{B87117C8-CBF1-4AC0-B84C-055DBBDDD296} = {F6F4673C-00F8-43D7-9284-DA79DD1143C6}
		{FD94A91C-7D3D-4570-9638-0F13819EF5E7} = {2214166D-3B85-48E8-88CC-2FC60A500B68}
		{34D05D84-CD40-4943-828E-A4B9D846C5D4} = {CEFD0391-CBD4-41AB-B553-66AA99DE7F08}
		{FB8CDA79-EE25-4660-A49C-09E54C6913E7} = {F7F263FA-BE81-4B45-AC8F-B8353C3C9164}
		{8F121353-175C-424C-B591-34B81AEDC931} = {CF100BE5-1336-4041-8757-3BD439EF64A8}
		{AB7F9796-35CA-46BB-A3E2-4635CA07D58B} = {F7F263FA-BE81-4B45-AC8F-B8353C3C9164}
		{8777554F-3FE4-42E8-9DC7-F571C60F2951} = {2214166D-3B85-48E8-88CC-2FC60A500B68}
		{1DF5B377-502C-4B5A-AABD-721C249DA094} = {0122F54F-BD45-4807-8FC4-F530CC620489}
		{8436FF83-5E6C-48C6-BCE3-811ACB812FA5} = {0122F54F-BD45-4807-8FC4-F530CC620489}
		{19BADCCC-2BCB-4D4D-9B08-C920B288B6C4} = {BBD66AD1-F39F-4C8A-9A80-87B86CB6F7F6}
		{39428D4C-C563-4205-9765-CE72E7B9F841} = {0122F54F-BD45-4807-8FC4-F530CC620489}
		{4C29EA93-CA5D-46B4-801C-7A430B64E8B4} = {0122F54F-BD45-4807-8FC4-F530CC620489}
		{66556278-B078-4C82-A547-2112A323C7C1} = {C78AEA97-B378-4B7A-B24F-F5765860DAF6}
		{6B666857-17FE-4327-8991-812FFC39EC82} = {C78AEA97-B378-4B7A-B24F-F5765860DAF6}
		{7A690C9D-4D83-44FA-A3E5-5A1ED84EEFE1} = {0122F54F-BD45-4807-8FC4-F530CC620489}
		{A4D88879-D71F-4740-AF64-8ECE034F0896} = {2214166D-3B85-48E8-88CC-2FC60A500B68}
		{171A8566-5D44-4A04-A3D9-BA30DE27D54C} = {F7F263FA-BE81-4B45-AC8F-B8353C3C9164}
		{BCC57939-5F16-4382-9456-A8C18007AC69} = {2214166D-3B85-48E8-88CC-2FC60A500B68}
		{A733CEF4-0AE3-46F8-8A52-942456DBB6CF} = {BBD66AD1-F39F-4C8A-9A80-87B86CB6F7F6}
		{BB6BF67C-C0BF-4741-AFA9-0E26C137A54E} = {2214166D-3B85-48E8-88CC-2FC60A500B68}
		{5A85B763-88B5-4928-A783-1E86FC590E14} = {F6F4673C-00F8-43D7-9284-DA79DD1143C6}
		{5A59C3AA-1381-4E33-B59C-A24A893CDB12} = {0122F54F-BD45-4807-8FC4-F530CC620489}
		{CA218A7C-B736-4EE8-B14D-686998AA78FB} = {F6F4673C-00F8-43D7-9284-DA79DD1143C6}
		{BDDE1455-19E1-4BDB-B9BC-A465A7CEF1F3} = {CEFD0391-CBD4-41AB-B553-66AA99DE7F08}
		{F44F0818-823D-4D42-9299-7A67CB422AC5} = {F6F4673C-00F8-43D7-9284-DA79DD1143C6}
		{F10AAB29-266F-445B-AC1E-832558C250C8} = {BBD66AD1-F39F-4C8A-9A80-87B86CB6F7F6}
		{D4B84756-151E-4281-9DE0-F3DD2D9A6A10} = {CF100BE5-1336-4041-8757-3BD439EF64A8}
		{36818045-18C0-4ACC-ACCC-5EFFD88E7229} = {C19C448B-FEDF-4165-A4A9-57B95AF58288}
		{8C78BE1A-8631-4F93-9279-640613C6950C} = {CEFD0391-CBD4-41AB-B553-66AA99DE7F08}
		{EF231A5C-2CF6-46AE-AD53-61ACC42754AB} = {BBD66AD1-F39F-4C8A-9A80-87B86CB6F7F6}
		{32962C02-8764-478B-ADA8-2E94C3CCAEA2} = {F6F4673C-00F8-43D7-9284-DA79DD1143C6}
		{60D336DE-AB21-4207-A0C5-BD1AC8621E6A} = {6D2C2211-4658-48F2-A326-4C9D97D15FF2}
		{E748CD2C-F3BB-49B9-95EA-2785A39F7110} = {F6F4673C-00F8-43D7-9284-DA79DD1143C6}
		{37A7C67C-1072-489A-966A-2E1A18E3CCEF} = {BBD66AD1-F39F-4C8A-9A80-87B86CB6F7F6}
		{8411DD50-D87E-4222-BE45-1A16864619AF} = {CF100BE5-1336-4041-8757-3BD439EF64A8}
		{2A3E4014-46F2-44DC-A4D0-2B5D229D2630} = {F7F263FA-BE81-4B45-AC8F-B8353C3C9164}
		{31E01FD1-4948-4A62-A59C-FD2C7B83872E} = {CEFD0391-CBD4-41AB-B553-66AA99DE7F08}
		{3FF50472-EAE4-4014-9E3F-84D8A2B2B7E7} = {0122F54F-BD45-4807-8FC4-F530CC620489}
		{DD931692-C9B9-4F89-A31E-F606313DC583} = {2214166D-3B85-48E8-88CC-2FC60A500B68}
		{E72C83AC-7A6C-4F34-9DE2-CA17CF273737} = {BBD66AD1-F39F-4C8A-9A80-87B86CB6F7F6}
		{4DCC8FE1-01E4-411D-9ACF-D3C5FDC396A6} = {9DB16015-42C1-4791-99EF-C22397F6DF46}
		{57BF0155-99C0-4A7B-8E9C-A48907D9688B} = {CEFD0391-CBD4-41AB-B553-66AA99DE7F08}
		{302D555C-4A07-4282-87BB-CEF51269BB15} = {F6F4673C-00F8-43D7-9284-DA79DD1143C6}
		{7367886D-D960-47A8-901C-150942D43BFD} = {F7F263FA-BE81-4B45-AC8F-B8353C3C9164}
		{7AF53654-52D3-4314-AE54-8827D0E163C0} = {6D2C2211-4658-48F2-A326-4C9D97D15FF2}
		{8E0B1831-3898-495C-AF7B-E4F90BBD53A2} = {C19C448B-FEDF-4165-A4A9-57B95AF58288}
		{303EBB44-B4CB-49B4-B6DE-70C27F9DD7E0} = {23B35496-8BAB-494D-BE2E-76A0513E9597}
		{79EFB9CF-0170-44CA-B73E-280225D97CEC} = {F6F4673C-00F8-43D7-9284-DA79DD1143C6}
		{5FBA0981-7934-4E38-906C-215BEE658740} = {CF100BE5-1336-4041-8757-3BD439EF64A8}
		{F357D08F-ACD6-431F-9D25-F9844E5038BB} = {0122F54F-BD45-4807-8FC4-F530CC620489}
		{5A4A5FFD-5326-48CB-839F-DC88D1063BE1} = {F6F4673C-00F8-43D7-9284-DA79DD1143C6}
		{465E711C-0B20-4B11-8B20-01E11395F75A} = {A3CBE03F-6A6E-4088-BE8F-7DF4F6C2FF5E}
		{019B88A2-B344-4841-9DC8-F356B0EF447F} = {CEFD0391-CBD4-41AB-B553-66AA99DE7F08}
		{D00170B5-C548-43C8-BADC-0C5EF437D494} = {0122F54F-BD45-4807-8FC4-F530CC620489}
		{A8E31C83-CFD4-4DCD-9A30-6C24920D3322} = {A3CBE03F-6A6E-4088-BE8F-7DF4F6C2FF5E}
		{FC266A58-37E8-4474-954E-43A3E5742A98} = {A3CBE03F-6A6E-4088-BE8F-7DF4F6C2FF5E}
		{FDF978E4-6DB6-4C9A-B068-6BBE83B0B71A} = {BBD66AD1-F39F-4C8A-9A80-87B86CB6F7F6}
		{DA7C3212-894C-40D9-89C4-64B668B81318} = {CEFD0391-CBD4-41AB-B553-66AA99DE7F08}
		{2650272B-EA5A-4386-BBBC-F4872215AB13} = {6D2C2211-4658-48F2-A326-4C9D97D15FF2}
		{A356F1B4-46C0-4C35-BACC-6467E567C6B2} = {0122F54F-BD45-4807-8FC4-F530CC620489}
		{5156F13B-1EB1-4057-A0C7-2D4D1742FCAF} = {F6F4673C-00F8-43D7-9284-DA79DD1143C6}
		{482C6988-7317-4B26-AC00-6A3C67A544FA} = {6D2C2211-4658-48F2-A326-4C9D97D15FF2}
		{2D2B8B72-B72E-4EE8-8A9D-E734CC276C12} = {F7F263FA-BE81-4B45-AC8F-B8353C3C9164}
		{918FD381-9A11-4EA7-A897-896694C29775} = {CEFD0391-CBD4-41AB-B553-66AA99DE7F08}
		{5E19EAC2-A5A7-42E4-AC66-94F6AC455E32} = {CEFD0391-CBD4-41AB-B553-66AA99DE7F08}
		{9BAD0F1A-EA87-42CF-B44C-A984E1CA2FCB} = {CEFD0391-CBD4-41AB-B553-66AA99DE7F08}
		{01C424E5-5848-4DF3-A5BD-FC76A8EDFEF9} = {CEFD0391-CBD4-41AB-B553-66AA99DE7F08}
		{F7E1C348-3A5E-454E-9552-2CFA48306DE8} = {CEFD0391-CBD4-41AB-B553-66AA99DE7F08}
		{68BBB8AB-102A-404F-80D7-E0804019AA6C} = {CEFD0391-CBD4-41AB-B553-66AA99DE7F08}
		{B6B7A734-0C0C-458B-A819-8687E1566401} = {CEFD0391-CBD4-41AB-B553-66AA99DE7F08}
	EndGlobalSection
	GlobalSection(ExtensibilityGlobals) = postSolution
		SolutionGuid = {6CCAA0D0-2F5C-423D-8189-71B887937E8E}
	EndGlobalSection
EndGlobal
