
Microsoft Visual Studio Solution File, Format Version 11.00
# Visual Studio 2010
Project("{2150E333-8FDC-42A3-9474-1A3956D46DE8}") = "Templates.Package", "Templates.Package", "{5D5A2F21-8A65-4C74-88A8-809DF14B9D5F}"
EndProject
Project("{FAE04EC0-301F-11D3-BF4B-00C04F79EFBC}") = "Infragistics.Templates.SamplesPackage", "Infragistics.Templates.SamplesPackage\Infragistics.Templates.SamplesPackage.csproj", "{85806970-CC7B-4AF2-BC62-A388B2DEF84B}"
EndProject
Project("{FAE04EC0-301F-11D3-BF4B-00C04F79EFBC}") = "Infragistics.Templates.SamplesProject.SL", "Infragistics.Templates.SamplesProjects\Infragistics.Templates.SamplesProject.SL.csproj", "{3BDD2DF8-916B-4F3D-8B44-502B815F0FC4}"
EndProject
Project("{FAE04EC0-301F-11D3-BF4B-00C04F79EFBC}") = "Infragistics.Templates.SamplesProject.WPF", "Infragistics.Templates.SamplesProjects\Infragistics.Templates.SamplesProject.WPF.csproj", "{79B64872-624F-4B48-AE6C-D7201428BAD5}"
EndProject
Project("{FAE04EC0-301F-11D3-BF4B-00C04F79EFBC}") = "Infragistics.Templates.SamplesItems", "Infragistics.Templates.SamplesItems\Infragistics.Templates.SamplesItems.csproj", "{135AE3CA-1686-4077-84E9-0FCAD18218E4}"
EndProject
Project("{FAE04EC0-301F-11D3-BF4B-00C04F79EFBC}") = "Infragistics.Templates.Framework", "Infragistics.Templates.Framework\Infragistics.Templates.Framework.csproj", "{E1320BB1-C99E-46F8-8A22-749093322540}"
EndProject
Project("{2150E333-8FDC-42A3-9474-1A3956D46DE8}") = "Samples.Common", "Samples.Common", "{124CD7D2-9A15-4DA2-92D4-90A6DDFB2FA3}"
EndProject
Project("{2150E333-8FDC-42A3-9474-1A3956D46DE8}") = "Solution Items", "Solution Items", "{03763114-85F6-4E6E-92EF-DD41A5CA9832}"
EndProject
Project("{FAE04EC0-301F-11D3-BF4B-00C04F79EFBC}") = "Infragistics.Samples.Framework.SL", "Infragistics.Samples.Framework\Infragistics.Samples.Framework.SL.csproj", "{2F65D0F0-FC6F-42A8-B58F-02DE9444BB03}"
EndProject
Project("{FAE04EC0-301F-11D3-BF4B-00C04F79EFBC}") = "Infragistics.Samples.Framework.WPF", "Infragistics.Samples.Framework\Infragistics.Samples.Framework.WPF.csproj", "{9D1438D4-80AD-400D-976A-F4500A79C6E9}"
EndProject
Project("{FAE04EC0-301F-11D3-BF4B-00C04F79EFBC}") = "Infragistics.Samples.Shared.SL", "Infragistics.Samples.Shared\Infragistics.Samples.Shared.SL.csproj", "{6F727265-158C-4B50-AF73-612413563A5F}"
EndProject
Project("{FAE04EC0-301F-11D3-BF4B-00C04F79EFBC}") = "Infragistics.Samples.Shared.WPF", "Infragistics.Samples.Shared\Infragistics.Samples.Shared.WPF.csproj", "{AEA4805F-4C96-4943-BD61-34C18F96C2D9}"
EndProject
Project("{FAE04EC0-301F-11D3-BF4B-00C04F79EFBC}") = "Infragistics.Samples.Assets.WPF", "Infragistics.Samples.Assets\Infragistics.Samples.Assets.WPF.csproj", "{DBF6EEAB-4ECD-48FB-BDDC-544EC71CF0EE}"
EndProject
Project("{FAE04EC0-301F-11D3-BF4B-00C04F79EFBC}") = "IGGeographicMap.SL", "IGGeographicMap\IGGeographicMap.SL.csproj", "{56E2233D-BA48-4391-B060-2D2447DE66BE}"
EndProject
Project("{FAE04EC0-301F-11D3-BF4B-00C04F79EFBC}") = "Infragistics.Samples.Services.SL", "Infragistics.Samples.Services\Infragistics.Samples.Services.SL.csproj", "{35A99ABA-4EBD-459C-9FA1-3128EF567440}"
EndProject
Project("{FAE04EC0-301F-11D3-BF4B-00C04F79EFBC}") = "Infragistics.Samples.Services.WPF", "Infragistics.Samples.Services\Infragistics.Samples.Services.WPF.csproj", "{303EBB44-B4CB-49B4-B6DE-70C27F9DD7E0}"
EndProject
Project("{FAE04EC0-301F-11D3-BF4B-00C04F79EFBC}") = "IGGeographicMap.WPF", "IGGeographicMap\IGGeographicMap.WPF.csproj", "{8E0B1831-3898-495C-AF7B-E4F90BBD53A2}"
EndProject
Project("{2150E333-8FDC-42A3-9474-1A3956D46DE8}") = "Templates.Test", "Templates.Test", "{A3F9C1C8-B7BD-495F-BBDB-79B988AE1076}"
EndProject
Project("{2150E333-8FDC-42A3-9474-1A3956D46DE8}") = "Templates.Projects", "Templates.Projects", "{24D3EAC2-33AD-4F8A-AA3B-C3A37C327467}"
EndProject
Project("{FAE04EC0-301F-11D3-BF4B-00C04F79EFBC}") = "IGSamplesProject.SL", "Infragistics.Templates.SamplesProjects\IGSamplesProject.SL.csproj", "{C281B1E7-503A-4442-AB9B-D8F773A0A40B}"
EndProject
Project("{FAE04EC0-301F-11D3-BF4B-00C04F79EFBC}") = "IGSamplesProject.WPF", "Infragistics.Templates.SamplesProjects\IGSamplesProject.WPF.csproj", "{A8E31C83-CFD4-4DCD-9A30-6C24920D3322}"
EndProject
Project("{FAE04EC0-301F-11D3-BF4B-00C04F79EFBC}") = "Infragistics.Samples", "Infragistics.Samples\Infragistics.Samples.csproj", "{FDA71823-4868-4F5D-BFD2-5FD3BFB9BCA5}"
EndProject
Project("{FAE04EC0-301F-11D3-BF4B-00C04F79EFBC}") = "Infragistics.SamplesBrowser.WPF", "Infragistics.SamplesBrowser.WPF\Infragistics.SamplesBrowser.WPF.csproj", "{DA25F8D0-23A2-4C74-BBF4-FE44D90A34AB}"
EndProject
Project("{2150E333-8FDC-42A3-9474-1A3956D46DE8}") = "SamplesBrowser", "SamplesBrowser", "{54EFA9DF-58D7-4949-85E3-0C239D30B72F}"
EndProject
Global
	GlobalSection(TeamFoundationVersionControl) = preSolution
		SccNumberOfProjects = 19
		SccEnterpriseProvider = {4CA58AB2-18FA-4F8D-95D4-32DDF27D184C}
		SccTeamFoundationServer = http://tfs.infragistics.local:8080/tfs/engineering
		SccProjectUniqueName0 = Infragistics.Samples.Framework\\Infragistics.Samples.Framework.SL.csproj
		SccProjectTopLevelParentUniqueName0 = Infragistics.Templates.Projects.sln
		SccProjectName0 = Infragistics.Samples.Framework
		SccLocalPath0 = Infragistics.Samples.Framework
		SccProjectUniqueName1 = Infragistics.Samples.Framework\\Infragistics.Samples.Framework.WPF.csproj
		SccProjectTopLevelParentUniqueName1 = Infragistics.Templates.Projects.sln
		SccProjectName1 = Infragistics.Samples.Framework
		SccLocalPath1 = Infragistics.Samples.Framework
		SccProjectUniqueName2 = Infragistics.Samples.Shared\\Infragistics.Samples.Shared.SL.csproj
		SccProjectTopLevelParentUniqueName2 = Infragistics.Templates.Projects.sln
		SccProjectName2 = Infragistics.Samples.Shared
		SccLocalPath2 = Infragistics.Samples.Shared
		SccProjectUniqueName3 = Infragistics.Samples.Shared\\Infragistics.Samples.Shared.WPF.csproj
		SccProjectTopLevelParentUniqueName3 = Infragistics.Templates.Projects.sln
		SccProjectName3 = Infragistics.Samples.Shared
		SccLocalPath3 = Infragistics.Samples.Shared
		SccProjectUniqueName4 = Infragistics.Samples.Assets\\Infragistics.Samples.Assets.WPF.csproj
		SccProjectTopLevelParentUniqueName4 = Infragistics.Templates.Projects.sln
		SccProjectName4 = Infragistics.Samples.Assets
		SccLocalPath4 = Infragistics.Samples.Assets
		SccProjectUniqueName5 = IGGeographicMap\\IGGeographicMap.SL.csproj
		SccProjectTopLevelParentUniqueName5 = Infragistics.Templates.Projects.sln
		SccLocalPath5 = IGGeographicMap
		SccProjectUniqueName6 = Infragistics.Samples.Services\\Infragistics.Samples.Services.SL.csproj
		SccProjectTopLevelParentUniqueName6 = Infragistics.Templates.Projects.sln
		SccProjectName6 = Infragistics.Samples.Services
		SccLocalPath6 = Infragistics.Samples.Services
		SccProjectUniqueName7 = Infragistics.Samples.Services\\Infragistics.Samples.Services.WPF.csproj
		SccProjectTopLevelParentUniqueName7 = Infragistics.Templates.Projects.sln
		SccProjectName7 = Infragistics.Samples.Services
		SccLocalPath7 = Infragistics.Samples.Services
		SccProjectUniqueName8 = IGGeographicMap\\IGGeographicMap.WPF.csproj
		SccProjectTopLevelParentUniqueName8 = Infragistics.Templates.Projects.sln
		SccLocalPath8 = IGGeographicMap
		SccProjectUniqueName9 = Infragistics.Samples\\Infragistics.Samples.csproj
		SccProjectTopLevelParentUniqueName9 = Infragistics.Templates.Projects.sln
		SccProjectName9 = Infragistics.Samples
		SccLocalPath9 = Infragistics.Samples
		SccProjectUniqueName10 = Infragistics.SamplesBrowser.WPF\\Infragistics.SamplesBrowser.WPF.csproj
		SccProjectTopLevelParentUniqueName10 = Infragistics.Templates.Projects.sln
		SccProjectName10 = Infragistics.SamplesBrowser.WPF
		SccLocalPath10 = Infragistics.SamplesBrowser.WPF
		SccLocalPath11 = .
		SccProjectUniqueName12 = Infragistics.Templates.Framework\\Infragistics.Templates.Framework.csproj
		SccProjectTopLevelParentUniqueName12 = Infragistics.Templates.Projects.sln
		SccProjectName12 = Infragistics.Templates.Framework
		SccLocalPath12 = Infragistics.Templates.Framework
		SccProjectUniqueName13 = Infragistics.Templates.SamplesItems\\Infragistics.Templates.SamplesItems.csproj
		SccProjectTopLevelParentUniqueName13 = Infragistics.Templates.Projects.sln
		SccProjectName13 = Infragistics.Templates.SamplesItems
		SccLocalPath13 = Infragistics.Templates.SamplesItems
		SccProjectUniqueName14 = Infragistics.Templates.SamplesPackage\\Infragistics.Templates.SamplesPackage.csproj
		SccProjectTopLevelParentUniqueName14 = Infragistics.Templates.Projects.sln
		SccProjectName14 = Infragistics.Templates.SamplesPackage
		SccLocalPath14 = Infragistics.Templates.SamplesPackage
		SccProjectUniqueName15 = Infragistics.Templates.SamplesProjects\\IGSamplesProject.SL.csproj
		SccProjectTopLevelParentUniqueName15 = Infragistics.Templates.Projects.sln
		SccProjectName15 = Infragistics.Templates.SamplesProjects
		SccLocalPath15 = Infragistics.Templates.SamplesProjects
		SccProjectUniqueName16 = Infragistics.Templates.SamplesProjects\\IGSamplesProject.WPF.csproj
		SccProjectTopLevelParentUniqueName16 = Infragistics.Templates.Projects.sln
		SccProjectName16 = Infragistics.Templates.SamplesProjects
		SccLocalPath16 = Infragistics.Templates.SamplesProjects
		SccProjectUniqueName17 = Infragistics.Templates.SamplesProjects\\Infragistics.Templates.SamplesProject.SL.csproj
		SccProjectTopLevelParentUniqueName17 = Infragistics.Templates.Projects.sln
		SccProjectName17 = Infragistics.Templates.SamplesProjects
		SccLocalPath17 = Infragistics.Templates.SamplesProjects
		SccProjectUniqueName18 = Infragistics.Templates.SamplesProjects\\Infragistics.Templates.SamplesProject.WPF.csproj
		SccProjectTopLevelParentUniqueName18 = Infragistics.Templates.Projects.sln
		SccProjectName18 = Infragistics.Templates.SamplesProjects
		SccLocalPath18 = Infragistics.Templates.SamplesProjects
	EndGlobalSection
	GlobalSection(SolutionConfigurationPlatforms) = preSolution
		Debug|Any CPU = Debug|Any CPU
		Debug|x86 = Debug|x86
		Release|Any CPU = Release|Any CPU
		Release|x86 = Release|x86
	EndGlobalSection
	GlobalSection(ProjectConfigurationPlatforms) = postSolution
		{85806970-CC7B-4AF2-BC62-A388B2DEF84B}.Debug|Any CPU.ActiveCfg = Debug|Any CPU
		{85806970-CC7B-4AF2-BC62-A388B2DEF84B}.Debug|Any CPU.Build.0 = Debug|Any CPU
		{85806970-CC7B-4AF2-BC62-A388B2DEF84B}.Debug|x86.ActiveCfg = Debug|Any CPU
		{85806970-CC7B-4AF2-BC62-A388B2DEF84B}.Release|Any CPU.ActiveCfg = Release|Any CPU
		{85806970-CC7B-4AF2-BC62-A388B2DEF84B}.Release|Any CPU.Build.0 = Release|Any CPU
		{85806970-CC7B-4AF2-BC62-A388B2DEF84B}.Release|x86.ActiveCfg = Release|Any CPU
		{3BDD2DF8-916B-4F3D-8B44-502B815F0FC4}.Debug|Any CPU.ActiveCfg = Debug|Any CPU
		{3BDD2DF8-916B-4F3D-8B44-502B815F0FC4}.Debug|Any CPU.Build.0 = Debug|Any CPU
		{3BDD2DF8-916B-4F3D-8B44-502B815F0FC4}.Debug|x86.ActiveCfg = Debug|Any CPU
		{3BDD2DF8-916B-4F3D-8B44-502B815F0FC4}.Release|Any CPU.ActiveCfg = Release|Any CPU
		{3BDD2DF8-916B-4F3D-8B44-502B815F0FC4}.Release|Any CPU.Build.0 = Release|Any CPU
		{3BDD2DF8-916B-4F3D-8B44-502B815F0FC4}.Release|x86.ActiveCfg = Release|Any CPU
		{79B64872-624F-4B48-AE6C-D7201428BAD5}.Debug|Any CPU.ActiveCfg = Debug|Any CPU
		{79B64872-624F-4B48-AE6C-D7201428BAD5}.Debug|Any CPU.Build.0 = Debug|Any CPU
		{79B64872-624F-4B48-AE6C-D7201428BAD5}.Debug|x86.ActiveCfg = Debug|Any CPU
		{79B64872-624F-4B48-AE6C-D7201428BAD5}.Release|Any CPU.ActiveCfg = Release|Any CPU
		{79B64872-624F-4B48-AE6C-D7201428BAD5}.Release|Any CPU.Build.0 = Release|Any CPU
		{79B64872-624F-4B48-AE6C-D7201428BAD5}.Release|x86.ActiveCfg = Release|Any CPU
		{135AE3CA-1686-4077-84E9-0FCAD18218E4}.Debug|Any CPU.ActiveCfg = Debug|Any CPU
		{135AE3CA-1686-4077-84E9-0FCAD18218E4}.Debug|Any CPU.Build.0 = Debug|Any CPU
		{135AE3CA-1686-4077-84E9-0FCAD18218E4}.Debug|x86.ActiveCfg = Debug|Any CPU
		{135AE3CA-1686-4077-84E9-0FCAD18218E4}.Release|Any CPU.ActiveCfg = Release|Any CPU
		{135AE3CA-1686-4077-84E9-0FCAD18218E4}.Release|Any CPU.Build.0 = Release|Any CPU
		{135AE3CA-1686-4077-84E9-0FCAD18218E4}.Release|x86.ActiveCfg = Release|Any CPU
		{E1320BB1-C99E-46F8-8A22-749093322540}.Debug|Any CPU.ActiveCfg = Debug|Any CPU
		{E1320BB1-C99E-46F8-8A22-749093322540}.Debug|Any CPU.Build.0 = Debug|Any CPU
		{E1320BB1-C99E-46F8-8A22-749093322540}.Debug|x86.ActiveCfg = Debug|Any CPU
		{E1320BB1-C99E-46F8-8A22-749093322540}.Release|Any CPU.ActiveCfg = Release|Any CPU
		{E1320BB1-C99E-46F8-8A22-749093322540}.Release|Any CPU.Build.0 = Release|Any CPU
		{E1320BB1-C99E-46F8-8A22-749093322540}.Release|x86.ActiveCfg = Release|Any CPU
		{2F65D0F0-FC6F-42A8-B58F-02DE9444BB03}.Debug|Any CPU.ActiveCfg = Debug|Any CPU
		{2F65D0F0-FC6F-42A8-B58F-02DE9444BB03}.Debug|Any CPU.Build.0 = Debug|Any CPU
		{2F65D0F0-FC6F-42A8-B58F-02DE9444BB03}.Debug|x86.ActiveCfg = Debug|Any CPU
		{2F65D0F0-FC6F-42A8-B58F-02DE9444BB03}.Release|Any CPU.ActiveCfg = Release|Any CPU
		{2F65D0F0-FC6F-42A8-B58F-02DE9444BB03}.Release|Any CPU.Build.0 = Release|Any CPU
		{2F65D0F0-FC6F-42A8-B58F-02DE9444BB03}.Release|x86.ActiveCfg = Release|Any CPU
		{9D1438D4-80AD-400D-976A-F4500A79C6E9}.Debug|Any CPU.ActiveCfg = Debug|Any CPU
		{9D1438D4-80AD-400D-976A-F4500A79C6E9}.Debug|Any CPU.Build.0 = Debug|Any CPU
		{9D1438D4-80AD-400D-976A-F4500A79C6E9}.Debug|x86.ActiveCfg = Debug|Any CPU
		{9D1438D4-80AD-400D-976A-F4500A79C6E9}.Release|Any CPU.ActiveCfg = Release|Any CPU
		{9D1438D4-80AD-400D-976A-F4500A79C6E9}.Release|Any CPU.Build.0 = Release|Any CPU
		{9D1438D4-80AD-400D-976A-F4500A79C6E9}.Release|x86.ActiveCfg = Release|Any CPU
		{6F727265-158C-4B50-AF73-612413563A5F}.Debug|Any CPU.ActiveCfg = Debug|Any CPU
		{6F727265-158C-4B50-AF73-612413563A5F}.Debug|Any CPU.Build.0 = Debug|Any CPU
		{6F727265-158C-4B50-AF73-612413563A5F}.Debug|x86.ActiveCfg = Debug|Any CPU
		{6F727265-158C-4B50-AF73-612413563A5F}.Release|Any CPU.ActiveCfg = Release|Any CPU
		{6F727265-158C-4B50-AF73-612413563A5F}.Release|Any CPU.Build.0 = Release|Any CPU
		{6F727265-158C-4B50-AF73-612413563A5F}.Release|x86.ActiveCfg = Release|Any CPU
		{AEA4805F-4C96-4943-BD61-34C18F96C2D9}.Debug|Any CPU.ActiveCfg = Debug|Any CPU
		{AEA4805F-4C96-4943-BD61-34C18F96C2D9}.Debug|Any CPU.Build.0 = Debug|Any CPU
		{AEA4805F-4C96-4943-BD61-34C18F96C2D9}.Debug|x86.ActiveCfg = Debug|x86
		{AEA4805F-4C96-4943-BD61-34C18F96C2D9}.Debug|x86.Build.0 = Debug|x86
		{AEA4805F-4C96-4943-BD61-34C18F96C2D9}.Release|Any CPU.ActiveCfg = Release|Any CPU
		{AEA4805F-4C96-4943-BD61-34C18F96C2D9}.Release|Any CPU.Build.0 = Release|Any CPU
		{AEA4805F-4C96-4943-BD61-34C18F96C2D9}.Release|x86.ActiveCfg = Release|x86
		{AEA4805F-4C96-4943-BD61-34C18F96C2D9}.Release|x86.Build.0 = Release|x86
		{DBF6EEAB-4ECD-48FB-BDDC-544EC71CF0EE}.Debug|Any CPU.ActiveCfg = Debug|Any CPU
		{DBF6EEAB-4ECD-48FB-BDDC-544EC71CF0EE}.Debug|Any CPU.Build.0 = Debug|Any CPU
		{DBF6EEAB-4ECD-48FB-BDDC-544EC71CF0EE}.Debug|x86.ActiveCfg = Debug|Any CPU
		{DBF6EEAB-4ECD-48FB-BDDC-544EC71CF0EE}.Release|Any CPU.ActiveCfg = Release|Any CPU
		{DBF6EEAB-4ECD-48FB-BDDC-544EC71CF0EE}.Release|Any CPU.Build.0 = Release|Any CPU
		{DBF6EEAB-4ECD-48FB-BDDC-544EC71CF0EE}.Release|x86.ActiveCfg = Release|Any CPU
		{56E2233D-BA48-4391-B060-2D2447DE66BE}.Debug|Any CPU.ActiveCfg = Debug|Any CPU
		{56E2233D-BA48-4391-B060-2D2447DE66BE}.Debug|Any CPU.Build.0 = Debug|Any CPU
		{56E2233D-BA48-4391-B060-2D2447DE66BE}.Debug|x86.ActiveCfg = Debug|Any CPU
		{56E2233D-BA48-4391-B060-2D2447DE66BE}.Release|Any CPU.ActiveCfg = Release|Any CPU
		{56E2233D-BA48-4391-B060-2D2447DE66BE}.Release|Any CPU.Build.0 = Release|Any CPU
		{56E2233D-BA48-4391-B060-2D2447DE66BE}.Release|x86.ActiveCfg = Release|Any CPU
		{35A99ABA-4EBD-459C-9FA1-3128EF567440}.Debug|Any CPU.ActiveCfg = Debug|Any CPU
		{35A99ABA-4EBD-459C-9FA1-3128EF567440}.Debug|Any CPU.Build.0 = Debug|Any CPU
		{35A99ABA-4EBD-459C-9FA1-3128EF567440}.Debug|x86.ActiveCfg = Debug|Any CPU
		{35A99ABA-4EBD-459C-9FA1-3128EF567440}.Release|Any CPU.ActiveCfg = Release|Any CPU
		{35A99ABA-4EBD-459C-9FA1-3128EF567440}.Release|Any CPU.Build.0 = Release|Any CPU
		{35A99ABA-4EBD-459C-9FA1-3128EF567440}.Release|x86.ActiveCfg = Release|Any CPU
		{303EBB44-B4CB-49B4-B6DE-70C27F9DD7E0}.Debug|Any CPU.ActiveCfg = Debug|Any CPU
		{303EBB44-B4CB-49B4-B6DE-70C27F9DD7E0}.Debug|Any CPU.Build.0 = Debug|Any CPU
		{303EBB44-B4CB-49B4-B6DE-70C27F9DD7E0}.Debug|x86.ActiveCfg = Debug|x86
		{303EBB44-B4CB-49B4-B6DE-70C27F9DD7E0}.Debug|x86.Build.0 = Debug|x86
		{303EBB44-B4CB-49B4-B6DE-70C27F9DD7E0}.Release|Any CPU.ActiveCfg = Release|Any CPU
		{303EBB44-B4CB-49B4-B6DE-70C27F9DD7E0}.Release|Any CPU.Build.0 = Release|Any CPU
		{303EBB44-B4CB-49B4-B6DE-70C27F9DD7E0}.Release|x86.ActiveCfg = Release|x86
		{303EBB44-B4CB-49B4-B6DE-70C27F9DD7E0}.Release|x86.Build.0 = Release|x86
		{8E0B1831-3898-495C-AF7B-E4F90BBD53A2}.Debug|Any CPU.ActiveCfg = Debug|Any CPU
		{8E0B1831-3898-495C-AF7B-E4F90BBD53A2}.Debug|Any CPU.Build.0 = Debug|Any CPU
		{8E0B1831-3898-495C-AF7B-E4F90BBD53A2}.Debug|x86.ActiveCfg = Debug|Any CPU
		{8E0B1831-3898-495C-AF7B-E4F90BBD53A2}.Release|Any CPU.ActiveCfg = Release|Any CPU
		{8E0B1831-3898-495C-AF7B-E4F90BBD53A2}.Release|Any CPU.Build.0 = Release|Any CPU
		{8E0B1831-3898-495C-AF7B-E4F90BBD53A2}.Release|x86.ActiveCfg = Release|Any CPU
		{C281B1E7-503A-4442-AB9B-D8F773A0A40B}.Debug|Any CPU.ActiveCfg = Debug|Any CPU
		{C281B1E7-503A-4442-AB9B-D8F773A0A40B}.Debug|Any CPU.Build.0 = Debug|Any CPU
		{C281B1E7-503A-4442-AB9B-D8F773A0A40B}.Debug|x86.ActiveCfg = Debug|Any CPU
		{C281B1E7-503A-4442-AB9B-D8F773A0A40B}.Release|Any CPU.ActiveCfg = Release|Any CPU
		{C281B1E7-503A-4442-AB9B-D8F773A0A40B}.Release|Any CPU.Build.0 = Release|Any CPU
		{C281B1E7-503A-4442-AB9B-D8F773A0A40B}.Release|x86.ActiveCfg = Release|Any CPU
		{A8E31C83-CFD4-4DCD-9A30-6C24920D3322}.Debug|Any CPU.ActiveCfg = Debug|Any CPU
		{A8E31C83-CFD4-4DCD-9A30-6C24920D3322}.Debug|Any CPU.Build.0 = Debug|Any CPU
		{A8E31C83-CFD4-4DCD-9A30-6C24920D3322}.Debug|x86.ActiveCfg = Debug|Any CPU
		{A8E31C83-CFD4-4DCD-9A30-6C24920D3322}.Release|Any CPU.ActiveCfg = Release|Any CPU
		{A8E31C83-CFD4-4DCD-9A30-6C24920D3322}.Release|Any CPU.Build.0 = Release|Any CPU
		{A8E31C83-CFD4-4DCD-9A30-6C24920D3322}.Release|x86.ActiveCfg = Release|Any CPU
		{FDA71823-4868-4F5D-BFD2-5FD3BFB9BCA5}.Debug|Any CPU.ActiveCfg = Debug|Any CPU
		{FDA71823-4868-4F5D-BFD2-5FD3BFB9BCA5}.Debug|Any CPU.Build.0 = Debug|Any CPU
		{FDA71823-4868-4F5D-BFD2-5FD3BFB9BCA5}.Debug|x86.ActiveCfg = Debug|Any CPU
		{FDA71823-4868-4F5D-BFD2-5FD3BFB9BCA5}.Release|Any CPU.ActiveCfg = Release|Any CPU
		{FDA71823-4868-4F5D-BFD2-5FD3BFB9BCA5}.Release|Any CPU.Build.0 = Release|Any CPU
		{FDA71823-4868-4F5D-BFD2-5FD3BFB9BCA5}.Release|x86.ActiveCfg = Release|Any CPU
		{DA25F8D0-23A2-4C74-BBF4-FE44D90A34AB}.Debug|Any CPU.ActiveCfg = Debug|Any CPU
		{DA25F8D0-23A2-4C74-BBF4-FE44D90A34AB}.Debug|Any CPU.Build.0 = Debug|Any CPU
		{DA25F8D0-23A2-4C74-BBF4-FE44D90A34AB}.Debug|x86.ActiveCfg = Debug|x86
		{DA25F8D0-23A2-4C74-BBF4-FE44D90A34AB}.Debug|x86.Build.0 = Debug|x86
		{DA25F8D0-23A2-4C74-BBF4-FE44D90A34AB}.Release|Any CPU.ActiveCfg = Release|Any CPU
		{DA25F8D0-23A2-4C74-BBF4-FE44D90A34AB}.Release|Any CPU.Build.0 = Release|Any CPU
		{DA25F8D0-23A2-4C74-BBF4-FE44D90A34AB}.Release|x86.ActiveCfg = Release|x86
		{DA25F8D0-23A2-4C74-BBF4-FE44D90A34AB}.Release|x86.Build.0 = Release|x86
	EndGlobalSection
	GlobalSection(SolutionProperties) = preSolution
		HideSolutionNode = FALSE
	EndGlobalSection
	GlobalSection(NestedProjects) = preSolution
		{85806970-CC7B-4AF2-BC62-A388B2DEF84B} = {5D5A2F21-8A65-4C74-88A8-809DF14B9D5F}
		{3BDD2DF8-916B-4F3D-8B44-502B815F0FC4} = {5D5A2F21-8A65-4C74-88A8-809DF14B9D5F}
		{79B64872-624F-4B48-AE6C-D7201428BAD5} = {5D5A2F21-8A65-4C74-88A8-809DF14B9D5F}
		{135AE3CA-1686-4077-84E9-0FCAD18218E4} = {5D5A2F21-8A65-4C74-88A8-809DF14B9D5F}
		{E1320BB1-C99E-46F8-8A22-749093322540} = {5D5A2F21-8A65-4C74-88A8-809DF14B9D5F}
		{2F65D0F0-FC6F-42A8-B58F-02DE9444BB03} = {124CD7D2-9A15-4DA2-92D4-90A6DDFB2FA3}
		{9D1438D4-80AD-400D-976A-F4500A79C6E9} = {124CD7D2-9A15-4DA2-92D4-90A6DDFB2FA3}
		{6F727265-158C-4B50-AF73-612413563A5F} = {124CD7D2-9A15-4DA2-92D4-90A6DDFB2FA3}
		{AEA4805F-4C96-4943-BD61-34C18F96C2D9} = {124CD7D2-9A15-4DA2-92D4-90A6DDFB2FA3}
		{DBF6EEAB-4ECD-48FB-BDDC-544EC71CF0EE} = {124CD7D2-9A15-4DA2-92D4-90A6DDFB2FA3}
		{35A99ABA-4EBD-459C-9FA1-3128EF567440} = {124CD7D2-9A15-4DA2-92D4-90A6DDFB2FA3}
		{303EBB44-B4CB-49B4-B6DE-70C27F9DD7E0} = {124CD7D2-9A15-4DA2-92D4-90A6DDFB2FA3}
		{8E0B1831-3898-495C-AF7B-E4F90BBD53A2} = {54EFA9DF-58D7-4949-85E3-0C239D30B72F}
		{FDA71823-4868-4F5D-BFD2-5FD3BFB9BCA5} = {54EFA9DF-58D7-4949-85E3-0C239D30B72F}
		{DA25F8D0-23A2-4C74-BBF4-FE44D90A34AB} = {54EFA9DF-58D7-4949-85E3-0C239D30B72F}
		{56E2233D-BA48-4391-B060-2D2447DE66BE} = {54EFA9DF-58D7-4949-85E3-0C239D30B72F}
		{C281B1E7-503A-4442-AB9B-D8F773A0A40B} = {24D3EAC2-33AD-4F8A-AA3B-C3A37C327467}
		{A8E31C83-CFD4-4DCD-9A30-6C24920D3322} = {24D3EAC2-33AD-4F8A-AA3B-C3A37C327467}
	EndGlobalSection
EndGlobal
