
Microsoft Visual Studio Solution File, Format Version 12.00
# Visual Studio 14
VisualStudioVersion = 14.0.25420.1
MinimumVisualStudioVersion = 10.0.40219.1
Project("{FAE04EC0-301F-11D3-BF4B-00C04F79EFBC}") = "IgExcel", "IGExcel\IgExcel\IgExcel.csproj", "{60648FEE-E6B0-4AA5-AD98-78D6F68538A6}"
EndProject
Project("{FAE04EC0-301F-11D3-BF4B-00C04F79EFBC}") = "IgExcel.Business", "IGExcel\IgExcel.Business\IgExcel.Business.csproj", "{3A79DDBD-F8A1-47CF-9FF9-15A8C9D81E0D}"
EndProject
Project("{FAE04EC0-301F-11D3-BF4B-00C04F79EFBC}") = "IgExcel.Infrastructure", "IGExcel\IgExcel.Infrastructure\IgExcel.Infrastructure.csproj", "{30B175DD-E230-4B82-9844-B611B7BE13DD}"
EndProject
Project("{FAE04EC0-301F-11D3-BF4B-00C04F79EFBC}") = "IgExcel.Services", "IGExcel\IgExcel.Services\IgExcel.Services.csproj", "{40F295EE-0CA1-43D8-A057-120161AF6BBB}"
EndProject
Global
	GlobalSection(SolutionConfigurationPlatforms) = preSolution
		Debug|Any CPU = Debug|Any CPU
		Release|Any CPU = Release|Any CPU
	EndGlobalSection
	GlobalSection(ProjectConfigurationPlatforms) = postSolution
		{60648FEE-E6B0-4AA5-AD98-78D6F68538A6}.Debug|Any CPU.ActiveCfg = Debug|Any CPU
		{60648FEE-E6B0-4AA5-AD98-78D6F68538A6}.Debug|Any CPU.Build.0 = Debug|Any CPU
		{60648FEE-E6B0-4AA5-AD98-78D6F68538A6}.Release|Any CPU.ActiveCfg = Release|Any CPU
		{60648FEE-E6B0-4AA5-AD98-78D6F68538A6}.Release|Any CPU.Build.0 = Release|Any CPU
		{3A79DDBD-F8A1-47CF-9FF9-15A8C9D81E0D}.Debug|Any CPU.ActiveCfg = Debug|Any CPU
		{3A79DDBD-F8A1-47CF-9FF9-15A8C9D81E0D}.Debug|Any CPU.Build.0 = Debug|Any CPU
		{3A79DDBD-F8A1-47CF-9FF9-15A8C9D81E0D}.Release|Any CPU.ActiveCfg = Release|Any CPU
		{3A79DDBD-F8A1-47CF-9FF9-15A8C9D81E0D}.Release|Any CPU.Build.0 = Release|Any CPU
		{30B175DD-E230-4B82-9844-B611B7BE13DD}.Debug|Any CPU.ActiveCfg = Debug|Any CPU
		{30B175DD-E230-4B82-9844-B611B7BE13DD}.Debug|Any CPU.Build.0 = Debug|Any CPU
		{30B175DD-E230-4B82-9844-B611B7BE13DD}.Release|Any CPU.ActiveCfg = Release|Any CPU
		{30B175DD-E230-4B82-9844-B611B7BE13DD}.Release|Any CPU.Build.0 = Release|Any CPU
		{40F295EE-0CA1-43D8-A057-120161AF6BBB}.Debug|Any CPU.ActiveCfg = Debug|Any CPU
		{40F295EE-0CA1-43D8-A057-120161AF6BBB}.Debug|Any CPU.Build.0 = Debug|Any CPU
		{40F295EE-0CA1-43D8-A057-120161AF6BBB}.Release|Any CPU.ActiveCfg = Release|Any CPU
		{40F295EE-0CA1-43D8-A057-120161AF6BBB}.Release|Any CPU.Build.0 = Release|Any CPU
	EndGlobalSection
	GlobalSection(SolutionProperties) = preSolution
		HideSolutionNode = FALSE
	EndGlobalSection
	GlobalSection(TeamFoundationVersionControl) = preSolution
		SccNumberOfProjects = 5
		SccEnterpriseProvider = {4CA58AB2-18FA-4F8D-95D4-32DDF27D184C}
		SccTeamFoundationServer = http://tfs.infragistics.local:8080/tfs/engineering
		SccProjectUniqueName0 = IGExcel\\IgExcel\\IgExcel.csproj
		SccProjectName0 = IGExcel/IgExcel
		SccLocalPath0 = IGExcel\\IgExcel
		SccProjectUniqueName1 = IGExcel\\IgExcel.Business\\IgExcel.Business.csproj
		SccProjectName1 = IGExcel/IgExcel.Business
		SccLocalPath1 = IGExcel\\IgExcel.Business
		SccProjectUniqueName2 = IGExcel\\IgExcel.Infrastructure\\IgExcel.Infrastructure.csproj
		SccProjectName2 = IGExcel/IgExcel.Infrastructure
		SccLocalPath2 = IGExcel\\IgExcel.Infrastructure
		SccProjectUniqueName3 = IGExcel\\IgExcel.Services\\IgExcel.Services.csproj
		SccProjectName3 = IGExcel/IgExcel.Services
		SccLocalPath3 = IGExcel\\IgExcel.Services
		SccLocalPath4 = .
	EndGlobalSection
EndGlobal
